// !$*UTF8*$!
{
	archiveVersion = 1;
	classes = {
	};
	objectVersion = 46;
	objects = {

/* Begin PBXBuildFile section */
		16060EB71AF0456E0099379F /* Orders.swift in Sources */ = {isa = PBXBuildFile; fileRef = 16060EB61AF0456E0099379F /* Orders.swift */; };
		16060EB91AF046040099379F /* OrderDetails.swift in Sources */ = {isa = PBXBuildFile; fileRef = 16060EB81AF046040099379F /* OrderDetails.swift */; };
		16060EBB1AF046EC0099379F /* ProductIngredients.swift in Sources */ = {isa = PBXBuildFile; fileRef = 16060EBA1AF046EC0099379F /* ProductIngredients.swift */; };
		16060EBD1AF0D1AF0099379F /* OrdersTableViewController.swift in Sources */ = {isa = PBXBuildFile; fileRef = 16060EBC1AF0D1AF0099379F /* OrdersTableViewController.swift */; };
		16216E971B000FB700DB6C0B /* NewsBaseTableViewController.swift in Sources */ = {isa = PBXBuildFile; fileRef = 16216E961B000FB700DB6C0B /* NewsBaseTableViewController.swift */; };
		162CE3E81B00E90B009D3C6C /* NewsTableViewCell.xib in Resources */ = {isa = PBXBuildFile; fileRef = 162CE3E71B00E90B009D3C6C /* NewsTableViewCell.xib */; };
		162CE3EA1B0163A0009D3C6C /* FilteredNewsTableViewController.swift in Sources */ = {isa = PBXBuildFile; fileRef = 162CE3E91B0163A0009D3C6C /* FilteredNewsTableViewController.swift */; };
		164BFDC81AC6735E003BF77B /* PressReleases.swift in Sources */ = {isa = PBXBuildFile; fileRef = 164BFDC71AC6735E003BF77B /* PressReleases.swift */; };
		164BFDCB1AC67D9C003BF77B /* DateUtility.swift in Sources */ = {isa = PBXBuildFile; fileRef = 164BFDCA1AC67D9C003BF77B /* DateUtility.swift */; };
		164BFDCD1AC67DF5003BF77B /* StringExtension.swift in Sources */ = {isa = PBXBuildFile; fileRef = 164BFDCC1AC67DF5003BF77B /* StringExtension.swift */; };
		164BFDD11ACF89D1003BF77B /* SeminarsTableViewCell.swift in Sources */ = {isa = PBXBuildFile; fileRef = 164BFDCF1ACF89D1003BF77B /* SeminarsTableViewCell.swift */; };
		164BFDD21ACF89D1003BF77B /* SeminarsTableViewCell.xib in Resources */ = {isa = PBXBuildFile; fileRef = 164BFDD01ACF89D1003BF77B /* SeminarsTableViewCell.xib */; };
		164BFDD41ACFA8CF003BF77B /* StoresTableViewController.swift in Sources */ = {isa = PBXBuildFile; fileRef = 164BFDD31ACFA8CF003BF77B /* StoresTableViewController.swift */; };
		164BFDD61ACFA9FA003BF77B /* StoresBaseTableViewController.swift in Sources */ = {isa = PBXBuildFile; fileRef = 164BFDD51ACFA9FA003BF77B /* StoresBaseTableViewController.swift */; };
		164BFDD81ACFADEC003BF77B /* FilteredStoresTableViewController.swift in Sources */ = {isa = PBXBuildFile; fileRef = 164BFDD71ACFADEC003BF77B /* FilteredStoresTableViewController.swift */; };
		164BFDDA1ACFBEF3003BF77B /* UITableViewControllerExtension.swift in Sources */ = {isa = PBXBuildFile; fileRef = 164BFDD91ACFBEF3003BF77B /* UITableViewControllerExtension.swift */; };
		164BFDE01ACFC8FC003BF77B /* Stores.swift in Sources */ = {isa = PBXBuildFile; fileRef = 164BFDDF1ACFC8FC003BF77B /* Stores.swift */; };
		164BFDE21ACFC9B9003BF77B /* DbContextBase.swift in Sources */ = {isa = PBXBuildFile; fileRef = 164BFDE11ACFC9B9003BF77B /* DbContextBase.swift */; };
		164BFDE41ACFEAC5003BF77B /* Store.swift in Sources */ = {isa = PBXBuildFile; fileRef = 164BFDE31ACFEAC5003BF77B /* Store.swift */; };
		164BFDE71AD021E7003BF77B /* StoresTableViewCell.swift in Sources */ = {isa = PBXBuildFile; fileRef = 164BFDE51AD021E7003BF77B /* StoresTableViewCell.swift */; };
		164BFDE81AD021E7003BF77B /* StoresTableViewCell.xib in Resources */ = {isa = PBXBuildFile; fileRef = 164BFDE61AD021E7003BF77B /* StoresTableViewCell.xib */; };
		164BFDEA1AD02F8F003BF77B /* StoreDetailTableViewController.swift in Sources */ = {isa = PBXBuildFile; fileRef = 164BFDE91AD02F8F003BF77B /* StoreDetailTableViewController.swift */; };
		165F3F7E1AFA26AF00BCF1BB /* TastingLog.swift in Sources */ = {isa = PBXBuildFile; fileRef = 165F3F7D1AFA26AF00BCF1BB /* TastingLog.swift */; };
		165F3F801AFA2D2800BCF1BB /* RecommendationParametersViewController.swift in Sources */ = {isa = PBXBuildFile; fileRef = 165F3F7F1AFA2D2800BCF1BB /* RecommendationParametersViewController.swift */; };
		165F3F821AFA306E00BCF1BB /* RecommendationsTableViewController.swift in Sources */ = {isa = PBXBuildFile; fileRef = 165F3F811AFA306E00BCF1BB /* RecommendationsTableViewController.swift */; };
		165F3F841AFA32E700BCF1BB /* Recommender.swift in Sources */ = {isa = PBXBuildFile; fileRef = 165F3F831AFA32E700BCF1BB /* Recommender.swift */; };
		16757DC21AF60DF200925C50 /* Nutritions.swift in Sources */ = {isa = PBXBuildFile; fileRef = 16757DC11AF60DF200925C50 /* Nutritions.swift */; };
		16757DC41AF60F1200925C50 /* Nutrition.swift in Sources */ = {isa = PBXBuildFile; fileRef = 16757DC31AF60F1200925C50 /* Nutrition.swift */; };
		16757DC61AF6DF1600925C50 /* VisitsTableViewController.swift in Sources */ = {isa = PBXBuildFile; fileRef = 16757DC51AF6DF1600925C50 /* VisitsTableViewController.swift */; };
		16757DC81AF6F2F800925C50 /* MakingCoffeePageViewController.swift in Sources */ = {isa = PBXBuildFile; fileRef = 16757DC71AF6F2F800925C50 /* MakingCoffeePageViewController.swift */; };
		16757DCA1AF6FAF100925C50 /* MakingCoffeeContentsManager.swift in Sources */ = {isa = PBXBuildFile; fileRef = 16757DC91AF6FAF100925C50 /* MakingCoffeeContentsManager.swift */; };
		16757DCC1AF70AAC00925C50 /* MakingCoffeePageContentViewController.swift in Sources */ = {isa = PBXBuildFile; fileRef = 16757DCB1AF70AAC00925C50 /* MakingCoffeePageContentViewController.swift */; };
		16757DCE1AF7166300925C50 /* MakingCoffeeTableViewController.swift in Sources */ = {isa = PBXBuildFile; fileRef = 16757DCD1AF7166300925C50 /* MakingCoffeeTableViewController.swift */; };
		16757DD01AF766EA00925C50 /* ProductsForSaleTableViewController.swift in Sources */ = {isa = PBXBuildFile; fileRef = 16757DCF1AF766EA00925C50 /* ProductsForSaleTableViewController.swift */; };
		16757DD21AF76AEA00925C50 /* ContentsManager.swift in Sources */ = {isa = PBXBuildFile; fileRef = 16757DD11AF76AEA00925C50 /* ContentsManager.swift */; };
		16757DD41AF7891A00925C50 /* Bean.swift in Sources */ = {isa = PBXBuildFile; fileRef = 16757DD31AF7891A00925C50 /* Bean.swift */; };
		16757DD61AF7893A00925C50 /* Beans.swift in Sources */ = {isa = PBXBuildFile; fileRef = 16757DD51AF7893A00925C50 /* Beans.swift */; };
		16757DDA1AF83F0900925C50 /* PairingsTableViewController.swift in Sources */ = {isa = PBXBuildFile; fileRef = 16757DD91AF83F0900925C50 /* PairingsTableViewController.swift */; };
		16757DDC1AF8417800925C50 /* Pairings.swift in Sources */ = {isa = PBXBuildFile; fileRef = 16757DDB1AF8417800925C50 /* Pairings.swift */; };
		16757DDE1AF842F800925C50 /* Pairing.swift in Sources */ = {isa = PBXBuildFile; fileRef = 16757DDD1AF842F800925C50 /* Pairing.swift */; };
		16757DE01AF84D3D00925C50 /* PairingManager.swift in Sources */ = {isa = PBXBuildFile; fileRef = 16757DDF1AF84D3D00925C50 /* PairingManager.swift */; };
		16757DE21AF888AE00925C50 /* OfficialContentsTableViewController.swift in Sources */ = {isa = PBXBuildFile; fileRef = 16757DE11AF888AE00925C50 /* OfficialContentsTableViewController.swift */; };
		16757DE41AF88C5100925C50 /* BaseWKWebViewController.swift in Sources */ = {isa = PBXBuildFile; fileRef = 16757DE31AF88C5100925C50 /* BaseWKWebViewController.swift */; };
		16757DE61AF8D54F00925C50 /* TastingLogsTableViewController.swift in Sources */ = {isa = PBXBuildFile; fileRef = 16757DE51AF8D54F00925C50 /* TastingLogsTableViewController.swift */; };
		16757DEA1AF8E70100925C50 /* TastingLogs.swift in Sources */ = {isa = PBXBuildFile; fileRef = 16757DE91AF8E70100925C50 /* TastingLogs.swift */; };
		16757DEC1AF8F28700925C50 /* TastingLogEditorTableViewController.swift in Sources */ = {isa = PBXBuildFile; fileRef = 16757DEB1AF8F28700925C50 /* TastingLogEditorTableViewController.swift */; };
		16757DEE1AF97CCE00925C50 /* TastingLogEditorTableViewCell.swift in Sources */ = {isa = PBXBuildFile; fileRef = 16757DED1AF97CCE00925C50 /* TastingLogEditorTableViewCell.swift */; };
		1682F7CD1AFB449100FD630D /* TunesTableViewController.swift in Sources */ = {isa = PBXBuildFile; fileRef = 1682F7CC1AFB449100FD630D /* TunesTableViewController.swift */; };
		1682F7CF1AFB48CB00FD630D /* TuneManager.swift in Sources */ = {isa = PBXBuildFile; fileRef = 1682F7CE1AFB48CB00FD630D /* TuneManager.swift */; };
		1682F7D11AFC386800FD630D /* SettingsTableViewController.swift in Sources */ = {isa = PBXBuildFile; fileRef = 1682F7D01AFC386800FD630D /* SettingsTableViewController.swift */; };
		1682F7D31AFC3FBC00FD630D /* SettingsManager.swift in Sources */ = {isa = PBXBuildFile; fileRef = 1682F7D21AFC3FBC00FD630D /* SettingsManager.swift */; };
		1682F7D71AFC791B00FD630D /* ProductsForSaleTableViewCell.swift in Sources */ = {isa = PBXBuildFile; fileRef = 1682F7D61AFC791B00FD630D /* ProductsForSaleTableViewCell.swift */; };
		1682F7D91AFC910300FD630D /* ProductsForSaleListItem.swift in Sources */ = {isa = PBXBuildFile; fileRef = 1682F7D81AFC910300FD630D /* ProductsForSaleListItem.swift */; };
		1682F7DB1AFC9FD800FD630D /* BeansCardTableViewController.swift in Sources */ = {isa = PBXBuildFile; fileRef = 1682F7DA1AFC9FD800FD630D /* BeansCardTableViewController.swift */; };
		1682F7DD1AFCA05600FD630D /* BeansCardManager.swift in Sources */ = {isa = PBXBuildFile; fileRef = 1682F7DC1AFCA05600FD630D /* BeansCardManager.swift */; };
		1682F7E11AFDD58600FD630D /* Tune.swift in Sources */ = {isa = PBXBuildFile; fileRef = 1682F7E01AFDD58600FD630D /* Tune.swift */; };
		1682F7E31AFDD5A200FD630D /* Tunes.swift in Sources */ = {isa = PBXBuildFile; fileRef = 1682F7E21AFDD5A200FD630D /* Tunes.swift */; };
		1682F7E91AFE469100FD630D /* ProductImagesCollectionViewCell.swift in Sources */ = {isa = PBXBuildFile; fileRef = 1682F7E81AFE469100FD630D /* ProductImagesCollectionViewCell.swift */; };
		1682F7EB1AFED9D200FD630D /* ProductImageViewController.swift in Sources */ = {isa = PBXBuildFile; fileRef = 1682F7EA1AFED9D200FD630D /* ProductImageViewController.swift */; };
		1683F0AD1ADBDAD80034C7CB /* OrderTableViewController.swift in Sources */ = {isa = PBXBuildFile; fileRef = 1683F0AC1ADBDAD80034C7CB /* OrderTableViewController.swift */; };
		1683F0AF1ADBDE4E0034C7CB /* OrderListItem.swift in Sources */ = {isa = PBXBuildFile; fileRef = 1683F0AE1ADBDE4E0034C7CB /* OrderListItem.swift */; };
		1683F0B11ADC80270034C7CB /* OrderTableViewCell.swift in Sources */ = {isa = PBXBuildFile; fileRef = 1683F0B01ADC80270034C7CB /* OrderTableViewCell.swift */; };
		1683F0B31ADD321F0034C7CB /* CustomizingOrderTableViewController.swift in Sources */ = {isa = PBXBuildFile; fileRef = 1683F0B21ADD321F0034C7CB /* CustomizingOrderTableViewController.swift */; };
		16A51ADE1B1AE90C001933AB /* OrdersBaseTableViewController.swift in Sources */ = {isa = PBXBuildFile; fileRef = 16A51ADD1B1AE90C001933AB /* OrdersBaseTableViewController.swift */; };
		16A51AE01B1AF5CA001933AB /* FilteredOrdersTableViewController.swift in Sources */ = {isa = PBXBuildFile; fileRef = 16A51ADF1B1AF5CA001933AB /* FilteredOrdersTableViewController.swift */; };
		16A51AE31B1AF738001933AB /* OrdersTableViewCell.swift in Sources */ = {isa = PBXBuildFile; fileRef = 16A51AE11B1AF738001933AB /* OrdersTableViewCell.swift */; };
		16A51AE41B1AF738001933AB /* OrdersTableViewCell.xib in Resources */ = {isa = PBXBuildFile; fileRef = 16A51AE21B1AF738001933AB /* OrdersTableViewCell.xib */; };
		16A51AE61B22CDEE001933AB /* JSONUtility.swift in Sources */ = {isa = PBXBuildFile; fileRef = 16A51AE51B22CDEE001933AB /* JSONUtility.swift */; };
		16A51AE81B22E5B1001933AB /* IdentityContext.swift in Sources */ = {isa = PBXBuildFile; fileRef = 16A51AE71B22E5B1001933AB /* IdentityContext.swift */; };
		16A51AEA1B22ED80001933AB /* SignInViewController.swift in Sources */ = {isa = PBXBuildFile; fileRef = 16A51AE91B22ED80001933AB /* SignInViewController.swift */; };
		16A74F301B081BB80078BCC9 /* TastingLogsBaseTableViewController.swift in Sources */ = {isa = PBXBuildFile; fileRef = 16A74F2F1B081BB80078BCC9 /* TastingLogsBaseTableViewController.swift */; };
		16A74F331B08221D0078BCC9 /* TastingLogsTableViewCell.swift in Sources */ = {isa = PBXBuildFile; fileRef = 16A74F311B08221D0078BCC9 /* TastingLogsTableViewCell.swift */; };
		16A74F341B08221D0078BCC9 /* TastingLogsTableViewCell.xib in Resources */ = {isa = PBXBuildFile; fileRef = 16A74F321B08221D0078BCC9 /* TastingLogsTableViewCell.xib */; };
		16A74F361B08309E0078BCC9 /* FilteredTastingLogsTableViewController.swift in Sources */ = {isa = PBXBuildFile; fileRef = 16A74F351B08309E0078BCC9 /* FilteredTastingLogsTableViewController.swift */; };
		16AD17D51BDC97020073CB97 /* ParseCrashReporting.framework in Frameworks */ = {isa = PBXBuildFile; fileRef = 16AD17D41BDC97020073CB97 /* ParseCrashReporting.framework */; settings = {ASSET_TAGS = (); }; };
		16AD17D71BDC9AF20073CB97 /* libstdc++.6.0.9.dylib in Frameworks */ = {isa = PBXBuildFile; fileRef = 16AD17D61BDC9AF20073CB97 /* libstdc++.6.0.9.dylib */; };
		16AE14101ABD6B1A00370062 /* AppDelegate.swift in Sources */ = {isa = PBXBuildFile; fileRef = 16AE140F1ABD6B1A00370062 /* AppDelegate.swift */; };
		16AE14131ABD6B1A00370062 /* MyPocketSBUX.xcdatamodeld in Sources */ = {isa = PBXBuildFile; fileRef = 16AE14111ABD6B1A00370062 /* MyPocketSBUX.xcdatamodeld */; };
		16AE14181ABD6B1A00370062 /* Main.storyboard in Resources */ = {isa = PBXBuildFile; fileRef = 16AE14161ABD6B1A00370062 /* Main.storyboard */; };
		16AE141A1ABD6B1A00370062 /* Images.xcassets in Resources */ = {isa = PBXBuildFile; fileRef = 16AE14191ABD6B1A00370062 /* Images.xcassets */; };
		16AE141D1ABD6B1A00370062 /* LaunchScreen.xib in Resources */ = {isa = PBXBuildFile; fileRef = 16AE141B1ABD6B1A00370062 /* LaunchScreen.xib */; };
		16AE14291ABD6B1A00370062 /* MyPocketSBUXTests.swift in Sources */ = {isa = PBXBuildFile; fileRef = 16AE14281ABD6B1A00370062 /* MyPocketSBUXTests.swift */; };
		16AE14361ABEDDEE00370062 /* SBUXTableViewController.swift in Sources */ = {isa = PBXBuildFile; fileRef = 16AE14351ABEDDEE00370062 /* SBUXTableViewController.swift */; };
		16AE14381AC2BF7A00370062 /* NewsTableViewController.swift in Sources */ = {isa = PBXBuildFile; fileRef = 16AE14371AC2BF7A00370062 /* NewsTableViewController.swift */; };
		16AE143A1AC65A3700370062 /* SBUXWKWebViewController.swift in Sources */ = {isa = PBXBuildFile; fileRef = 16AE14391AC65A3700370062 /* SBUXWKWebViewController.swift */; };
		16B1F28F1ADAAF1B0026E377 /* ResourceContext.swift in Sources */ = {isa = PBXBuildFile; fileRef = 16B1F28E1ADAAF1B0026E377 /* ResourceContext.swift */; };
		16B6005C1AE756E3000ECB7E /* CustomItemsTableViewController.swift in Sources */ = {isa = PBXBuildFile; fileRef = 16B6005B1AE756E3000ECB7E /* CustomItemsTableViewController.swift */; };
		16B6005F1AE79407000ECB7E /* IngredientManager.swift in Sources */ = {isa = PBXBuildFile; fileRef = 16B6005E1AE79407000ECB7E /* IngredientManager.swift */; };
		16B600611AE7CD8C000ECB7E /* CustomItemsTableViewCell.swift in Sources */ = {isa = PBXBuildFile; fileRef = 16B600601AE7CD8C000ECB7E /* CustomItemsTableViewCell.swift */; };
		16C979D51ACA066A00543120 /* SeminarsTableViewController.swift in Sources */ = {isa = PBXBuildFile; fileRef = 16C979D41ACA066A00543120 /* SeminarsTableViewController.swift */; };
		16C979D71ACD7E2400543120 /* SeminarsBaseTableViewController.swift in Sources */ = {isa = PBXBuildFile; fileRef = 16C979D61ACD7E2400543120 /* SeminarsBaseTableViewController.swift */; };
		16C979D91ACD8EC600543120 /* FilteredSeminarsTableViewController.swift in Sources */ = {isa = PBXBuildFile; fileRef = 16C979D81ACD8EC600543120 /* FilteredSeminarsTableViewController.swift */; };
		16C979DB1AD1F13800543120 /* StoreMapViewController.swift in Sources */ = {isa = PBXBuildFile; fileRef = 16C979DA1AD1F13800543120 /* StoreMapViewController.swift */; };
		16C979E01AD2C88F00543120 /* LocationContext.swift in Sources */ = {isa = PBXBuildFile; fileRef = 16C979DF1AD2C88F00543120 /* LocationContext.swift */; };
		16C979E21AD5E50400543120 /* StoreAnnotation.swift in Sources */ = {isa = PBXBuildFile; fileRef = 16C979E11AD5E50400543120 /* StoreAnnotation.swift */; };
		16CAF78E1AE1E75B00318AE5 /* CustomItemsStaticTableViewController.swift in Sources */ = {isa = PBXBuildFile; fileRef = 16CAF78D1AE1E75B00318AE5 /* CustomItemsStaticTableViewController.swift */; };
		16CAF7901AE28CE000318AE5 /* DrinkOrderTableViewCell.swift in Sources */ = {isa = PBXBuildFile; fileRef = 16CAF78F1AE28CE000318AE5 /* DrinkOrderTableViewCell.swift */; };
		16CAF7941AE2ABA900318AE5 /* FoodOrderTableViewCell.swift in Sources */ = {isa = PBXBuildFile; fileRef = 16CAF7931AE2ABA900318AE5 /* FoodOrderTableViewCell.swift */; };
		16CAF7961AE3757300318AE5 /* CustomizingOrderTableViewCell.swift in Sources */ = {isa = PBXBuildFile; fileRef = 16CAF7951AE3757300318AE5 /* CustomizingOrderTableViewCell.swift */; };
		16D3B3681AF996AF00F5E67B /* DatePickerViewController.swift in Sources */ = {isa = PBXBuildFile; fileRef = 16D3B3671AF996AF00F5E67B /* DatePickerViewController.swift */; };
		16D3B36A1AF9A0F600F5E67B /* TastingLogManager.swift in Sources */ = {isa = PBXBuildFile; fileRef = 16D3B3691AF9A0F600F5E67B /* TastingLogManager.swift */; };
		16D3B36C1AF9F19E00F5E67B /* TextViewController.swift in Sources */ = {isa = PBXBuildFile; fileRef = 16D3B36B1AF9F19E00F5E67B /* TextViewController.swift */; };
		16DF6D461B188EE000BD079A /* Order.swift in Sources */ = {isa = PBXBuildFile; fileRef = 16DF6D451B188EE000BD079A /* Order.swift */; };
		16DF6D481B188EE100BD079A /* OrderDetail.swift in Sources */ = {isa = PBXBuildFile; fileRef = 16DF6D471B188EE100BD079A /* OrderDetail.swift */; };
		16DF6D4A1B188EE100BD079A /* ProductIngredient.swift in Sources */ = {isa = PBXBuildFile; fileRef = 16DF6D491B188EE100BD079A /* ProductIngredient.swift */; };
		16DF6D4C1B1FBC1200BD079A /* AccountSettingsViewController.swift in Sources */ = {isa = PBXBuildFile; fileRef = 16DF6D4B1B1FBC1200BD079A /* AccountSettingsViewController.swift */; };
		16DF6D4E1B21C36F00BD079A /* AccountManager.swift in Sources */ = {isa = PBXBuildFile; fileRef = 16DF6D4D1B21C36F00BD079A /* AccountManager.swift */; };
		16E442CB1AD8EE7A003C3AA2 /* NewsTableViewCell.swift in Sources */ = {isa = PBXBuildFile; fileRef = 16E442CA1AD8EE7A003C3AA2 /* NewsTableViewCell.swift */; };
		16E442CD1AD90314003C3AA2 /* PressRelease.swift in Sources */ = {isa = PBXBuildFile; fileRef = 16E442CC1AD90314003C3AA2 /* PressRelease.swift */; };
		16E50E421B04C57E00554229 /* Seminars.swift in Sources */ = {isa = PBXBuildFile; fileRef = 16E50E411B04C57E00554229 /* Seminars.swift */; };
		16E50E441B04C65800554229 /* Seminar.swift in Sources */ = {isa = PBXBuildFile; fileRef = 16E50E431B04C65800554229 /* Seminar.swift */; };
		16EDCA011B11498F00FB71B1 /* SyncRequest.swift in Sources */ = {isa = PBXBuildFile; fileRef = 16EDCA001B11498F00FB71B1 /* SyncRequest.swift */; };
		16EDCA031B1149E000FB71B1 /* SyncRequests.swift in Sources */ = {isa = PBXBuildFile; fileRef = 16EDCA021B1149E000FB71B1 /* SyncRequests.swift */; };
		16F21E3F1AD9F1D20052AD2A /* MenuTableViewController.swift in Sources */ = {isa = PBXBuildFile; fileRef = 16F21E3E1AD9F1D20052AD2A /* MenuTableViewController.swift */; };
		16F21E421AD9F50A0052AD2A /* MenuSectionItem.swift in Sources */ = {isa = PBXBuildFile; fileRef = 16F21E411AD9F50A0052AD2A /* MenuSectionItem.swift */; };
		16F21E441AD9F7DA0052AD2A /* MenuListItem.swift in Sources */ = {isa = PBXBuildFile; fileRef = 16F21E431AD9F7DA0052AD2A /* MenuListItem.swift */; };
		16F21E461AD9F9FD0052AD2A /* ProductDetailTableViewController.swift in Sources */ = {isa = PBXBuildFile; fileRef = 16F21E451AD9F9FD0052AD2A /* ProductDetailTableViewController.swift */; };
		16F21E481ADA08430052AD2A /* Drink.swift in Sources */ = {isa = PBXBuildFile; fileRef = 16F21E471ADA08430052AD2A /* Drink.swift */; };
		16F21E4A1ADA0A6C0052AD2A /* Food.swift in Sources */ = {isa = PBXBuildFile; fileRef = 16F21E491ADA0A6C0052AD2A /* Food.swift */; };
		16F21E4C1ADA0B930052AD2A /* Foods.swift in Sources */ = {isa = PBXBuildFile; fileRef = 16F21E4B1ADA0B930052AD2A /* Foods.swift */; };
		16F21E4E1ADA2B7C0052AD2A /* DrinkMenuListItem.swift in Sources */ = {isa = PBXBuildFile; fileRef = 16F21E4D1ADA2B7C0052AD2A /* DrinkMenuListItem.swift */; };
		16F21E501ADA2FE20052AD2A /* MenuListItemTableViewCell.swift in Sources */ = {isa = PBXBuildFile; fileRef = 16F21E4F1ADA2FE20052AD2A /* MenuListItemTableViewCell.swift */; };
		16F21E521ADA30A30052AD2A /* DrinkMenuListItemTableViewCell.swift in Sources */ = {isa = PBXBuildFile; fileRef = 16F21E511ADA30A30052AD2A /* DrinkMenuListItemTableViewCell.swift */; };
		16F21E541ADA34FE0052AD2A /* Drinks.swift in Sources */ = {isa = PBXBuildFile; fileRef = 16F21E531ADA34FE0052AD2A /* Drinks.swift */; };
		16F21E561ADA39AE0052AD2A /* FoodMenuListItem.swift in Sources */ = {isa = PBXBuildFile; fileRef = 16F21E551ADA39AE0052AD2A /* FoodMenuListItem.swift */; };
		16F21E581ADA45360052AD2A /* FoodMenuListItemTableViewCell.swift in Sources */ = {isa = PBXBuildFile; fileRef = 16F21E571ADA45360052AD2A /* FoodMenuListItemTableViewCell.swift */; };
		16F21E5A1ADA45AA0052AD2A /* OrderMenuListItemTableViewCell.swift in Sources */ = {isa = PBXBuildFile; fileRef = 16F21E591ADA45AA0052AD2A /* OrderMenuListItemTableViewCell.swift */; };
		16F6B0C51AEB9358007F7E51 /* PriceCalculator.swift in Sources */ = {isa = PBXBuildFile; fileRef = 16F6B0C41AEB9358007F7E51 /* PriceCalculator.swift */; };
		16F6B0C71AECBC06007F7E51 /* OrderConfirmationTableViewController.swift in Sources */ = {isa = PBXBuildFile; fileRef = 16F6B0C61AECBC06007F7E51 /* OrderConfirmationTableViewController.swift */; };
		16F6B0C91AECF39C007F7E51 /* OrderManager.swift in Sources */ = {isa = PBXBuildFile; fileRef = 16F6B0C81AECF39C007F7E51 /* OrderManager.swift */; };
		16F9227A1BB223AD0000B26E /* Accounts.framework in Frameworks */ = {isa = PBXBuildFile; fileRef = 16F922701BB223AD0000B26E /* Accounts.framework */; };
		16F9227B1BB223AD0000B26E /* AudioToolbox.framework in Frameworks */ = {isa = PBXBuildFile; fileRef = 16F922711BB223AD0000B26E /* AudioToolbox.framework */; };
		16F9227C1BB223AD0000B26E /* CFNetwork.framework in Frameworks */ = {isa = PBXBuildFile; fileRef = 16F922721BB223AD0000B26E /* CFNetwork.framework */; };
		16F9227D1BB223AD0000B26E /* CoreGraphics.framework in Frameworks */ = {isa = PBXBuildFile; fileRef = 16F922731BB223AD0000B26E /* CoreGraphics.framework */; };
		16F9227E1BB223AD0000B26E /* CoreLocation.framework in Frameworks */ = {isa = PBXBuildFile; fileRef = 16F922741BB223AD0000B26E /* CoreLocation.framework */; };
		16F9227F1BB223AD0000B26E /* QuartzCore.framework in Frameworks */ = {isa = PBXBuildFile; fileRef = 16F922751BB223AD0000B26E /* QuartzCore.framework */; };
		16F922801BB223AD0000B26E /* Security.framework in Frameworks */ = {isa = PBXBuildFile; fileRef = 16F922761BB223AD0000B26E /* Security.framework */; };
		16F922811BB223AD0000B26E /* Social.framework in Frameworks */ = {isa = PBXBuildFile; fileRef = 16F922771BB223AD0000B26E /* Social.framework */; };
		16F922821BB223AD0000B26E /* StoreKit.framework in Frameworks */ = {isa = PBXBuildFile; fileRef = 16F922781BB223AD0000B26E /* StoreKit.framework */; };
		16F922831BB223AD0000B26E /* SystemConfiguration.framework in Frameworks */ = {isa = PBXBuildFile; fileRef = 16F922791BB223AD0000B26E /* SystemConfiguration.framework */; };
		16F922861BB223EF0000B26E /* libsqlite3.dylib in Frameworks */ = {isa = PBXBuildFile; fileRef = 16F922841BB223EF0000B26E /* libsqlite3.dylib */; };
		16F922871BB223EF0000B26E /* libz.1.dylib in Frameworks */ = {isa = PBXBuildFile; fileRef = 16F922851BB223EF0000B26E /* libz.1.dylib */; };
		16F9228E1BB224C30000B26E /* Bolts.framework in Frameworks */ = {isa = PBXBuildFile; fileRef = 16F9228B1BB224C30000B26E /* Bolts.framework */; settings = {ASSET_TAGS = (); }; };
		16F9228F1BB224C30000B26E /* Parse.framework in Frameworks */ = {isa = PBXBuildFile; fileRef = 16F9228C1BB224C30000B26E /* Parse.framework */; settings = {ASSET_TAGS = (); }; };
		16F922901BB224C30000B26E /* ParseUI.framework in Frameworks */ = {isa = PBXBuildFile; fileRef = 16F9228D1BB224C30000B26E /* ParseUI.framework */; settings = {ASSET_TAGS = (); }; };
		16F922931BB22CD20000B26E /* ParseAccountManager.swift in Sources */ = {isa = PBXBuildFile; fileRef = 16F922921BB22CD20000B26E /* ParseAccountManager.swift */; settings = {ASSET_TAGS = (); }; };
		16F922961BB22F060000B26E /* BaseFactory.swift in Sources */ = {isa = PBXBuildFile; fileRef = 16F922951BB22F060000B26E /* BaseFactory.swift */; settings = {ASSET_TAGS = (); }; };
		16F922981BB234D20000B26E /* ParseFactory.swift in Sources */ = {isa = PBXBuildFile; fileRef = 16F922971BB234D20000B26E /* ParseFactory.swift */; settings = {ASSET_TAGS = (); }; };
		16F9229A1BB250810000B26E /* ParseAppDelegete.swift in Sources */ = {isa = PBXBuildFile; fileRef = 16F922991BB250810000B26E /* ParseAppDelegete.swift */; settings = {ASSET_TAGS = (); }; };
		16F9229C1BB268440000B26E /* PressReleaseManager.swift in Sources */ = {isa = PBXBuildFile; fileRef = 16F9229B1BB268440000B26E /* PressReleaseManager.swift */; settings = {ASSET_TAGS = (); }; };
		16F9229E1BB2894D0000B26E /* ParsePressReleaseManager.swift in Sources */ = {isa = PBXBuildFile; fileRef = 16F9229D1BB2894D0000B26E /* ParsePressReleaseManager.swift */; settings = {ASSET_TAGS = (); }; };
		16F922A01BB2B48A0000B26E /* StoreManager.swift in Sources */ = {isa = PBXBuildFile; fileRef = 16F9229F1BB2B48A0000B26E /* StoreManager.swift */; settings = {ASSET_TAGS = (); }; };
		16F922A21BB2BD4E0000B26E /* ParseStoreManager.swift in Sources */ = {isa = PBXBuildFile; fileRef = 16F922A11BB2BD4E0000B26E /* ParseStoreManager.swift */; settings = {ASSET_TAGS = (); }; };
		16F922A41BB66C2D0000B26E /* ParseContentsManager.swift in Sources */ = {isa = PBXBuildFile; fileRef = 16F922A31BB66C2D0000B26E /* ParseContentsManager.swift */; settings = {ASSET_TAGS = (); }; };
		16F922A61BB6B0670000B26E /* MenuManager.swift in Sources */ = {isa = PBXBuildFile; fileRef = 16F922A51BB6B0670000B26E /* MenuManager.swift */; settings = {ASSET_TAGS = (); }; };
		16F922A81BB6BAF10000B26E /* ParseMenuManager.swift in Sources */ = {isa = PBXBuildFile; fileRef = 16F922A71BB6BAF10000B26E /* ParseMenuManager.swift */; settings = {ASSET_TAGS = (); }; };
		16F922AA1BB7B2FD0000B26E /* ParseOrderManager.swift in Sources */ = {isa = PBXBuildFile; fileRef = 16F922A91BB7B2FD0000B26E /* ParseOrderManager.swift */; settings = {ASSET_TAGS = (); }; };
/* End PBXBuildFile section */

/* Begin PBXContainerItemProxy section */
		16AE14231ABD6B1A00370062 /* PBXContainerItemProxy */ = {
			isa = PBXContainerItemProxy;
			containerPortal = 16AE14021ABD6B1900370062 /* Project object */;
			proxyType = 1;
			remoteGlobalIDString = 16AE14091ABD6B1900370062;
			remoteInfo = MyPocketSBUX;
		};
/* End PBXContainerItemProxy section */

/* Begin PBXFileReference section */
		16060EB61AF0456E0099379F /* Orders.swift */ = {isa = PBXFileReference; fileEncoding = 4; lastKnownFileType = sourcecode.swift; path = Orders.swift; sourceTree = "<group>"; };
		16060EB81AF046040099379F /* OrderDetails.swift */ = {isa = PBXFileReference; fileEncoding = 4; lastKnownFileType = sourcecode.swift; path = OrderDetails.swift; sourceTree = "<group>"; };
		16060EBA1AF046EC0099379F /* ProductIngredients.swift */ = {isa = PBXFileReference; fileEncoding = 4; lastKnownFileType = sourcecode.swift; path = ProductIngredients.swift; sourceTree = "<group>"; };
		16060EBC1AF0D1AF0099379F /* OrdersTableViewController.swift */ = {isa = PBXFileReference; fileEncoding = 4; lastKnownFileType = sourcecode.swift; path = OrdersTableViewController.swift; sourceTree = "<group>"; };
		16216E961B000FB700DB6C0B /* NewsBaseTableViewController.swift */ = {isa = PBXFileReference; fileEncoding = 4; lastKnownFileType = sourcecode.swift; path = NewsBaseTableViewController.swift; sourceTree = "<group>"; };
		162CE3E71B00E90B009D3C6C /* NewsTableViewCell.xib */ = {isa = PBXFileReference; fileEncoding = 4; lastKnownFileType = file.xib; path = NewsTableViewCell.xib; sourceTree = "<group>"; };
		162CE3E91B0163A0009D3C6C /* FilteredNewsTableViewController.swift */ = {isa = PBXFileReference; fileEncoding = 4; lastKnownFileType = sourcecode.swift; path = FilteredNewsTableViewController.swift; sourceTree = "<group>"; };
		164BFDC71AC6735E003BF77B /* PressReleases.swift */ = {isa = PBXFileReference; fileEncoding = 4; lastKnownFileType = sourcecode.swift; path = PressReleases.swift; sourceTree = "<group>"; };
		164BFDCA1AC67D9C003BF77B /* DateUtility.swift */ = {isa = PBXFileReference; fileEncoding = 4; lastKnownFileType = sourcecode.swift; path = DateUtility.swift; sourceTree = "<group>"; };
		164BFDCC1AC67DF5003BF77B /* StringExtension.swift */ = {isa = PBXFileReference; fileEncoding = 4; lastKnownFileType = sourcecode.swift; path = StringExtension.swift; sourceTree = "<group>"; };
		164BFDCF1ACF89D1003BF77B /* SeminarsTableViewCell.swift */ = {isa = PBXFileReference; fileEncoding = 4; lastKnownFileType = sourcecode.swift; path = SeminarsTableViewCell.swift; sourceTree = "<group>"; };
		164BFDD01ACF89D1003BF77B /* SeminarsTableViewCell.xib */ = {isa = PBXFileReference; fileEncoding = 4; lastKnownFileType = file.xib; path = SeminarsTableViewCell.xib; sourceTree = "<group>"; };
		164BFDD31ACFA8CF003BF77B /* StoresTableViewController.swift */ = {isa = PBXFileReference; fileEncoding = 4; lastKnownFileType = sourcecode.swift; path = StoresTableViewController.swift; sourceTree = "<group>"; };
		164BFDD51ACFA9FA003BF77B /* StoresBaseTableViewController.swift */ = {isa = PBXFileReference; fileEncoding = 4; lastKnownFileType = sourcecode.swift; path = StoresBaseTableViewController.swift; sourceTree = "<group>"; };
		164BFDD71ACFADEC003BF77B /* FilteredStoresTableViewController.swift */ = {isa = PBXFileReference; fileEncoding = 4; lastKnownFileType = sourcecode.swift; path = FilteredStoresTableViewController.swift; sourceTree = "<group>"; };
		164BFDD91ACFBEF3003BF77B /* UITableViewControllerExtension.swift */ = {isa = PBXFileReference; fileEncoding = 4; lastKnownFileType = sourcecode.swift; path = UITableViewControllerExtension.swift; sourceTree = "<group>"; };
		164BFDDF1ACFC8FC003BF77B /* Stores.swift */ = {isa = PBXFileReference; fileEncoding = 4; lastKnownFileType = sourcecode.swift; path = Stores.swift; sourceTree = "<group>"; };
		164BFDE11ACFC9B9003BF77B /* DbContextBase.swift */ = {isa = PBXFileReference; fileEncoding = 4; lastKnownFileType = sourcecode.swift; path = DbContextBase.swift; sourceTree = "<group>"; };
		164BFDE31ACFEAC5003BF77B /* Store.swift */ = {isa = PBXFileReference; fileEncoding = 4; lastKnownFileType = sourcecode.swift; path = Store.swift; sourceTree = "<group>"; };
		164BFDE51AD021E7003BF77B /* StoresTableViewCell.swift */ = {isa = PBXFileReference; fileEncoding = 4; lastKnownFileType = sourcecode.swift; path = StoresTableViewCell.swift; sourceTree = "<group>"; };
		164BFDE61AD021E7003BF77B /* StoresTableViewCell.xib */ = {isa = PBXFileReference; fileEncoding = 4; lastKnownFileType = file.xib; path = StoresTableViewCell.xib; sourceTree = "<group>"; };
		164BFDE91AD02F8F003BF77B /* StoreDetailTableViewController.swift */ = {isa = PBXFileReference; fileEncoding = 4; lastKnownFileType = sourcecode.swift; path = StoreDetailTableViewController.swift; sourceTree = "<group>"; };
		165F3F7D1AFA26AF00BCF1BB /* TastingLog.swift */ = {isa = PBXFileReference; fileEncoding = 4; lastKnownFileType = sourcecode.swift; path = TastingLog.swift; sourceTree = "<group>"; };
		165F3F7F1AFA2D2800BCF1BB /* RecommendationParametersViewController.swift */ = {isa = PBXFileReference; fileEncoding = 4; lastKnownFileType = sourcecode.swift; path = RecommendationParametersViewController.swift; sourceTree = "<group>"; };
		165F3F811AFA306E00BCF1BB /* RecommendationsTableViewController.swift */ = {isa = PBXFileReference; fileEncoding = 4; lastKnownFileType = sourcecode.swift; path = RecommendationsTableViewController.swift; sourceTree = "<group>"; };
		165F3F831AFA32E700BCF1BB /* Recommender.swift */ = {isa = PBXFileReference; fileEncoding = 4; lastKnownFileType = sourcecode.swift; path = Recommender.swift; sourceTree = "<group>"; };
		16757DC11AF60DF200925C50 /* Nutritions.swift */ = {isa = PBXFileReference; fileEncoding = 4; lastKnownFileType = sourcecode.swift; path = Nutritions.swift; sourceTree = "<group>"; };
		16757DC31AF60F1200925C50 /* Nutrition.swift */ = {isa = PBXFileReference; fileEncoding = 4; lastKnownFileType = sourcecode.swift; path = Nutrition.swift; sourceTree = "<group>"; };
		16757DC51AF6DF1600925C50 /* VisitsTableViewController.swift */ = {isa = PBXFileReference; fileEncoding = 4; lastKnownFileType = sourcecode.swift; path = VisitsTableViewController.swift; sourceTree = "<group>"; };
		16757DC71AF6F2F800925C50 /* MakingCoffeePageViewController.swift */ = {isa = PBXFileReference; fileEncoding = 4; lastKnownFileType = sourcecode.swift; path = MakingCoffeePageViewController.swift; sourceTree = "<group>"; };
		16757DC91AF6FAF100925C50 /* MakingCoffeeContentsManager.swift */ = {isa = PBXFileReference; fileEncoding = 4; lastKnownFileType = sourcecode.swift; path = MakingCoffeeContentsManager.swift; sourceTree = "<group>"; };
		16757DCB1AF70AAC00925C50 /* MakingCoffeePageContentViewController.swift */ = {isa = PBXFileReference; fileEncoding = 4; lastKnownFileType = sourcecode.swift; path = MakingCoffeePageContentViewController.swift; sourceTree = "<group>"; };
		16757DCD1AF7166300925C50 /* MakingCoffeeTableViewController.swift */ = {isa = PBXFileReference; fileEncoding = 4; lastKnownFileType = sourcecode.swift; path = MakingCoffeeTableViewController.swift; sourceTree = "<group>"; };
		16757DCF1AF766EA00925C50 /* ProductsForSaleTableViewController.swift */ = {isa = PBXFileReference; fileEncoding = 4; lastKnownFileType = sourcecode.swift; path = ProductsForSaleTableViewController.swift; sourceTree = "<group>"; };
		16757DD11AF76AEA00925C50 /* ContentsManager.swift */ = {isa = PBXFileReference; fileEncoding = 4; lastKnownFileType = sourcecode.swift; path = ContentsManager.swift; sourceTree = "<group>"; };
		16757DD31AF7891A00925C50 /* Bean.swift */ = {isa = PBXFileReference; fileEncoding = 4; lastKnownFileType = sourcecode.swift; path = Bean.swift; sourceTree = "<group>"; };
		16757DD51AF7893A00925C50 /* Beans.swift */ = {isa = PBXFileReference; fileEncoding = 4; lastKnownFileType = sourcecode.swift; path = Beans.swift; sourceTree = "<group>"; };
		16757DD91AF83F0900925C50 /* PairingsTableViewController.swift */ = {isa = PBXFileReference; fileEncoding = 4; lastKnownFileType = sourcecode.swift; path = PairingsTableViewController.swift; sourceTree = "<group>"; };
		16757DDB1AF8417800925C50 /* Pairings.swift */ = {isa = PBXFileReference; fileEncoding = 4; lastKnownFileType = sourcecode.swift; path = Pairings.swift; sourceTree = "<group>"; };
		16757DDD1AF842F800925C50 /* Pairing.swift */ = {isa = PBXFileReference; fileEncoding = 4; lastKnownFileType = sourcecode.swift; path = Pairing.swift; sourceTree = "<group>"; };
		16757DDF1AF84D3D00925C50 /* PairingManager.swift */ = {isa = PBXFileReference; fileEncoding = 4; lastKnownFileType = sourcecode.swift; path = PairingManager.swift; sourceTree = "<group>"; };
		16757DE11AF888AE00925C50 /* OfficialContentsTableViewController.swift */ = {isa = PBXFileReference; fileEncoding = 4; lastKnownFileType = sourcecode.swift; path = OfficialContentsTableViewController.swift; sourceTree = "<group>"; };
		16757DE31AF88C5100925C50 /* BaseWKWebViewController.swift */ = {isa = PBXFileReference; fileEncoding = 4; lastKnownFileType = sourcecode.swift; path = BaseWKWebViewController.swift; sourceTree = "<group>"; };
		16757DE51AF8D54F00925C50 /* TastingLogsTableViewController.swift */ = {isa = PBXFileReference; fileEncoding = 4; lastKnownFileType = sourcecode.swift; path = TastingLogsTableViewController.swift; sourceTree = "<group>"; };
		16757DE91AF8E70100925C50 /* TastingLogs.swift */ = {isa = PBXFileReference; fileEncoding = 4; lastKnownFileType = sourcecode.swift; path = TastingLogs.swift; sourceTree = "<group>"; };
		16757DEB1AF8F28700925C50 /* TastingLogEditorTableViewController.swift */ = {isa = PBXFileReference; fileEncoding = 4; lastKnownFileType = sourcecode.swift; path = TastingLogEditorTableViewController.swift; sourceTree = "<group>"; };
		16757DED1AF97CCE00925C50 /* TastingLogEditorTableViewCell.swift */ = {isa = PBXFileReference; fileEncoding = 4; lastKnownFileType = sourcecode.swift; path = TastingLogEditorTableViewCell.swift; sourceTree = "<group>"; };
		1682F7CC1AFB449100FD630D /* TunesTableViewController.swift */ = {isa = PBXFileReference; fileEncoding = 4; lastKnownFileType = sourcecode.swift; path = TunesTableViewController.swift; sourceTree = "<group>"; };
		1682F7CE1AFB48CB00FD630D /* TuneManager.swift */ = {isa = PBXFileReference; fileEncoding = 4; lastKnownFileType = sourcecode.swift; path = TuneManager.swift; sourceTree = "<group>"; };
		1682F7D01AFC386800FD630D /* SettingsTableViewController.swift */ = {isa = PBXFileReference; fileEncoding = 4; lastKnownFileType = sourcecode.swift; path = SettingsTableViewController.swift; sourceTree = "<group>"; };
		1682F7D21AFC3FBC00FD630D /* SettingsManager.swift */ = {isa = PBXFileReference; fileEncoding = 4; lastKnownFileType = sourcecode.swift; path = SettingsManager.swift; sourceTree = "<group>"; };
		1682F7D61AFC791B00FD630D /* ProductsForSaleTableViewCell.swift */ = {isa = PBXFileReference; fileEncoding = 4; lastKnownFileType = sourcecode.swift; path = ProductsForSaleTableViewCell.swift; sourceTree = "<group>"; };
		1682F7D81AFC910300FD630D /* ProductsForSaleListItem.swift */ = {isa = PBXFileReference; fileEncoding = 4; lastKnownFileType = sourcecode.swift; path = ProductsForSaleListItem.swift; sourceTree = "<group>"; };
		1682F7DA1AFC9FD800FD630D /* BeansCardTableViewController.swift */ = {isa = PBXFileReference; fileEncoding = 4; lastKnownFileType = sourcecode.swift; path = BeansCardTableViewController.swift; sourceTree = "<group>"; };
		1682F7DC1AFCA05600FD630D /* BeansCardManager.swift */ = {isa = PBXFileReference; fileEncoding = 4; lastKnownFileType = sourcecode.swift; path = BeansCardManager.swift; sourceTree = "<group>"; };
		1682F7E01AFDD58600FD630D /* Tune.swift */ = {isa = PBXFileReference; fileEncoding = 4; lastKnownFileType = sourcecode.swift; path = Tune.swift; sourceTree = "<group>"; };
		1682F7E21AFDD5A200FD630D /* Tunes.swift */ = {isa = PBXFileReference; fileEncoding = 4; lastKnownFileType = sourcecode.swift; path = Tunes.swift; sourceTree = "<group>"; };
		1682F7E81AFE469100FD630D /* ProductImagesCollectionViewCell.swift */ = {isa = PBXFileReference; fileEncoding = 4; lastKnownFileType = sourcecode.swift; path = ProductImagesCollectionViewCell.swift; sourceTree = "<group>"; };
		1682F7EA1AFED9D200FD630D /* ProductImageViewController.swift */ = {isa = PBXFileReference; fileEncoding = 4; lastKnownFileType = sourcecode.swift; path = ProductImageViewController.swift; sourceTree = "<group>"; };
		1683F0AC1ADBDAD80034C7CB /* OrderTableViewController.swift */ = {isa = PBXFileReference; fileEncoding = 4; lastKnownFileType = sourcecode.swift; path = OrderTableViewController.swift; sourceTree = "<group>"; };
		1683F0AE1ADBDE4E0034C7CB /* OrderListItem.swift */ = {isa = PBXFileReference; fileEncoding = 4; lastKnownFileType = sourcecode.swift; path = OrderListItem.swift; sourceTree = "<group>"; };
		1683F0B01ADC80270034C7CB /* OrderTableViewCell.swift */ = {isa = PBXFileReference; fileEncoding = 4; lastKnownFileType = sourcecode.swift; path = OrderTableViewCell.swift; sourceTree = "<group>"; };
		1683F0B21ADD321F0034C7CB /* CustomizingOrderTableViewController.swift */ = {isa = PBXFileReference; fileEncoding = 4; lastKnownFileType = sourcecode.swift; path = CustomizingOrderTableViewController.swift; sourceTree = "<group>"; };
		16A51ADD1B1AE90C001933AB /* OrdersBaseTableViewController.swift */ = {isa = PBXFileReference; fileEncoding = 4; lastKnownFileType = sourcecode.swift; path = OrdersBaseTableViewController.swift; sourceTree = "<group>"; };
		16A51ADF1B1AF5CA001933AB /* FilteredOrdersTableViewController.swift */ = {isa = PBXFileReference; fileEncoding = 4; lastKnownFileType = sourcecode.swift; path = FilteredOrdersTableViewController.swift; sourceTree = "<group>"; };
		16A51AE11B1AF738001933AB /* OrdersTableViewCell.swift */ = {isa = PBXFileReference; fileEncoding = 4; lastKnownFileType = sourcecode.swift; path = OrdersTableViewCell.swift; sourceTree = "<group>"; };
		16A51AE21B1AF738001933AB /* OrdersTableViewCell.xib */ = {isa = PBXFileReference; fileEncoding = 4; lastKnownFileType = file.xib; path = OrdersTableViewCell.xib; sourceTree = "<group>"; };
		16A51AE51B22CDEE001933AB /* JSONUtility.swift */ = {isa = PBXFileReference; fileEncoding = 4; lastKnownFileType = sourcecode.swift; path = JSONUtility.swift; sourceTree = "<group>"; };
		16A51AE71B22E5B1001933AB /* IdentityContext.swift */ = {isa = PBXFileReference; fileEncoding = 4; lastKnownFileType = sourcecode.swift; path = IdentityContext.swift; sourceTree = "<group>"; };
		16A51AE91B22ED80001933AB /* SignInViewController.swift */ = {isa = PBXFileReference; fileEncoding = 4; lastKnownFileType = sourcecode.swift; path = SignInViewController.swift; sourceTree = "<group>"; };
		16A74F2F1B081BB80078BCC9 /* TastingLogsBaseTableViewController.swift */ = {isa = PBXFileReference; fileEncoding = 4; lastKnownFileType = sourcecode.swift; path = TastingLogsBaseTableViewController.swift; sourceTree = "<group>"; };
		16A74F311B08221D0078BCC9 /* TastingLogsTableViewCell.swift */ = {isa = PBXFileReference; fileEncoding = 4; lastKnownFileType = sourcecode.swift; path = TastingLogsTableViewCell.swift; sourceTree = "<group>"; };
		16A74F321B08221D0078BCC9 /* TastingLogsTableViewCell.xib */ = {isa = PBXFileReference; fileEncoding = 4; lastKnownFileType = file.xib; path = TastingLogsTableViewCell.xib; sourceTree = "<group>"; };
		16A74F351B08309E0078BCC9 /* FilteredTastingLogsTableViewController.swift */ = {isa = PBXFileReference; fileEncoding = 4; lastKnownFileType = sourcecode.swift; path = FilteredTastingLogsTableViewController.swift; sourceTree = "<group>"; };
		16AD17D41BDC97020073CB97 /* ParseCrashReporting.framework */ = {isa = PBXFileReference; lastKnownFileType = wrapper.framework; path = ParseCrashReporting.framework; sourceTree = "<group>"; };
		16AD17D61BDC9AF20073CB97 /* libstdc++.6.0.9.dylib */ = {isa = PBXFileReference; lastKnownFileType = "compiled.mach-o.dylib"; name = "libstdc++.6.0.9.dylib"; path = "../../../../../../../usr/lib/libstdc++.6.0.9.dylib"; sourceTree = "<group>"; };
		16AE140A1ABD6B1900370062 /* MyPocketSBUX.app */ = {isa = PBXFileReference; explicitFileType = wrapper.application; includeInIndex = 0; path = MyPocketSBUX.app; sourceTree = BUILT_PRODUCTS_DIR; };
		16AE140E1ABD6B1A00370062 /* Info.plist */ = {isa = PBXFileReference; lastKnownFileType = text.plist.xml; path = Info.plist; sourceTree = "<group>"; };
		16AE140F1ABD6B1A00370062 /* AppDelegate.swift */ = {isa = PBXFileReference; lastKnownFileType = sourcecode.swift; path = AppDelegate.swift; sourceTree = "<group>"; };
		16AE14121ABD6B1A00370062 /* MyPocketSBUX.xcdatamodel */ = {isa = PBXFileReference; lastKnownFileType = wrapper.xcdatamodel; path = MyPocketSBUX.xcdatamodel; sourceTree = "<group>"; };
		16AE14171ABD6B1A00370062 /* Base */ = {isa = PBXFileReference; lastKnownFileType = file.storyboard; name = Base; path = Base.lproj/Main.storyboard; sourceTree = "<group>"; };
		16AE14191ABD6B1A00370062 /* Images.xcassets */ = {isa = PBXFileReference; lastKnownFileType = folder.assetcatalog; path = Images.xcassets; sourceTree = "<group>"; };
		16AE141C1ABD6B1A00370062 /* Base */ = {isa = PBXFileReference; lastKnownFileType = file.xib; name = Base; path = Base.lproj/LaunchScreen.xib; sourceTree = "<group>"; };
		16AE14221ABD6B1A00370062 /* MyPocketSBUXTests.xctest */ = {isa = PBXFileReference; explicitFileType = wrapper.cfbundle; includeInIndex = 0; path = MyPocketSBUXTests.xctest; sourceTree = BUILT_PRODUCTS_DIR; };
		16AE14271ABD6B1A00370062 /* Info.plist */ = {isa = PBXFileReference; lastKnownFileType = text.plist.xml; path = Info.plist; sourceTree = "<group>"; };
		16AE14281ABD6B1A00370062 /* MyPocketSBUXTests.swift */ = {isa = PBXFileReference; lastKnownFileType = sourcecode.swift; path = MyPocketSBUXTests.swift; sourceTree = "<group>"; };
		16AE14351ABEDDEE00370062 /* SBUXTableViewController.swift */ = {isa = PBXFileReference; fileEncoding = 4; lastKnownFileType = sourcecode.swift; path = SBUXTableViewController.swift; sourceTree = "<group>"; };
		16AE14371AC2BF7A00370062 /* NewsTableViewController.swift */ = {isa = PBXFileReference; fileEncoding = 4; lastKnownFileType = sourcecode.swift; path = NewsTableViewController.swift; sourceTree = "<group>"; };
		16AE14391AC65A3700370062 /* SBUXWKWebViewController.swift */ = {isa = PBXFileReference; fileEncoding = 4; lastKnownFileType = sourcecode.swift; path = SBUXWKWebViewController.swift; sourceTree = "<group>"; };
		16B1F28E1ADAAF1B0026E377 /* ResourceContext.swift */ = {isa = PBXFileReference; fileEncoding = 4; lastKnownFileType = sourcecode.swift; path = ResourceContext.swift; sourceTree = "<group>"; };
		16B6005B1AE756E3000ECB7E /* CustomItemsTableViewController.swift */ = {isa = PBXFileReference; fileEncoding = 4; lastKnownFileType = sourcecode.swift; path = CustomItemsTableViewController.swift; sourceTree = "<group>"; };
		16B6005E1AE79407000ECB7E /* IngredientManager.swift */ = {isa = PBXFileReference; fileEncoding = 4; lastKnownFileType = sourcecode.swift; path = IngredientManager.swift; sourceTree = "<group>"; };
		16B600601AE7CD8C000ECB7E /* CustomItemsTableViewCell.swift */ = {isa = PBXFileReference; fileEncoding = 4; lastKnownFileType = sourcecode.swift; path = CustomItemsTableViewCell.swift; sourceTree = "<group>"; };
		16C979D41ACA066A00543120 /* SeminarsTableViewController.swift */ = {isa = PBXFileReference; fileEncoding = 4; lastKnownFileType = sourcecode.swift; path = SeminarsTableViewController.swift; sourceTree = "<group>"; };
		16C979D61ACD7E2400543120 /* SeminarsBaseTableViewController.swift */ = {isa = PBXFileReference; fileEncoding = 4; lastKnownFileType = sourcecode.swift; path = SeminarsBaseTableViewController.swift; sourceTree = "<group>"; };
		16C979D81ACD8EC600543120 /* FilteredSeminarsTableViewController.swift */ = {isa = PBXFileReference; fileEncoding = 4; lastKnownFileType = sourcecode.swift; path = FilteredSeminarsTableViewController.swift; sourceTree = "<group>"; };
		16C979DA1AD1F13800543120 /* StoreMapViewController.swift */ = {isa = PBXFileReference; fileEncoding = 4; lastKnownFileType = sourcecode.swift; path = StoreMapViewController.swift; sourceTree = "<group>"; };
		16C979DF1AD2C88F00543120 /* LocationContext.swift */ = {isa = PBXFileReference; fileEncoding = 4; lastKnownFileType = sourcecode.swift; path = LocationContext.swift; sourceTree = "<group>"; };
		16C979E11AD5E50400543120 /* StoreAnnotation.swift */ = {isa = PBXFileReference; fileEncoding = 4; lastKnownFileType = sourcecode.swift; path = StoreAnnotation.swift; sourceTree = "<group>"; };
		16CAF78D1AE1E75B00318AE5 /* CustomItemsStaticTableViewController.swift */ = {isa = PBXFileReference; fileEncoding = 4; lastKnownFileType = sourcecode.swift; path = CustomItemsStaticTableViewController.swift; sourceTree = "<group>"; };
		16CAF78F1AE28CE000318AE5 /* DrinkOrderTableViewCell.swift */ = {isa = PBXFileReference; fileEncoding = 4; lastKnownFileType = sourcecode.swift; path = DrinkOrderTableViewCell.swift; sourceTree = "<group>"; };
		16CAF7931AE2ABA900318AE5 /* FoodOrderTableViewCell.swift */ = {isa = PBXFileReference; fileEncoding = 4; lastKnownFileType = sourcecode.swift; path = FoodOrderTableViewCell.swift; sourceTree = "<group>"; };
		16CAF7951AE3757300318AE5 /* CustomizingOrderTableViewCell.swift */ = {isa = PBXFileReference; fileEncoding = 4; lastKnownFileType = sourcecode.swift; path = CustomizingOrderTableViewCell.swift; sourceTree = "<group>"; };
		16D3B3671AF996AF00F5E67B /* DatePickerViewController.swift */ = {isa = PBXFileReference; fileEncoding = 4; lastKnownFileType = sourcecode.swift; path = DatePickerViewController.swift; sourceTree = "<group>"; };
		16D3B3691AF9A0F600F5E67B /* TastingLogManager.swift */ = {isa = PBXFileReference; fileEncoding = 4; lastKnownFileType = sourcecode.swift; path = TastingLogManager.swift; sourceTree = "<group>"; };
		16D3B36B1AF9F19E00F5E67B /* TextViewController.swift */ = {isa = PBXFileReference; fileEncoding = 4; lastKnownFileType = sourcecode.swift; path = TextViewController.swift; sourceTree = "<group>"; };
		16DF6D451B188EE000BD079A /* Order.swift */ = {isa = PBXFileReference; fileEncoding = 4; lastKnownFileType = sourcecode.swift; path = Order.swift; sourceTree = "<group>"; };
		16DF6D471B188EE100BD079A /* OrderDetail.swift */ = {isa = PBXFileReference; fileEncoding = 4; lastKnownFileType = sourcecode.swift; path = OrderDetail.swift; sourceTree = "<group>"; };
		16DF6D491B188EE100BD079A /* ProductIngredient.swift */ = {isa = PBXFileReference; fileEncoding = 4; lastKnownFileType = sourcecode.swift; path = ProductIngredient.swift; sourceTree = "<group>"; };
		16DF6D4B1B1FBC1200BD079A /* AccountSettingsViewController.swift */ = {isa = PBXFileReference; fileEncoding = 4; lastKnownFileType = sourcecode.swift; path = AccountSettingsViewController.swift; sourceTree = "<group>"; };
		16DF6D4D1B21C36F00BD079A /* AccountManager.swift */ = {isa = PBXFileReference; fileEncoding = 4; lastKnownFileType = sourcecode.swift; path = AccountManager.swift; sourceTree = "<group>"; };
		16E442CA1AD8EE7A003C3AA2 /* NewsTableViewCell.swift */ = {isa = PBXFileReference; fileEncoding = 4; lastKnownFileType = sourcecode.swift; path = NewsTableViewCell.swift; sourceTree = "<group>"; };
		16E442CC1AD90314003C3AA2 /* PressRelease.swift */ = {isa = PBXFileReference; fileEncoding = 4; lastKnownFileType = sourcecode.swift; path = PressRelease.swift; sourceTree = "<group>"; };
		16E50E411B04C57E00554229 /* Seminars.swift */ = {isa = PBXFileReference; fileEncoding = 4; lastKnownFileType = sourcecode.swift; path = Seminars.swift; sourceTree = "<group>"; };
		16E50E431B04C65800554229 /* Seminar.swift */ = {isa = PBXFileReference; fileEncoding = 4; lastKnownFileType = sourcecode.swift; path = Seminar.swift; sourceTree = "<group>"; };
		16EDCA001B11498F00FB71B1 /* SyncRequest.swift */ = {isa = PBXFileReference; fileEncoding = 4; lastKnownFileType = sourcecode.swift; path = SyncRequest.swift; sourceTree = "<group>"; };
		16EDCA021B1149E000FB71B1 /* SyncRequests.swift */ = {isa = PBXFileReference; fileEncoding = 4; lastKnownFileType = sourcecode.swift; path = SyncRequests.swift; sourceTree = "<group>"; };
		16F21E3E1AD9F1D20052AD2A /* MenuTableViewController.swift */ = {isa = PBXFileReference; fileEncoding = 4; lastKnownFileType = sourcecode.swift; path = MenuTableViewController.swift; sourceTree = "<group>"; };
		16F21E411AD9F50A0052AD2A /* MenuSectionItem.swift */ = {isa = PBXFileReference; fileEncoding = 4; lastKnownFileType = sourcecode.swift; path = MenuSectionItem.swift; sourceTree = "<group>"; };
		16F21E431AD9F7DA0052AD2A /* MenuListItem.swift */ = {isa = PBXFileReference; fileEncoding = 4; lastKnownFileType = sourcecode.swift; path = MenuListItem.swift; sourceTree = "<group>"; };
		16F21E451AD9F9FD0052AD2A /* ProductDetailTableViewController.swift */ = {isa = PBXFileReference; fileEncoding = 4; lastKnownFileType = sourcecode.swift; path = ProductDetailTableViewController.swift; sourceTree = "<group>"; };
		16F21E471ADA08430052AD2A /* Drink.swift */ = {isa = PBXFileReference; fileEncoding = 4; lastKnownFileType = sourcecode.swift; path = Drink.swift; sourceTree = "<group>"; };
		16F21E491ADA0A6C0052AD2A /* Food.swift */ = {isa = PBXFileReference; fileEncoding = 4; lastKnownFileType = sourcecode.swift; path = Food.swift; sourceTree = "<group>"; };
		16F21E4B1ADA0B930052AD2A /* Foods.swift */ = {isa = PBXFileReference; fileEncoding = 4; lastKnownFileType = sourcecode.swift; path = Foods.swift; sourceTree = "<group>"; };
		16F21E4D1ADA2B7C0052AD2A /* DrinkMenuListItem.swift */ = {isa = PBXFileReference; fileEncoding = 4; lastKnownFileType = sourcecode.swift; path = DrinkMenuListItem.swift; sourceTree = "<group>"; };
		16F21E4F1ADA2FE20052AD2A /* MenuListItemTableViewCell.swift */ = {isa = PBXFileReference; fileEncoding = 4; lastKnownFileType = sourcecode.swift; path = MenuListItemTableViewCell.swift; sourceTree = "<group>"; };
		16F21E511ADA30A30052AD2A /* DrinkMenuListItemTableViewCell.swift */ = {isa = PBXFileReference; fileEncoding = 4; lastKnownFileType = sourcecode.swift; path = DrinkMenuListItemTableViewCell.swift; sourceTree = "<group>"; };
		16F21E531ADA34FE0052AD2A /* Drinks.swift */ = {isa = PBXFileReference; fileEncoding = 4; lastKnownFileType = sourcecode.swift; path = Drinks.swift; sourceTree = "<group>"; };
		16F21E551ADA39AE0052AD2A /* FoodMenuListItem.swift */ = {isa = PBXFileReference; fileEncoding = 4; lastKnownFileType = sourcecode.swift; path = FoodMenuListItem.swift; sourceTree = "<group>"; };
		16F21E571ADA45360052AD2A /* FoodMenuListItemTableViewCell.swift */ = {isa = PBXFileReference; fileEncoding = 4; lastKnownFileType = sourcecode.swift; path = FoodMenuListItemTableViewCell.swift; sourceTree = "<group>"; };
		16F21E591ADA45AA0052AD2A /* OrderMenuListItemTableViewCell.swift */ = {isa = PBXFileReference; fileEncoding = 4; lastKnownFileType = sourcecode.swift; path = OrderMenuListItemTableViewCell.swift; sourceTree = "<group>"; };
		16F6B0C41AEB9358007F7E51 /* PriceCalculator.swift */ = {isa = PBXFileReference; fileEncoding = 4; lastKnownFileType = sourcecode.swift; path = PriceCalculator.swift; sourceTree = "<group>"; };
		16F6B0C61AECBC06007F7E51 /* OrderConfirmationTableViewController.swift */ = {isa = PBXFileReference; fileEncoding = 4; lastKnownFileType = sourcecode.swift; path = OrderConfirmationTableViewController.swift; sourceTree = "<group>"; };
		16F6B0C81AECF39C007F7E51 /* OrderManager.swift */ = {isa = PBXFileReference; fileEncoding = 4; lastKnownFileType = sourcecode.swift; path = OrderManager.swift; sourceTree = "<group>"; };
		16F922701BB223AD0000B26E /* Accounts.framework */ = {isa = PBXFileReference; lastKnownFileType = wrapper.framework; name = Accounts.framework; path = System/Library/Frameworks/Accounts.framework; sourceTree = SDKROOT; };
		16F922711BB223AD0000B26E /* AudioToolbox.framework */ = {isa = PBXFileReference; lastKnownFileType = wrapper.framework; name = AudioToolbox.framework; path = System/Library/Frameworks/AudioToolbox.framework; sourceTree = SDKROOT; };
		16F922721BB223AD0000B26E /* CFNetwork.framework */ = {isa = PBXFileReference; lastKnownFileType = wrapper.framework; name = CFNetwork.framework; path = System/Library/Frameworks/CFNetwork.framework; sourceTree = SDKROOT; };
		16F922731BB223AD0000B26E /* CoreGraphics.framework */ = {isa = PBXFileReference; lastKnownFileType = wrapper.framework; name = CoreGraphics.framework; path = System/Library/Frameworks/CoreGraphics.framework; sourceTree = SDKROOT; };
		16F922741BB223AD0000B26E /* CoreLocation.framework */ = {isa = PBXFileReference; lastKnownFileType = wrapper.framework; name = CoreLocation.framework; path = System/Library/Frameworks/CoreLocation.framework; sourceTree = SDKROOT; };
		16F922751BB223AD0000B26E /* QuartzCore.framework */ = {isa = PBXFileReference; lastKnownFileType = wrapper.framework; name = QuartzCore.framework; path = System/Library/Frameworks/QuartzCore.framework; sourceTree = SDKROOT; };
		16F922761BB223AD0000B26E /* Security.framework */ = {isa = PBXFileReference; lastKnownFileType = wrapper.framework; name = Security.framework; path = System/Library/Frameworks/Security.framework; sourceTree = SDKROOT; };
		16F922771BB223AD0000B26E /* Social.framework */ = {isa = PBXFileReference; lastKnownFileType = wrapper.framework; name = Social.framework; path = System/Library/Frameworks/Social.framework; sourceTree = SDKROOT; };
		16F922781BB223AD0000B26E /* StoreKit.framework */ = {isa = PBXFileReference; lastKnownFileType = wrapper.framework; name = StoreKit.framework; path = System/Library/Frameworks/StoreKit.framework; sourceTree = SDKROOT; };
		16F922791BB223AD0000B26E /* SystemConfiguration.framework */ = {isa = PBXFileReference; lastKnownFileType = wrapper.framework; name = SystemConfiguration.framework; path = System/Library/Frameworks/SystemConfiguration.framework; sourceTree = SDKROOT; };
		16F922841BB223EF0000B26E /* libsqlite3.dylib */ = {isa = PBXFileReference; lastKnownFileType = "compiled.mach-o.dylib"; name = libsqlite3.dylib; path = /usr/lib/libsqlite3.dylib; sourceTree = "<absolute>"; };
		16F922851BB223EF0000B26E /* libz.1.dylib */ = {isa = PBXFileReference; lastKnownFileType = "compiled.mach-o.dylib"; name = libz.1.dylib; path = /usr/lib/libz.1.dylib; sourceTree = "<absolute>"; };
		16F9228B1BB224C30000B26E /* Bolts.framework */ = {isa = PBXFileReference; lastKnownFileType = wrapper.framework; path = Bolts.framework; sourceTree = "<group>"; };
		16F9228C1BB224C30000B26E /* Parse.framework */ = {isa = PBXFileReference; lastKnownFileType = wrapper.framework; path = Parse.framework; sourceTree = "<group>"; };
		16F9228D1BB224C30000B26E /* ParseUI.framework */ = {isa = PBXFileReference; lastKnownFileType = wrapper.framework; path = ParseUI.framework; sourceTree = "<group>"; };
		16F922921BB22CD20000B26E /* ParseAccountManager.swift */ = {isa = PBXFileReference; fileEncoding = 4; lastKnownFileType = sourcecode.swift; path = ParseAccountManager.swift; sourceTree = "<group>"; };
		16F922951BB22F060000B26E /* BaseFactory.swift */ = {isa = PBXFileReference; fileEncoding = 4; lastKnownFileType = sourcecode.swift; path = BaseFactory.swift; sourceTree = "<group>"; };
		16F922971BB234D20000B26E /* ParseFactory.swift */ = {isa = PBXFileReference; fileEncoding = 4; lastKnownFileType = sourcecode.swift; path = ParseFactory.swift; sourceTree = "<group>"; };
		16F922991BB250810000B26E /* ParseAppDelegete.swift */ = {isa = PBXFileReference; fileEncoding = 4; lastKnownFileType = sourcecode.swift; path = ParseAppDelegete.swift; sourceTree = "<group>"; };
		16F9229B1BB268440000B26E /* PressReleaseManager.swift */ = {isa = PBXFileReference; fileEncoding = 4; lastKnownFileType = sourcecode.swift; path = PressReleaseManager.swift; sourceTree = "<group>"; };
		16F9229D1BB2894D0000B26E /* ParsePressReleaseManager.swift */ = {isa = PBXFileReference; fileEncoding = 4; lastKnownFileType = sourcecode.swift; path = ParsePressReleaseManager.swift; sourceTree = "<group>"; };
		16F9229F1BB2B48A0000B26E /* StoreManager.swift */ = {isa = PBXFileReference; fileEncoding = 4; lastKnownFileType = sourcecode.swift; path = StoreManager.swift; sourceTree = "<group>"; };
		16F922A11BB2BD4E0000B26E /* ParseStoreManager.swift */ = {isa = PBXFileReference; fileEncoding = 4; lastKnownFileType = sourcecode.swift; path = ParseStoreManager.swift; sourceTree = "<group>"; };
		16F922A31BB66C2D0000B26E /* ParseContentsManager.swift */ = {isa = PBXFileReference; fileEncoding = 4; lastKnownFileType = sourcecode.swift; path = ParseContentsManager.swift; sourceTree = "<group>"; };
		16F922A51BB6B0670000B26E /* MenuManager.swift */ = {isa = PBXFileReference; fileEncoding = 4; lastKnownFileType = sourcecode.swift; path = MenuManager.swift; sourceTree = "<group>"; };
		16F922A71BB6BAF10000B26E /* ParseMenuManager.swift */ = {isa = PBXFileReference; fileEncoding = 4; lastKnownFileType = sourcecode.swift; path = ParseMenuManager.swift; sourceTree = "<group>"; };
		16F922A91BB7B2FD0000B26E /* ParseOrderManager.swift */ = {isa = PBXFileReference; fileEncoding = 4; lastKnownFileType = sourcecode.swift; path = ParseOrderManager.swift; sourceTree = "<group>"; };
/* End PBXFileReference section */

/* Begin PBXFrameworksBuildPhase section */
		16AE14071ABD6B1900370062 /* Frameworks */ = {
			isa = PBXFrameworksBuildPhase;
			buildActionMask = 2147483647;
			files = (
				16AD17D71BDC9AF20073CB97 /* libstdc++.6.0.9.dylib in Frameworks */,
				16F922861BB223EF0000B26E /* libsqlite3.dylib in Frameworks */,
				16F922871BB223EF0000B26E /* libz.1.dylib in Frameworks */,
				16F9227A1BB223AD0000B26E /* Accounts.framework in Frameworks */,
				16F9227B1BB223AD0000B26E /* AudioToolbox.framework in Frameworks */,
				16F9227C1BB223AD0000B26E /* CFNetwork.framework in Frameworks */,
				16F9227D1BB223AD0000B26E /* CoreGraphics.framework in Frameworks */,
				16F9227E1BB223AD0000B26E /* CoreLocation.framework in Frameworks */,
				16F9228E1BB224C30000B26E /* Bolts.framework in Frameworks */,
				16F9227F1BB223AD0000B26E /* QuartzCore.framework in Frameworks */,
				16F922801BB223AD0000B26E /* Security.framework in Frameworks */,
				16F9228F1BB224C30000B26E /* Parse.framework in Frameworks */,
				16F922811BB223AD0000B26E /* Social.framework in Frameworks */,
				16F922901BB224C30000B26E /* ParseUI.framework in Frameworks */,
				16F922821BB223AD0000B26E /* StoreKit.framework in Frameworks */,
				16F922831BB223AD0000B26E /* SystemConfiguration.framework in Frameworks */,
				16AD17D51BDC97020073CB97 /* ParseCrashReporting.framework in Frameworks */,
			);
			runOnlyForDeploymentPostprocessing = 0;
		};
		16AE141F1ABD6B1A00370062 /* Frameworks */ = {
			isa = PBXFrameworksBuildPhase;
			buildActionMask = 2147483647;
			files = (
			);
			runOnlyForDeploymentPostprocessing = 0;
		};
/* End PBXFrameworksBuildPhase section */

/* Begin PBXGroup section */
		164BFDC41AC671E8003BF77B /* Entities */ = {
			isa = PBXGroup;
			children = (
				16EDCA001B11498F00FB71B1 /* SyncRequest.swift */,
				16EDCA021B1149E000FB71B1 /* SyncRequests.swift */,
				16E50E431B04C65800554229 /* Seminar.swift */,
				16E50E411B04C57E00554229 /* Seminars.swift */,
				1682F7E01AFDD58600FD630D /* Tune.swift */,
				1682F7E21AFDD5A200FD630D /* Tunes.swift */,
				165F3F7D1AFA26AF00BCF1BB /* TastingLog.swift */,
				16757DE91AF8E70100925C50 /* TastingLogs.swift */,
				16757DDD1AF842F800925C50 /* Pairing.swift */,
				16757DDB1AF8417800925C50 /* Pairings.swift */,
				16757DD31AF7891A00925C50 /* Bean.swift */,
				16757DD51AF7893A00925C50 /* Beans.swift */,
				16757DC31AF60F1200925C50 /* Nutrition.swift */,
				16757DC11AF60DF200925C50 /* Nutritions.swift */,
				16DF6D491B188EE100BD079A /* ProductIngredient.swift */,
				16060EBA1AF046EC0099379F /* ProductIngredients.swift */,
				16DF6D471B188EE100BD079A /* OrderDetail.swift */,
				16060EB81AF046040099379F /* OrderDetails.swift */,
				16DF6D451B188EE000BD079A /* Order.swift */,
				16060EB61AF0456E0099379F /* Orders.swift */,
				16F21E471ADA08430052AD2A /* Drink.swift */,
				16F21E531ADA34FE0052AD2A /* Drinks.swift */,
				16F21E491ADA0A6C0052AD2A /* Food.swift */,
				16F21E4B1ADA0B930052AD2A /* Foods.swift */,
				16E442CC1AD90314003C3AA2 /* PressRelease.swift */,
				164BFDC71AC6735E003BF77B /* PressReleases.swift */,
				164BFDE31ACFEAC5003BF77B /* Store.swift */,
				164BFDDF1ACFC8FC003BF77B /* Stores.swift */,
				164BFDE11ACFC9B9003BF77B /* DbContextBase.swift */,
			);
			path = Entities;
			sourceTree = "<group>";
		};
		164BFDC91AC67D42003BF77B /* Utilities */ = {
			isa = PBXGroup;
			children = (
				164BFDCA1AC67D9C003BF77B /* DateUtility.swift */,
				164BFDCC1AC67DF5003BF77B /* StringExtension.swift */,
				164BFDD91ACFBEF3003BF77B /* UITableViewControllerExtension.swift */,
				16A51AE51B22CDEE001933AB /* JSONUtility.swift */,
			);
			path = Utilities;
			sourceTree = "<group>";
		};
		164BFDCE1ACF88D9003BF77B /* Views */ = {
			isa = PBXGroup;
			children = (
				164BFDCF1ACF89D1003BF77B /* SeminarsTableViewCell.swift */,
				164BFDD01ACF89D1003BF77B /* SeminarsTableViewCell.xib */,
				164BFDE51AD021E7003BF77B /* StoresTableViewCell.swift */,
				164BFDE61AD021E7003BF77B /* StoresTableViewCell.xib */,
				16E442CA1AD8EE7A003C3AA2 /* NewsTableViewCell.swift */,
				162CE3E71B00E90B009D3C6C /* NewsTableViewCell.xib */,
				16F21E4F1ADA2FE20052AD2A /* MenuListItemTableViewCell.swift */,
				16F21E511ADA30A30052AD2A /* DrinkMenuListItemTableViewCell.swift */,
				16F21E571ADA45360052AD2A /* FoodMenuListItemTableViewCell.swift */,
				16F21E591ADA45AA0052AD2A /* OrderMenuListItemTableViewCell.swift */,
				1683F0B01ADC80270034C7CB /* OrderTableViewCell.swift */,
				16CAF78F1AE28CE000318AE5 /* DrinkOrderTableViewCell.swift */,
				16CAF7931AE2ABA900318AE5 /* FoodOrderTableViewCell.swift */,
				16CAF7951AE3757300318AE5 /* CustomizingOrderTableViewCell.swift */,
				16B600601AE7CD8C000ECB7E /* CustomItemsTableViewCell.swift */,
				16757DED1AF97CCE00925C50 /* TastingLogEditorTableViewCell.swift */,
				1682F7D61AFC791B00FD630D /* ProductsForSaleTableViewCell.swift */,
				1682F7E81AFE469100FD630D /* ProductImagesCollectionViewCell.swift */,
				16A74F311B08221D0078BCC9 /* TastingLogsTableViewCell.swift */,
				16A74F321B08221D0078BCC9 /* TastingLogsTableViewCell.xib */,
				16A51AE11B1AF738001933AB /* OrdersTableViewCell.swift */,
				16A51AE21B1AF738001933AB /* OrdersTableViewCell.xib */,
			);
			path = Views;
			sourceTree = "<group>";
		};
		16AE14011ABD6B1900370062 = {
			isa = PBXGroup;
			children = (
				16AD17D61BDC9AF20073CB97 /* libstdc++.6.0.9.dylib */,
				16F9228A1BB2247A0000B26E /* Framework */,
				16AE140C1ABD6B1900370062 /* MyPocketSBUX */,
				16AE14251ABD6B1A00370062 /* MyPocketSBUXTests */,
				16AE140B1ABD6B1900370062 /* Products */,
			);
			sourceTree = "<group>";
		};
		16AE140B1ABD6B1900370062 /* Products */ = {
			isa = PBXGroup;
			children = (
				16AE140A1ABD6B1900370062 /* MyPocketSBUX.app */,
				16AE14221ABD6B1A00370062 /* MyPocketSBUXTests.xctest */,
			);
			name = Products;
			sourceTree = "<group>";
		};
		16AE140C1ABD6B1900370062 /* MyPocketSBUX */ = {
			isa = PBXGroup;
			children = (
				16F922941BB22E2B0000B26E /* Factories */,
				16F922911BB228A00000B26E /* Parse */,
				16B6005D1AE79316000ECB7E /* Models */,
				16B1F28D1ADAAE830026E377 /* Context */,
				16F21E401AD9F2F20052AD2A /* ViewModels */,
				16C979DE1AD2AE1400543120 /* Location */,
				164BFDCE1ACF88D9003BF77B /* Views */,
				164BFDC91AC67D42003BF77B /* Utilities */,
				164BFDC41AC671E8003BF77B /* Entities */,
				16AE14321ABD795600370062 /* ViewControllers */,
				16AE140F1ABD6B1A00370062 /* AppDelegate.swift */,
				16AE14161ABD6B1A00370062 /* Main.storyboard */,
				16AE14191ABD6B1A00370062 /* Images.xcassets */,
				16AE141B1ABD6B1A00370062 /* LaunchScreen.xib */,
				16AE14111ABD6B1A00370062 /* MyPocketSBUX.xcdatamodeld */,
				16AE140D1ABD6B1900370062 /* Supporting Files */,
			);
			path = MyPocketSBUX;
			sourceTree = "<group>";
		};
		16AE140D1ABD6B1900370062 /* Supporting Files */ = {
			isa = PBXGroup;
			children = (
				16AE140E1ABD6B1A00370062 /* Info.plist */,
			);
			name = "Supporting Files";
			sourceTree = "<group>";
		};
		16AE14251ABD6B1A00370062 /* MyPocketSBUXTests */ = {
			isa = PBXGroup;
			children = (
				16AE14281ABD6B1A00370062 /* MyPocketSBUXTests.swift */,
				16AE14261ABD6B1A00370062 /* Supporting Files */,
			);
			path = MyPocketSBUXTests;
			sourceTree = "<group>";
		};
		16AE14261ABD6B1A00370062 /* Supporting Files */ = {
			isa = PBXGroup;
			children = (
				16AE14271ABD6B1A00370062 /* Info.plist */,
			);
			name = "Supporting Files";
			sourceTree = "<group>";
		};
		16AE14321ABD795600370062 /* ViewControllers */ = {
			isa = PBXGroup;
			children = (
				16AE14351ABEDDEE00370062 /* SBUXTableViewController.swift */,
				16AE14371AC2BF7A00370062 /* NewsTableViewController.swift */,
				16216E961B000FB700DB6C0B /* NewsBaseTableViewController.swift */,
				162CE3E91B0163A0009D3C6C /* FilteredNewsTableViewController.swift */,
				16AE14391AC65A3700370062 /* SBUXWKWebViewController.swift */,
				16C979D41ACA066A00543120 /* SeminarsTableViewController.swift */,
				16C979D61ACD7E2400543120 /* SeminarsBaseTableViewController.swift */,
				16C979D81ACD8EC600543120 /* FilteredSeminarsTableViewController.swift */,
				164BFDD31ACFA8CF003BF77B /* StoresTableViewController.swift */,
				164BFDD51ACFA9FA003BF77B /* StoresBaseTableViewController.swift */,
				164BFDD71ACFADEC003BF77B /* FilteredStoresTableViewController.swift */,
				164BFDE91AD02F8F003BF77B /* StoreDetailTableViewController.swift */,
				16C979DA1AD1F13800543120 /* StoreMapViewController.swift */,
				16F21E3E1AD9F1D20052AD2A /* MenuTableViewController.swift */,
				16F21E451AD9F9FD0052AD2A /* ProductDetailTableViewController.swift */,
				1683F0AC1ADBDAD80034C7CB /* OrderTableViewController.swift */,
				16060EBC1AF0D1AF0099379F /* OrdersTableViewController.swift */,
				16A51ADD1B1AE90C001933AB /* OrdersBaseTableViewController.swift */,
				16A51ADF1B1AF5CA001933AB /* FilteredOrdersTableViewController.swift */,
				16F6B0C61AECBC06007F7E51 /* OrderConfirmationTableViewController.swift */,
				1683F0B21ADD321F0034C7CB /* CustomizingOrderTableViewController.swift */,
				16CAF78D1AE1E75B00318AE5 /* CustomItemsStaticTableViewController.swift */,
				16B6005B1AE756E3000ECB7E /* CustomItemsTableViewController.swift */,
				16757DC51AF6DF1600925C50 /* VisitsTableViewController.swift */,
				16757DC71AF6F2F800925C50 /* MakingCoffeePageViewController.swift */,
				16757DCB1AF70AAC00925C50 /* MakingCoffeePageContentViewController.swift */,
				16757DCD1AF7166300925C50 /* MakingCoffeeTableViewController.swift */,
				16757DCF1AF766EA00925C50 /* ProductsForSaleTableViewController.swift */,
				16757DD91AF83F0900925C50 /* PairingsTableViewController.swift */,
				16757DE11AF888AE00925C50 /* OfficialContentsTableViewController.swift */,
				16757DE31AF88C5100925C50 /* BaseWKWebViewController.swift */,
				16757DE51AF8D54F00925C50 /* TastingLogsTableViewController.swift */,
				16A74F2F1B081BB80078BCC9 /* TastingLogsBaseTableViewController.swift */,
				16A74F351B08309E0078BCC9 /* FilteredTastingLogsTableViewController.swift */,
				16757DEB1AF8F28700925C50 /* TastingLogEditorTableViewController.swift */,
				16D3B3671AF996AF00F5E67B /* DatePickerViewController.swift */,
				16D3B36B1AF9F19E00F5E67B /* TextViewController.swift */,
				165F3F7F1AFA2D2800BCF1BB /* RecommendationParametersViewController.swift */,
				165F3F811AFA306E00BCF1BB /* RecommendationsTableViewController.swift */,
				1682F7CC1AFB449100FD630D /* TunesTableViewController.swift */,
				1682F7D01AFC386800FD630D /* SettingsTableViewController.swift */,
				1682F7DA1AFC9FD800FD630D /* BeansCardTableViewController.swift */,
				1682F7EA1AFED9D200FD630D /* ProductImageViewController.swift */,
				16DF6D4B1B1FBC1200BD079A /* AccountSettingsViewController.swift */,
				16A51AE91B22ED80001933AB /* SignInViewController.swift */,
			);
			path = ViewControllers;
			sourceTree = "<group>";
		};
		16B1F28D1ADAAE830026E377 /* Context */ = {
			isa = PBXGroup;
			children = (
				16B1F28E1ADAAF1B0026E377 /* ResourceContext.swift */,
				16A51AE71B22E5B1001933AB /* IdentityContext.swift */,
			);
			path = Context;
			sourceTree = "<group>";
		};
		16B6005D1AE79316000ECB7E /* Models */ = {
			isa = PBXGroup;
			children = (
				16B6005E1AE79407000ECB7E /* IngredientManager.swift */,
				16F6B0C41AEB9358007F7E51 /* PriceCalculator.swift */,
				16F6B0C81AECF39C007F7E51 /* OrderManager.swift */,
				16757DC91AF6FAF100925C50 /* MakingCoffeeContentsManager.swift */,
				16757DD11AF76AEA00925C50 /* ContentsManager.swift */,
				16757DDF1AF84D3D00925C50 /* PairingManager.swift */,
				16D3B3691AF9A0F600F5E67B /* TastingLogManager.swift */,
				165F3F831AFA32E700BCF1BB /* Recommender.swift */,
				1682F7CE1AFB48CB00FD630D /* TuneManager.swift */,
				1682F7D21AFC3FBC00FD630D /* SettingsManager.swift */,
				1682F7DC1AFCA05600FD630D /* BeansCardManager.swift */,
				16DF6D4D1B21C36F00BD079A /* AccountManager.swift */,
				16F9229B1BB268440000B26E /* PressReleaseManager.swift */,
				16F9229F1BB2B48A0000B26E /* StoreManager.swift */,
				16F922A51BB6B0670000B26E /* MenuManager.swift */,
			);
			name = Models;
			sourceTree = "<group>";
		};
		16C979DE1AD2AE1400543120 /* Location */ = {
			isa = PBXGroup;
			children = (
				16C979DF1AD2C88F00543120 /* LocationContext.swift */,
				16C979E11AD5E50400543120 /* StoreAnnotation.swift */,
			);
			path = Location;
			sourceTree = "<group>";
		};
		16F21E401AD9F2F20052AD2A /* ViewModels */ = {
			isa = PBXGroup;
			children = (
				16F21E411AD9F50A0052AD2A /* MenuSectionItem.swift */,
				16F21E431AD9F7DA0052AD2A /* MenuListItem.swift */,
				16F21E4D1ADA2B7C0052AD2A /* DrinkMenuListItem.swift */,
				16F21E551ADA39AE0052AD2A /* FoodMenuListItem.swift */,
				1683F0AE1ADBDE4E0034C7CB /* OrderListItem.swift */,
				1682F7D81AFC910300FD630D /* ProductsForSaleListItem.swift */,
			);
			path = ViewModels;
			sourceTree = "<group>";
		};
		16F9228A1BB2247A0000B26E /* Framework */ = {
			isa = PBXGroup;
			children = (
				16AD17D41BDC97020073CB97 /* ParseCrashReporting.framework */,
				16F9228B1BB224C30000B26E /* Bolts.framework */,
				16F9228C1BB224C30000B26E /* Parse.framework */,
				16F9228D1BB224C30000B26E /* ParseUI.framework */,
				16F922841BB223EF0000B26E /* libsqlite3.dylib */,
				16F922851BB223EF0000B26E /* libz.1.dylib */,
				16F922701BB223AD0000B26E /* Accounts.framework */,
				16F922711BB223AD0000B26E /* AudioToolbox.framework */,
				16F922721BB223AD0000B26E /* CFNetwork.framework */,
				16F922731BB223AD0000B26E /* CoreGraphics.framework */,
				16F922741BB223AD0000B26E /* CoreLocation.framework */,
				16F922751BB223AD0000B26E /* QuartzCore.framework */,
				16F922761BB223AD0000B26E /* Security.framework */,
				16F922771BB223AD0000B26E /* Social.framework */,
				16F922781BB223AD0000B26E /* StoreKit.framework */,
				16F922791BB223AD0000B26E /* SystemConfiguration.framework */,
			);
			name = Framework;
			path = Frameworks;
			sourceTree = "<group>";
		};
		16F922911BB228A00000B26E /* Parse */ = {
			isa = PBXGroup;
			children = (
				16F922921BB22CD20000B26E /* ParseAccountManager.swift */,
				16F922971BB234D20000B26E /* ParseFactory.swift */,
				16F922991BB250810000B26E /* ParseAppDelegete.swift */,
				16F9229D1BB2894D0000B26E /* ParsePressReleaseManager.swift */,
				16F922A11BB2BD4E0000B26E /* ParseStoreManager.swift */,
				16F922A31BB66C2D0000B26E /* ParseContentsManager.swift */,
				16F922A71BB6BAF10000B26E /* ParseMenuManager.swift */,
				16F922A91BB7B2FD0000B26E /* ParseOrderManager.swift */,
			);
			path = Parse;
			sourceTree = "<group>";
		};
		16F922941BB22E2B0000B26E /* Factories */ = {
			isa = PBXGroup;
			children = (
				16F922951BB22F060000B26E /* BaseFactory.swift */,
			);
			path = Factories;
			sourceTree = "<group>";
		};
/* End PBXGroup section */

/* Begin PBXNativeTarget section */
		16AE14091ABD6B1900370062 /* MyPocketSBUX */ = {
			isa = PBXNativeTarget;
			buildConfigurationList = 16AE142C1ABD6B1A00370062 /* Build configuration list for PBXNativeTarget "MyPocketSBUX" */;
			buildPhases = (
				16AE14061ABD6B1900370062 /* Sources */,
				16AE14071ABD6B1900370062 /* Frameworks */,
				16AE14081ABD6B1900370062 /* Resources */,
			);
			buildRules = (
			);
			dependencies = (
			);
			name = MyPocketSBUX;
			productName = MyPocketSBUX;
			productReference = 16AE140A1ABD6B1900370062 /* MyPocketSBUX.app */;
			productType = "com.apple.product-type.application";
		};
		16AE14211ABD6B1A00370062 /* MyPocketSBUXTests */ = {
			isa = PBXNativeTarget;
			buildConfigurationList = 16AE142F1ABD6B1A00370062 /* Build configuration list for PBXNativeTarget "MyPocketSBUXTests" */;
			buildPhases = (
				16AE141E1ABD6B1A00370062 /* Sources */,
				16AE141F1ABD6B1A00370062 /* Frameworks */,
				16AE14201ABD6B1A00370062 /* Resources */,
			);
			buildRules = (
			);
			dependencies = (
				16AE14241ABD6B1A00370062 /* PBXTargetDependency */,
			);
			name = MyPocketSBUXTests;
			productName = MyPocketSBUXTests;
			productReference = 16AE14221ABD6B1A00370062 /* MyPocketSBUXTests.xctest */;
			productType = "com.apple.product-type.bundle.unit-test";
		};
/* End PBXNativeTarget section */

/* Begin PBXProject section */
		16AE14021ABD6B1900370062 /* Project object */ = {
			isa = PBXProject;
			attributes = {
				LastSwiftMigration = 0700;
				LastSwiftUpdateCheck = 0700;
				LastUpgradeCheck = 0620;
				ORGANIZATIONNAME = "Takashi Ikeda";
				TargetAttributes = {
					16AE14091ABD6B1900370062 = {
						CreatedOnToolsVersion = 6.2;
					};
					16AE14211ABD6B1A00370062 = {
						CreatedOnToolsVersion = 6.2;
						TestTargetID = 16AE14091ABD6B1900370062;
					};
				};
			};
			buildConfigurationList = 16AE14051ABD6B1900370062 /* Build configuration list for PBXProject "MyPocketSBUX" */;
			compatibilityVersion = "Xcode 3.2";
			developmentRegion = English;
			hasScannedForEncodings = 0;
			knownRegions = (
				en,
				Base,
			);
			mainGroup = 16AE14011ABD6B1900370062;
			productRefGroup = 16AE140B1ABD6B1900370062 /* Products */;
			projectDirPath = "";
			projectRoot = "";
			targets = (
				16AE14091ABD6B1900370062 /* MyPocketSBUX */,
				16AE14211ABD6B1A00370062 /* MyPocketSBUXTests */,
			);
		};
/* End PBXProject section */

/* Begin PBXResourcesBuildPhase section */
		16AE14081ABD6B1900370062 /* Resources */ = {
			isa = PBXResourcesBuildPhase;
			buildActionMask = 2147483647;
			files = (
				16AE14181ABD6B1A00370062 /* Main.storyboard in Resources */,
				16A74F341B08221D0078BCC9 /* TastingLogsTableViewCell.xib in Resources */,
				16A51AE41B1AF738001933AB /* OrdersTableViewCell.xib in Resources */,
				164BFDE81AD021E7003BF77B /* StoresTableViewCell.xib in Resources */,
				16AE141D1ABD6B1A00370062 /* LaunchScreen.xib in Resources */,
				16AE141A1ABD6B1A00370062 /* Images.xcassets in Resources */,
				162CE3E81B00E90B009D3C6C /* NewsTableViewCell.xib in Resources */,
				164BFDD21ACF89D1003BF77B /* SeminarsTableViewCell.xib in Resources */,
			);
			runOnlyForDeploymentPostprocessing = 0;
		};
		16AE14201ABD6B1A00370062 /* Resources */ = {
			isa = PBXResourcesBuildPhase;
			buildActionMask = 2147483647;
			files = (
			);
			runOnlyForDeploymentPostprocessing = 0;
		};
/* End PBXResourcesBuildPhase section */

/* Begin PBXSourcesBuildPhase section */
		16AE14061ABD6B1900370062 /* Sources */ = {
			isa = PBXSourcesBuildPhase;
			buildActionMask = 2147483647;
			files = (
				16757DD01AF766EA00925C50 /* ProductsForSaleTableViewController.swift in Sources */,
				16C979E21AD5E50400543120 /* StoreAnnotation.swift in Sources */,
				1683F0AF1ADBDE4E0034C7CB /* OrderListItem.swift in Sources */,
				1682F7D91AFC910300FD630D /* ProductsForSaleListItem.swift in Sources */,
				164BFDD11ACF89D1003BF77B /* SeminarsTableViewCell.swift in Sources */,
				164BFDDA1ACFBEF3003BF77B /* UITableViewControllerExtension.swift in Sources */,
				16757DE61AF8D54F00925C50 /* TastingLogsTableViewController.swift in Sources */,
				16A51AEA1B22ED80001933AB /* SignInViewController.swift in Sources */,
				16F6B0C51AEB9358007F7E51 /* PriceCalculator.swift in Sources */,
				164BFDD41ACFA8CF003BF77B /* StoresTableViewController.swift in Sources */,
				16E442CB1AD8EE7A003C3AA2 /* NewsTableViewCell.swift in Sources */,
				16F21E421AD9F50A0052AD2A /* MenuSectionItem.swift in Sources */,
				16F21E3F1AD9F1D20052AD2A /* MenuTableViewController.swift in Sources */,
				1682F7CD1AFB449100FD630D /* TunesTableViewController.swift in Sources */,
				16757DE01AF84D3D00925C50 /* PairingManager.swift in Sources */,
				16F922A01BB2B48A0000B26E /* StoreManager.swift in Sources */,
				16F21E561ADA39AE0052AD2A /* FoodMenuListItem.swift in Sources */,
				1682F7D71AFC791B00FD630D /* ProductsForSaleTableViewCell.swift in Sources */,
				16C979D71ACD7E2400543120 /* SeminarsBaseTableViewController.swift in Sources */,
				16AE143A1AC65A3700370062 /* SBUXWKWebViewController.swift in Sources */,
				16B6005C1AE756E3000ECB7E /* CustomItemsTableViewController.swift in Sources */,
				1682F7D11AFC386800FD630D /* SettingsTableViewController.swift in Sources */,
				16F9229C1BB268440000B26E /* PressReleaseManager.swift in Sources */,
				16C979D51ACA066A00543120 /* SeminarsTableViewController.swift in Sources */,
				16F21E441AD9F7DA0052AD2A /* MenuListItem.swift in Sources */,
				16F9229E1BB2894D0000B26E /* ParsePressReleaseManager.swift in Sources */,
				16F21E481ADA08430052AD2A /* Drink.swift in Sources */,
				1682F7E91AFE469100FD630D /* ProductImagesCollectionViewCell.swift in Sources */,
				16F21E501ADA2FE20052AD2A /* MenuListItemTableViewCell.swift in Sources */,
				16F922981BB234D20000B26E /* ParseFactory.swift in Sources */,
				16F21E5A1ADA45AA0052AD2A /* OrderMenuListItemTableViewCell.swift in Sources */,
				1682F7DD1AFCA05600FD630D /* BeansCardManager.swift in Sources */,
				16DF6D4E1B21C36F00BD079A /* AccountManager.swift in Sources */,
				16757DDA1AF83F0900925C50 /* PairingsTableViewController.swift in Sources */,
				1682F7CF1AFB48CB00FD630D /* TuneManager.swift in Sources */,
				16F21E4C1ADA0B930052AD2A /* Foods.swift in Sources */,
				16A51AE81B22E5B1001933AB /* IdentityContext.swift in Sources */,
				165F3F841AFA32E700BCF1BB /* Recommender.swift in Sources */,
				16757DE21AF888AE00925C50 /* OfficialContentsTableViewController.swift in Sources */,
				16757DEE1AF97CCE00925C50 /* TastingLogEditorTableViewCell.swift in Sources */,
				16D3B36A1AF9A0F600F5E67B /* TastingLogManager.swift in Sources */,
				16F21E521ADA30A30052AD2A /* DrinkMenuListItemTableViewCell.swift in Sources */,
				16060EBD1AF0D1AF0099379F /* OrdersTableViewController.swift in Sources */,
				16C979E01AD2C88F00543120 /* LocationContext.swift in Sources */,
				1683F0B31ADD321F0034C7CB /* CustomizingOrderTableViewController.swift in Sources */,
				16B600611AE7CD8C000ECB7E /* CustomItemsTableViewCell.swift in Sources */,
				16F21E4A1ADA0A6C0052AD2A /* Food.swift in Sources */,
				16CAF7901AE28CE000318AE5 /* DrinkOrderTableViewCell.swift in Sources */,
				16757DCA1AF6FAF100925C50 /* MakingCoffeeContentsManager.swift in Sources */,
				16DF6D4C1B1FBC1200BD079A /* AccountSettingsViewController.swift in Sources */,
				16B1F28F1ADAAF1B0026E377 /* ResourceContext.swift in Sources */,
				16F9229A1BB250810000B26E /* ParseAppDelegete.swift in Sources */,
				16E50E421B04C57E00554229 /* Seminars.swift in Sources */,
				164BFDE21ACFC9B9003BF77B /* DbContextBase.swift in Sources */,
				16DF6D481B188EE100BD079A /* OrderDetail.swift in Sources */,
				16F21E4E1ADA2B7C0052AD2A /* DrinkMenuListItem.swift in Sources */,
				16757DDC1AF8417800925C50 /* Pairings.swift in Sources */,
				165F3F801AFA2D2800BCF1BB /* RecommendationParametersViewController.swift in Sources */,
				1683F0AD1ADBDAD80034C7CB /* OrderTableViewController.swift in Sources */,
				16A51AE61B22CDEE001933AB /* JSONUtility.swift in Sources */,
				16757DEC1AF8F28700925C50 /* TastingLogEditorTableViewController.swift in Sources */,
				1682F7E11AFDD58600FD630D /* Tune.swift in Sources */,
				16A51AE01B1AF5CA001933AB /* FilteredOrdersTableViewController.swift in Sources */,
				162CE3EA1B0163A0009D3C6C /* FilteredNewsTableViewController.swift in Sources */,
				16A74F361B08309E0078BCC9 /* FilteredTastingLogsTableViewController.swift in Sources */,
				165F3F7E1AFA26AF00BCF1BB /* TastingLog.swift in Sources */,
				16A51ADE1B1AE90C001933AB /* OrdersBaseTableViewController.swift in Sources */,
				16C979D91ACD8EC600543120 /* FilteredSeminarsTableViewController.swift in Sources */,
				16AE14381AC2BF7A00370062 /* NewsTableViewController.swift in Sources */,
				16757DD41AF7891A00925C50 /* Bean.swift in Sources */,
				16757DD21AF76AEA00925C50 /* ContentsManager.swift in Sources */,
				164BFDD81ACFADEC003BF77B /* FilteredStoresTableViewController.swift in Sources */,
				1682F7DB1AFC9FD800FD630D /* BeansCardTableViewController.swift in Sources */,
				16D3B36C1AF9F19E00F5E67B /* TextViewController.swift in Sources */,
				16D3B3681AF996AF00F5E67B /* DatePickerViewController.swift in Sources */,
				16E442CD1AD90314003C3AA2 /* PressRelease.swift in Sources */,
				16757DCC1AF70AAC00925C50 /* MakingCoffeePageContentViewController.swift in Sources */,
				16F6B0C71AECBC06007F7E51 /* OrderConfirmationTableViewController.swift in Sources */,
				16F922A61BB6B0670000B26E /* MenuManager.swift in Sources */,
				16CAF7941AE2ABA900318AE5 /* FoodOrderTableViewCell.swift in Sources */,
				16757DCE1AF7166300925C50 /* MakingCoffeeTableViewController.swift in Sources */,
				16AE14361ABEDDEE00370062 /* SBUXTableViewController.swift in Sources */,
				16C979DB1AD1F13800543120 /* StoreMapViewController.swift in Sources */,
				16F21E581ADA45360052AD2A /* FoodMenuListItemTableViewCell.swift in Sources */,
				16757DE41AF88C5100925C50 /* BaseWKWebViewController.swift in Sources */,
				16A74F301B081BB80078BCC9 /* TastingLogsBaseTableViewController.swift in Sources */,
				16F922A81BB6BAF10000B26E /* ParseMenuManager.swift in Sources */,
				16757DC21AF60DF200925C50 /* Nutritions.swift in Sources */,
				164BFDE01ACFC8FC003BF77B /* Stores.swift in Sources */,
				16AE14101ABD6B1A00370062 /* AppDelegate.swift in Sources */,
				164BFDCD1AC67DF5003BF77B /* StringExtension.swift in Sources */,
				16F21E541ADA34FE0052AD2A /* Drinks.swift in Sources */,
				16F922AA1BB7B2FD0000B26E /* ParseOrderManager.swift in Sources */,
				1682F7D31AFC3FBC00FD630D /* SettingsManager.swift in Sources */,
				164BFDE41ACFEAC5003BF77B /* Store.swift in Sources */,
				16F922931BB22CD20000B26E /* ParseAccountManager.swift in Sources */,
				164BFDC81AC6735E003BF77B /* PressReleases.swift in Sources */,
				16F6B0C91AECF39C007F7E51 /* OrderManager.swift in Sources */,
				16CAF7961AE3757300318AE5 /* CustomizingOrderTableViewCell.swift in Sources */,
				164BFDCB1AC67D9C003BF77B /* DateUtility.swift in Sources */,
				16EDCA011B11498F00FB71B1 /* SyncRequest.swift in Sources */,
				16757DD61AF7893A00925C50 /* Beans.swift in Sources */,
				16216E971B000FB700DB6C0B /* NewsBaseTableViewController.swift in Sources */,
				165F3F821AFA306E00BCF1BB /* RecommendationsTableViewController.swift in Sources */,
				16060EB71AF0456E0099379F /* Orders.swift in Sources */,
				16EDCA031B1149E000FB71B1 /* SyncRequests.swift in Sources */,
				16F922A21BB2BD4E0000B26E /* ParseStoreManager.swift in Sources */,
				16DF6D4A1B188EE100BD079A /* ProductIngredient.swift in Sources */,
				1683F0B11ADC80270034C7CB /* OrderTableViewCell.swift in Sources */,
				16A51AE31B1AF738001933AB /* OrdersTableViewCell.swift in Sources */,
				16757DC41AF60F1200925C50 /* Nutrition.swift in Sources */,
				164BFDEA1AD02F8F003BF77B /* StoreDetailTableViewController.swift in Sources */,
				16AE14131ABD6B1A00370062 /* MyPocketSBUX.xcdatamodeld in Sources */,
				16B6005F1AE79407000ECB7E /* IngredientManager.swift in Sources */,
				1682F7E31AFDD5A200FD630D /* Tunes.swift in Sources */,
				16060EB91AF046040099379F /* OrderDetails.swift in Sources */,
				16757DC61AF6DF1600925C50 /* VisitsTableViewController.swift in Sources */,
				16757DC81AF6F2F800925C50 /* MakingCoffeePageViewController.swift in Sources */,
				16E50E441B04C65800554229 /* Seminar.swift in Sources */,
				16757DEA1AF8E70100925C50 /* TastingLogs.swift in Sources */,
				16757DDE1AF842F800925C50 /* Pairing.swift in Sources */,
				16060EBB1AF046EC0099379F /* ProductIngredients.swift in Sources */,
				16F922961BB22F060000B26E /* BaseFactory.swift in Sources */,
				164BFDE71AD021E7003BF77B /* StoresTableViewCell.swift in Sources */,
				16F922A41BB66C2D0000B26E /* ParseContentsManager.swift in Sources */,
				16A74F331B08221D0078BCC9 /* TastingLogsTableViewCell.swift in Sources */,
				16CAF78E1AE1E75B00318AE5 /* CustomItemsStaticTableViewController.swift in Sources */,
				16DF6D461B188EE000BD079A /* Order.swift in Sources */,
				16F21E461AD9F9FD0052AD2A /* ProductDetailTableViewController.swift in Sources */,
				1682F7EB1AFED9D200FD630D /* ProductImageViewController.swift in Sources */,
				164BFDD61ACFA9FA003BF77B /* StoresBaseTableViewController.swift in Sources */,
			);
			runOnlyForDeploymentPostprocessing = 0;
		};
		16AE141E1ABD6B1A00370062 /* Sources */ = {
			isa = PBXSourcesBuildPhase;
			buildActionMask = 2147483647;
			files = (
				16AE14291ABD6B1A00370062 /* MyPocketSBUXTests.swift in Sources */,
			);
			runOnlyForDeploymentPostprocessing = 0;
		};
/* End PBXSourcesBuildPhase section */

/* Begin PBXTargetDependency section */
		16AE14241ABD6B1A00370062 /* PBXTargetDependency */ = {
			isa = PBXTargetDependency;
			target = 16AE14091ABD6B1900370062 /* MyPocketSBUX */;
			targetProxy = 16AE14231ABD6B1A00370062 /* PBXContainerItemProxy */;
		};
/* End PBXTargetDependency section */

/* Begin PBXVariantGroup section */
		16AE14161ABD6B1A00370062 /* Main.storyboard */ = {
			isa = PBXVariantGroup;
			children = (
				16AE14171ABD6B1A00370062 /* Base */,
			);
			name = Main.storyboard;
			sourceTree = "<group>";
		};
		16AE141B1ABD6B1A00370062 /* LaunchScreen.xib */ = {
			isa = PBXVariantGroup;
			children = (
				16AE141C1ABD6B1A00370062 /* Base */,
			);
			name = LaunchScreen.xib;
			sourceTree = "<group>";
		};
/* End PBXVariantGroup section */

/* Begin XCBuildConfiguration section */
		16AE142A1ABD6B1A00370062 /* Debug */ = {
			isa = XCBuildConfiguration;
			buildSettings = {
				ALWAYS_SEARCH_USER_PATHS = NO;
				CLANG_CXX_LANGUAGE_STANDARD = "gnu++0x";
				CLANG_CXX_LIBRARY = "libc++";
				CLANG_ENABLE_MODULES = YES;
				CLANG_ENABLE_OBJC_ARC = YES;
				CLANG_WARN_BOOL_CONVERSION = YES;
				CLANG_WARN_CONSTANT_CONVERSION = YES;
				CLANG_WARN_DIRECT_OBJC_ISA_USAGE = YES_ERROR;
				CLANG_WARN_EMPTY_BODY = YES;
				CLANG_WARN_ENUM_CONVERSION = YES;
				CLANG_WARN_INT_CONVERSION = YES;
				CLANG_WARN_OBJC_ROOT_CLASS = YES_ERROR;
				CLANG_WARN_UNREACHABLE_CODE = YES;
				CLANG_WARN__DUPLICATE_METHOD_MATCH = YES;
				CODE_SIGN_IDENTITY = "iPhone Developer: Takashi Ikeda (8WYY427W62)";
				COPY_PHASE_STRIP = NO;
				ENABLE_STRICT_OBJC_MSGSEND = YES;
				GCC_C_LANGUAGE_STANDARD = gnu99;
				GCC_DYNAMIC_NO_PIC = NO;
				GCC_OPTIMIZATION_LEVEL = 0;
				GCC_PREPROCESSOR_DEFINITIONS = (
					"DEBUG=1",
					"$(inherited)",
				);
				GCC_SYMBOLS_PRIVATE_EXTERN = NO;
				GCC_WARN_64_TO_32_BIT_CONVERSION = YES;
				GCC_WARN_ABOUT_RETURN_TYPE = YES_ERROR;
				GCC_WARN_UNDECLARED_SELECTOR = YES;
				GCC_WARN_UNINITIALIZED_AUTOS = YES_AGGRESSIVE;
				GCC_WARN_UNUSED_FUNCTION = YES;
				GCC_WARN_UNUSED_VARIABLE = YES;
				IPHONEOS_DEPLOYMENT_TARGET = 8.2;
				MTL_ENABLE_DEBUG_INFO = YES;
				ONLY_ACTIVE_ARCH = YES;
				PROVISIONING_PROFILE = "25a00f5d-a4a4-42ea-a637-585eaa9f6bfc";
				SDKROOT = iphoneos;
				SWIFT_OPTIMIZATION_LEVEL = "-Onone";
			};
			name = Debug;
		};
		16AE142B1ABD6B1A00370062 /* Release */ = {
			isa = XCBuildConfiguration;
			buildSettings = {
				ALWAYS_SEARCH_USER_PATHS = NO;
				CLANG_CXX_LANGUAGE_STANDARD = "gnu++0x";
				CLANG_CXX_LIBRARY = "libc++";
				CLANG_ENABLE_MODULES = YES;
				CLANG_ENABLE_OBJC_ARC = YES;
				CLANG_WARN_BOOL_CONVERSION = YES;
				CLANG_WARN_CONSTANT_CONVERSION = YES;
				CLANG_WARN_DIRECT_OBJC_ISA_USAGE = YES_ERROR;
				CLANG_WARN_EMPTY_BODY = YES;
				CLANG_WARN_ENUM_CONVERSION = YES;
				CLANG_WARN_INT_CONVERSION = YES;
				CLANG_WARN_OBJC_ROOT_CLASS = YES_ERROR;
				CLANG_WARN_UNREACHABLE_CODE = YES;
				CLANG_WARN__DUPLICATE_METHOD_MATCH = YES;
				"CODE_SIGN_IDENTITY[sdk=iphoneos*]" = "iPhone Developer: Takashi Ikeda (8WYY427W62)";
				COPY_PHASE_STRIP = NO;
				ENABLE_NS_ASSERTIONS = NO;
				ENABLE_STRICT_OBJC_MSGSEND = YES;
				GCC_C_LANGUAGE_STANDARD = gnu99;
				GCC_WARN_64_TO_32_BIT_CONVERSION = YES;
				GCC_WARN_ABOUT_RETURN_TYPE = YES_ERROR;
				GCC_WARN_UNDECLARED_SELECTOR = YES;
				GCC_WARN_UNINITIALIZED_AUTOS = YES_AGGRESSIVE;
				GCC_WARN_UNUSED_FUNCTION = YES;
				GCC_WARN_UNUSED_VARIABLE = YES;
				IPHONEOS_DEPLOYMENT_TARGET = 8.2;
				MTL_ENABLE_DEBUG_INFO = NO;
				PROVISIONING_PROFILE = "25a00f5d-a4a4-42ea-a637-585eaa9f6bfc";
				SDKROOT = iphoneos;
				VALIDATE_PRODUCT = YES;
			};
			name = Release;
		};
		16AE142D1ABD6B1A00370062 /* Debug */ = {
			isa = XCBuildConfiguration;
			buildSettings = {
				ASSETCATALOG_COMPILER_APPICON_NAME = AppIcon;
				FRAMEWORK_SEARCH_PATHS = (
					"$(inherited)",
					"$(PROJECT_DIR)/Frameworks",
				);
				INFOPLIST_FILE = MyPocketSBUX/Info.plist;
				LD_RUNPATH_SEARCH_PATHS = "$(inherited) @executable_path/Frameworks";
				PRODUCT_NAME = "$(TARGET_NAME)";
			};
			name = Debug;
		};
		16AE142E1ABD6B1A00370062 /* Release */ = {
			isa = XCBuildConfiguration;
			buildSettings = {
				ASSETCATALOG_COMPILER_APPICON_NAME = AppIcon;
				FRAMEWORK_SEARCH_PATHS = (
					"$(inherited)",
					"$(PROJECT_DIR)/Frameworks",
				);
				INFOPLIST_FILE = MyPocketSBUX/Info.plist;
				LD_RUNPATH_SEARCH_PATHS = "$(inherited) @executable_path/Frameworks";
				PRODUCT_NAME = "$(TARGET_NAME)";
			};
			name = Release;
		};
		16AE14301ABD6B1A00370062 /* Debug */ = {
			isa = XCBuildConfiguration;
			buildSettings = {
				BUNDLE_LOADER = "$(TEST_HOST)";
				FRAMEWORK_SEARCH_PATHS = (
					"$(SDKROOT)/Developer/Library/Frameworks",
					"$(inherited)",
				);
				GCC_PREPROCESSOR_DEFINITIONS = (
					"DEBUG=1",
					"$(inherited)",
				);
				INFOPLIST_FILE = MyPocketSBUXTests/Info.plist;
				LD_RUNPATH_SEARCH_PATHS = "$(inherited) @executable_path/Frameworks @loader_path/Frameworks";
				PRODUCT_NAME = "$(TARGET_NAME)";
				TEST_HOST = "$(BUILT_PRODUCTS_DIR)/MyPocketSBUX.app/MyPocketSBUX";
			};
			name = Debug;
		};
		16AE14311ABD6B1A00370062 /* Release */ = {
			isa = XCBuildConfiguration;
			buildSettings = {
				BUNDLE_LOADER = "$(TEST_HOST)";
				FRAMEWORK_SEARCH_PATHS = (
					"$(SDKROOT)/Developer/Library/Frameworks",
					"$(inherited)",
				);
				INFOPLIST_FILE = MyPocketSBUXTests/Info.plist;
				LD_RUNPATH_SEARCH_PATHS = "$(inherited) @executable_path/Frameworks @loader_path/Frameworks";
				PRODUCT_NAME = "$(TARGET_NAME)";
				TEST_HOST = "$(BUILT_PRODUCTS_DIR)/MyPocketSBUX.app/MyPocketSBUX";
			};
			name = Release;
		};
/* End XCBuildConfiguration section */

/* Begin XCConfigurationList section */
		16AE14051ABD6B1900370062 /* Build configuration list for PBXProject "MyPocketSBUX" */ = {
			isa = XCConfigurationList;
			buildConfigurations = (
				16AE142A1ABD6B1A00370062 /* Debug */,
				16AE142B1ABD6B1A00370062 /* Release */,
			);
			defaultConfigurationIsVisible = 0;
			defaultConfigurationName = Release;
		};
		16AE142C1ABD6B1A00370062 /* Build configuration list for PBXNativeTarget "MyPocketSBUX" */ = {
			isa = XCConfigurationList;
			buildConfigurations = (
				16AE142D1ABD6B1A00370062 /* Debug */,
				16AE142E1ABD6B1A00370062 /* Release */,
			);
			defaultConfigurationIsVisible = 0;
			defaultConfigurationName = Release;
		};
		16AE142F1ABD6B1A00370062 /* Build configuration list for PBXNativeTarget "MyPocketSBUXTests" */ = {
			isa = XCConfigurationList;
			buildConfigurations = (
				16AE14301ABD6B1A00370062 /* Debug */,
				16AE14311ABD6B1A00370062 /* Release */,
			);
			defaultConfigurationIsVisible = 0;
			defaultConfigurationName = Release;
		};
/* End XCConfigurationList section */

/* Begin XCVersionGroup section */
		16AE14111ABD6B1A00370062 /* MyPocketSBUX.xcdatamodeld */ = {
			isa = XCVersionGroup;
			children = (
				16AE14121ABD6B1A00370062 /* MyPocketSBUX.xcdatamodel */,
			);
			currentVersion = 16AE14121ABD6B1A00370062 /* MyPocketSBUX.xcdatamodel */;
			path = MyPocketSBUX.xcdatamodeld;
			sourceTree = "<group>";
			versionGroupType = wrapper.xcdatamodel;
		};
/* End XCVersionGroup section */
	};
	rootObject = 16AE14021ABD6B1900370062 /* Project object */;
}
