// !$*UTF8*$!
{
	archiveVersion = 1;
	classes = {
	};
	objectVersion = 46;
	objects = {

/* Begin PBXBuildFile section */
		16060EB71AF0456E0099379F /* Orders.swift in Sources */ = {isa = PBXBuildFile; fileRef = 16060EB61AF0456E0099379F /* Orders.swift */; };
		16060EB91AF046040099379F /* OrderDetails.swift in Sources */ = {isa = PBXBuildFile; fileRef = 16060EB81AF046040099379F /* OrderDetails.swift */; };
		16060EBB1AF046EC0099379F /* ProductIngredients.swift in Sources */ = {isa = PBXBuildFile; fileRef = 16060EBA1AF046EC0099379F /* ProductIngredients.swift */; };
		16060EBD1AF0D1AF0099379F /* OrdersTableViewController.swift in Sources */ = {isa = PBXBuildFile; fileRef = 16060EBC1AF0D1AF0099379F /* OrdersTableViewController.swift */; };
		16216E8F1AEEF5CB00DB6C0B /* OrderDetail.swift in Sources */ = {isa = PBXBuildFile; fileRef = 16216E8E1AEEF5CB00DB6C0B /* OrderDetail.swift */; };
		16216E951AEFB94400DB6C0B /* ProductIngredient.swift in Sources */ = {isa = PBXBuildFile; fileRef = 16216E941AEFB94400DB6C0B /* ProductIngredient.swift */; };
		164BFDC81AC6735E003BF77B /* PressReleases.swift in Sources */ = {isa = PBXBuildFile; fileRef = 164BFDC71AC6735E003BF77B /* PressReleases.swift */; };
		164BFDCB1AC67D9C003BF77B /* DateUtility.swift in Sources */ = {isa = PBXBuildFile; fileRef = 164BFDCA1AC67D9C003BF77B /* DateUtility.swift */; };
		164BFDCD1AC67DF5003BF77B /* StringExtension.swift in Sources */ = {isa = PBXBuildFile; fileRef = 164BFDCC1AC67DF5003BF77B /* StringExtension.swift */; };
		164BFDD11ACF89D1003BF77B /* SeminarsTableViewCell.swift in Sources */ = {isa = PBXBuildFile; fileRef = 164BFDCF1ACF89D1003BF77B /* SeminarsTableViewCell.swift */; };
		164BFDD21ACF89D1003BF77B /* SeminarsTableViewCell.xib in Resources */ = {isa = PBXBuildFile; fileRef = 164BFDD01ACF89D1003BF77B /* SeminarsTableViewCell.xib */; };
		164BFDD41ACFA8CF003BF77B /* StoresTableViewController.swift in Sources */ = {isa = PBXBuildFile; fileRef = 164BFDD31ACFA8CF003BF77B /* StoresTableViewController.swift */; };
		164BFDD61ACFA9FA003BF77B /* StoresBaseTableViewController.swift in Sources */ = {isa = PBXBuildFile; fileRef = 164BFDD51ACFA9FA003BF77B /* StoresBaseTableViewController.swift */; };
		164BFDD81ACFADEC003BF77B /* FilteredStoresTableViewController.swift in Sources */ = {isa = PBXBuildFile; fileRef = 164BFDD71ACFADEC003BF77B /* FilteredStoresTableViewController.swift */; };
		164BFDDA1ACFBEF3003BF77B /* UITableViewControllerExtension.swift in Sources */ = {isa = PBXBuildFile; fileRef = 164BFDD91ACFBEF3003BF77B /* UITableViewControllerExtension.swift */; };
		164BFDE01ACFC8FC003BF77B /* Stores.swift in Sources */ = {isa = PBXBuildFile; fileRef = 164BFDDF1ACFC8FC003BF77B /* Stores.swift */; };
		164BFDE21ACFC9B9003BF77B /* DbContextBase.swift in Sources */ = {isa = PBXBuildFile; fileRef = 164BFDE11ACFC9B9003BF77B /* DbContextBase.swift */; };
		164BFDE41ACFEAC5003BF77B /* Store.swift in Sources */ = {isa = PBXBuildFile; fileRef = 164BFDE31ACFEAC5003BF77B /* Store.swift */; };
		164BFDE71AD021E7003BF77B /* StoresTableViewCell.swift in Sources */ = {isa = PBXBuildFile; fileRef = 164BFDE51AD021E7003BF77B /* StoresTableViewCell.swift */; };
		164BFDE81AD021E7003BF77B /* StoresTableViewCell.xib in Resources */ = {isa = PBXBuildFile; fileRef = 164BFDE61AD021E7003BF77B /* StoresTableViewCell.xib */; };
		164BFDEA1AD02F8F003BF77B /* StoreDetailTableViewController.swift in Sources */ = {isa = PBXBuildFile; fileRef = 164BFDE91AD02F8F003BF77B /* StoreDetailTableViewController.swift */; };
		165F3F7E1AFA26AF00BCF1BB /* TastingLog.swift in Sources */ = {isa = PBXBuildFile; fileRef = 165F3F7D1AFA26AF00BCF1BB /* TastingLog.swift */; };
		165F3F801AFA2D2800BCF1BB /* RecommendationParametersViewController.swift in Sources */ = {isa = PBXBuildFile; fileRef = 165F3F7F1AFA2D2800BCF1BB /* RecommendationParametersViewController.swift */; };
		165F3F821AFA306E00BCF1BB /* RecommendationsTableViewController.swift in Sources */ = {isa = PBXBuildFile; fileRef = 165F3F811AFA306E00BCF1BB /* RecommendationsTableViewController.swift */; };
		165F3F841AFA32E700BCF1BB /* Recommender.swift in Sources */ = {isa = PBXBuildFile; fileRef = 165F3F831AFA32E700BCF1BB /* Recommender.swift */; };
		16757DBE1AF5E29400925C50 /* Order.swift in Sources */ = {isa = PBXBuildFile; fileRef = 16757DBD1AF5E29400925C50 /* Order.swift */; };
		16757DC21AF60DF200925C50 /* Nutritions.swift in Sources */ = {isa = PBXBuildFile; fileRef = 16757DC11AF60DF200925C50 /* Nutritions.swift */; };
		16757DC41AF60F1200925C50 /* Nutrition.swift in Sources */ = {isa = PBXBuildFile; fileRef = 16757DC31AF60F1200925C50 /* Nutrition.swift */; };
		16757DC61AF6DF1600925C50 /* VisitsTableViewController.swift in Sources */ = {isa = PBXBuildFile; fileRef = 16757DC51AF6DF1600925C50 /* VisitsTableViewController.swift */; };
		16757DC81AF6F2F800925C50 /* MakingCoffeePageViewController.swift in Sources */ = {isa = PBXBuildFile; fileRef = 16757DC71AF6F2F800925C50 /* MakingCoffeePageViewController.swift */; };
		16757DCA1AF6FAF100925C50 /* MakingCoffeeContentsManager.swift in Sources */ = {isa = PBXBuildFile; fileRef = 16757DC91AF6FAF100925C50 /* MakingCoffeeContentsManager.swift */; };
		16757DCC1AF70AAC00925C50 /* MakingCoffeePageContentViewController.swift in Sources */ = {isa = PBXBuildFile; fileRef = 16757DCB1AF70AAC00925C50 /* MakingCoffeePageContentViewController.swift */; };
		16757DCE1AF7166300925C50 /* MakingCoffeeTableViewController.swift in Sources */ = {isa = PBXBuildFile; fileRef = 16757DCD1AF7166300925C50 /* MakingCoffeeTableViewController.swift */; };
		16757DD01AF766EA00925C50 /* ProductsForSaleTableViewController.swift in Sources */ = {isa = PBXBuildFile; fileRef = 16757DCF1AF766EA00925C50 /* ProductsForSaleTableViewController.swift */; };
		16757DD21AF76AEA00925C50 /* ContentsManager.swift in Sources */ = {isa = PBXBuildFile; fileRef = 16757DD11AF76AEA00925C50 /* ContentsManager.swift */; };
		16757DD41AF7891A00925C50 /* Bean.swift in Sources */ = {isa = PBXBuildFile; fileRef = 16757DD31AF7891A00925C50 /* Bean.swift */; };
		16757DD61AF7893A00925C50 /* Beans.swift in Sources */ = {isa = PBXBuildFile; fileRef = 16757DD51AF7893A00925C50 /* Beans.swift */; };
		16757DDA1AF83F0900925C50 /* PairingsTableViewController.swift in Sources */ = {isa = PBXBuildFile; fileRef = 16757DD91AF83F0900925C50 /* PairingsTableViewController.swift */; };
		16757DDC1AF8417800925C50 /* Pairings.swift in Sources */ = {isa = PBXBuildFile; fileRef = 16757DDB1AF8417800925C50 /* Pairings.swift */; };
		16757DDE1AF842F800925C50 /* Pairing.swift in Sources */ = {isa = PBXBuildFile; fileRef = 16757DDD1AF842F800925C50 /* Pairing.swift */; };
		16757DE01AF84D3D00925C50 /* PairingManager.swift in Sources */ = {isa = PBXBuildFile; fileRef = 16757DDF1AF84D3D00925C50 /* PairingManager.swift */; };
		16757DE21AF888AE00925C50 /* OfficialContentsTableViewController.swift in Sources */ = {isa = PBXBuildFile; fileRef = 16757DE11AF888AE00925C50 /* OfficialContentsTableViewController.swift */; };
		16757DE41AF88C5100925C50 /* BaseWKWebViewController.swift in Sources */ = {isa = PBXBuildFile; fileRef = 16757DE31AF88C5100925C50 /* BaseWKWebViewController.swift */; };
		16757DE61AF8D54F00925C50 /* TastingLogsTableViewController.swift in Sources */ = {isa = PBXBuildFile; fileRef = 16757DE51AF8D54F00925C50 /* TastingLogsTableViewController.swift */; };
		16757DEA1AF8E70100925C50 /* TastingLogs.swift in Sources */ = {isa = PBXBuildFile; fileRef = 16757DE91AF8E70100925C50 /* TastingLogs.swift */; };
		16757DEC1AF8F28700925C50 /* TastingLogEditorTableViewController.swift in Sources */ = {isa = PBXBuildFile; fileRef = 16757DEB1AF8F28700925C50 /* TastingLogEditorTableViewController.swift */; };
		16757DEE1AF97CCE00925C50 /* TastingLogEditorTableViewCell.swift in Sources */ = {isa = PBXBuildFile; fileRef = 16757DED1AF97CCE00925C50 /* TastingLogEditorTableViewCell.swift */; };
		1682F7CD1AFB449100FD630D /* TunesTableViewController.swift in Sources */ = {isa = PBXBuildFile; fileRef = 1682F7CC1AFB449100FD630D /* TunesTableViewController.swift */; };
		1682F7CF1AFB48CB00FD630D /* TuneManager.swift in Sources */ = {isa = PBXBuildFile; fileRef = 1682F7CE1AFB48CB00FD630D /* TuneManager.swift */; };
		1682F7D11AFC386800FD630D /* SettingsTableViewController.swift in Sources */ = {isa = PBXBuildFile; fileRef = 1682F7D01AFC386800FD630D /* SettingsTableViewController.swift */; };
		1682F7D31AFC3FBC00FD630D /* SettingsManager.swift in Sources */ = {isa = PBXBuildFile; fileRef = 1682F7D21AFC3FBC00FD630D /* SettingsManager.swift */; };
		1683F0AD1ADBDAD80034C7CB /* OrderTableViewController.swift in Sources */ = {isa = PBXBuildFile; fileRef = 1683F0AC1ADBDAD80034C7CB /* OrderTableViewController.swift */; };
		1683F0AF1ADBDE4E0034C7CB /* OrderListItem.swift in Sources */ = {isa = PBXBuildFile; fileRef = 1683F0AE1ADBDE4E0034C7CB /* OrderListItem.swift */; };
		1683F0B11ADC80270034C7CB /* OrderTableViewCell.swift in Sources */ = {isa = PBXBuildFile; fileRef = 1683F0B01ADC80270034C7CB /* OrderTableViewCell.swift */; };
		1683F0B31ADD321F0034C7CB /* CustomizingOrderTableViewController.swift in Sources */ = {isa = PBXBuildFile; fileRef = 1683F0B21ADD321F0034C7CB /* CustomizingOrderTableViewController.swift */; };
		16AE14101ABD6B1A00370062 /* AppDelegate.swift in Sources */ = {isa = PBXBuildFile; fileRef = 16AE140F1ABD6B1A00370062 /* AppDelegate.swift */; };
		16AE14131ABD6B1A00370062 /* MyPocketSBUX.xcdatamodeld in Sources */ = {isa = PBXBuildFile; fileRef = 16AE14111ABD6B1A00370062 /* MyPocketSBUX.xcdatamodeld */; };
		16AE14181ABD6B1A00370062 /* Main.storyboard in Resources */ = {isa = PBXBuildFile; fileRef = 16AE14161ABD6B1A00370062 /* Main.storyboard */; };
		16AE141A1ABD6B1A00370062 /* Images.xcassets in Resources */ = {isa = PBXBuildFile; fileRef = 16AE14191ABD6B1A00370062 /* Images.xcassets */; };
		16AE141D1ABD6B1A00370062 /* LaunchScreen.xib in Resources */ = {isa = PBXBuildFile; fileRef = 16AE141B1ABD6B1A00370062 /* LaunchScreen.xib */; };
		16AE14291ABD6B1A00370062 /* MyPocketSBUXTests.swift in Sources */ = {isa = PBXBuildFile; fileRef = 16AE14281ABD6B1A00370062 /* MyPocketSBUXTests.swift */; };
		16AE14361ABEDDEE00370062 /* SBUXTableViewController.swift in Sources */ = {isa = PBXBuildFile; fileRef = 16AE14351ABEDDEE00370062 /* SBUXTableViewController.swift */; };
		16AE14381AC2BF7A00370062 /* NewsTableViewController.swift in Sources */ = {isa = PBXBuildFile; fileRef = 16AE14371AC2BF7A00370062 /* NewsTableViewController.swift */; };
		16AE143A1AC65A3700370062 /* SBUXWKWebViewController.swift in Sources */ = {isa = PBXBuildFile; fileRef = 16AE14391AC65A3700370062 /* SBUXWKWebViewController.swift */; };
		16B1F28F1ADAAF1B0026E377 /* ResourceContext.swift in Sources */ = {isa = PBXBuildFile; fileRef = 16B1F28E1ADAAF1B0026E377 /* ResourceContext.swift */; };
		16B6005C1AE756E3000ECB7E /* CustomItemsTableViewController.swift in Sources */ = {isa = PBXBuildFile; fileRef = 16B6005B1AE756E3000ECB7E /* CustomItemsTableViewController.swift */; };
		16B6005F1AE79407000ECB7E /* IngredientManager.swift in Sources */ = {isa = PBXBuildFile; fileRef = 16B6005E1AE79407000ECB7E /* IngredientManager.swift */; };
		16B600611AE7CD8C000ECB7E /* CustomItemsTableViewCell.swift in Sources */ = {isa = PBXBuildFile; fileRef = 16B600601AE7CD8C000ECB7E /* CustomItemsTableViewCell.swift */; };
		16C979D51ACA066A00543120 /* SeminarsTableViewController.swift in Sources */ = {isa = PBXBuildFile; fileRef = 16C979D41ACA066A00543120 /* SeminarsTableViewController.swift */; };
		16C979D71ACD7E2400543120 /* SeminarsBaseTableViewController.swift in Sources */ = {isa = PBXBuildFile; fileRef = 16C979D61ACD7E2400543120 /* SeminarsBaseTableViewController.swift */; };
		16C979D91ACD8EC600543120 /* FilteredSeminarsTableViewController.swift in Sources */ = {isa = PBXBuildFile; fileRef = 16C979D81ACD8EC600543120 /* FilteredSeminarsTableViewController.swift */; };
		16C979DB1AD1F13800543120 /* StoreMapViewController.swift in Sources */ = {isa = PBXBuildFile; fileRef = 16C979DA1AD1F13800543120 /* StoreMapViewController.swift */; };
		16C979E01AD2C88F00543120 /* LocationContext.swift in Sources */ = {isa = PBXBuildFile; fileRef = 16C979DF1AD2C88F00543120 /* LocationContext.swift */; };
		16C979E21AD5E50400543120 /* StoreAnnotation.swift in Sources */ = {isa = PBXBuildFile; fileRef = 16C979E11AD5E50400543120 /* StoreAnnotation.swift */; };
		16CAF78E1AE1E75B00318AE5 /* CustomItemsStaticTableViewController.swift in Sources */ = {isa = PBXBuildFile; fileRef = 16CAF78D1AE1E75B00318AE5 /* CustomItemsStaticTableViewController.swift */; };
		16CAF7901AE28CE000318AE5 /* DrinkOrderTableViewCell.swift in Sources */ = {isa = PBXBuildFile; fileRef = 16CAF78F1AE28CE000318AE5 /* DrinkOrderTableViewCell.swift */; };
		16CAF7941AE2ABA900318AE5 /* FoodOrderTableViewCell.swift in Sources */ = {isa = PBXBuildFile; fileRef = 16CAF7931AE2ABA900318AE5 /* FoodOrderTableViewCell.swift */; };
		16CAF7961AE3757300318AE5 /* CustomizingOrderTableViewCell.swift in Sources */ = {isa = PBXBuildFile; fileRef = 16CAF7951AE3757300318AE5 /* CustomizingOrderTableViewCell.swift */; };
		16D3B3681AF996AF00F5E67B /* DatePickerViewController.swift in Sources */ = {isa = PBXBuildFile; fileRef = 16D3B3671AF996AF00F5E67B /* DatePickerViewController.swift */; };
		16D3B36A1AF9A0F600F5E67B /* TastingLogManager.swift in Sources */ = {isa = PBXBuildFile; fileRef = 16D3B3691AF9A0F600F5E67B /* TastingLogManager.swift */; };
		16D3B36C1AF9F19E00F5E67B /* TextViewController.swift in Sources */ = {isa = PBXBuildFile; fileRef = 16D3B36B1AF9F19E00F5E67B /* TextViewController.swift */; };
		16E442CB1AD8EE7A003C3AA2 /* NewsTableViewCell.swift in Sources */ = {isa = PBXBuildFile; fileRef = 16E442CA1AD8EE7A003C3AA2 /* NewsTableViewCell.swift */; };
		16E442CD1AD90314003C3AA2 /* PressRelease.swift in Sources */ = {isa = PBXBuildFile; fileRef = 16E442CC1AD90314003C3AA2 /* PressRelease.swift */; };
		16F21E3F1AD9F1D20052AD2A /* MenuTableViewController.swift in Sources */ = {isa = PBXBuildFile; fileRef = 16F21E3E1AD9F1D20052AD2A /* MenuTableViewController.swift */; };
		16F21E421AD9F50A0052AD2A /* MenuSectionItem.swift in Sources */ = {isa = PBXBuildFile; fileRef = 16F21E411AD9F50A0052AD2A /* MenuSectionItem.swift */; };
		16F21E441AD9F7DA0052AD2A /* MenuListItem.swift in Sources */ = {isa = PBXBuildFile; fileRef = 16F21E431AD9F7DA0052AD2A /* MenuListItem.swift */; };
		16F21E461AD9F9FD0052AD2A /* ProductDetailTableViewController.swift in Sources */ = {isa = PBXBuildFile; fileRef = 16F21E451AD9F9FD0052AD2A /* ProductDetailTableViewController.swift */; };
		16F21E481ADA08430052AD2A /* Drink.swift in Sources */ = {isa = PBXBuildFile; fileRef = 16F21E471ADA08430052AD2A /* Drink.swift */; };
		16F21E4A1ADA0A6C0052AD2A /* Food.swift in Sources */ = {isa = PBXBuildFile; fileRef = 16F21E491ADA0A6C0052AD2A /* Food.swift */; };
		16F21E4C1ADA0B930052AD2A /* Foods.swift in Sources */ = {isa = PBXBuildFile; fileRef = 16F21E4B1ADA0B930052AD2A /* Foods.swift */; };
		16F21E4E1ADA2B7C0052AD2A /* DrinkMenuListItem.swift in Sources */ = {isa = PBXBuildFile; fileRef = 16F21E4D1ADA2B7C0052AD2A /* DrinkMenuListItem.swift */; };
		16F21E501ADA2FE20052AD2A /* MenuListItemTableViewCell.swift in Sources */ = {isa = PBXBuildFile; fileRef = 16F21E4F1ADA2FE20052AD2A /* MenuListItemTableViewCell.swift */; };
		16F21E521ADA30A30052AD2A /* DrinkMenuListItemTableViewCell.swift in Sources */ = {isa = PBXBuildFile; fileRef = 16F21E511ADA30A30052AD2A /* DrinkMenuListItemTableViewCell.swift */; };
		16F21E541ADA34FE0052AD2A /* Drinks.swift in Sources */ = {isa = PBXBuildFile; fileRef = 16F21E531ADA34FE0052AD2A /* Drinks.swift */; };
		16F21E561ADA39AE0052AD2A /* FoodMenuListItem.swift in Sources */ = {isa = PBXBuildFile; fileRef = 16F21E551ADA39AE0052AD2A /* FoodMenuListItem.swift */; };
		16F21E581ADA45360052AD2A /* FoodMenuListItemTableViewCell.swift in Sources */ = {isa = PBXBuildFile; fileRef = 16F21E571ADA45360052AD2A /* FoodMenuListItemTableViewCell.swift */; };
		16F21E5A1ADA45AA0052AD2A /* OrderMenuListItemTableViewCell.swift in Sources */ = {isa = PBXBuildFile; fileRef = 16F21E591ADA45AA0052AD2A /* OrderMenuListItemTableViewCell.swift */; };
		16F6B0C51AEB9358007F7E51 /* PriceCalculator.swift in Sources */ = {isa = PBXBuildFile; fileRef = 16F6B0C41AEB9358007F7E51 /* PriceCalculator.swift */; };
		16F6B0C71AECBC06007F7E51 /* OrderConfirmationTableViewController.swift in Sources */ = {isa = PBXBuildFile; fileRef = 16F6B0C61AECBC06007F7E51 /* OrderConfirmationTableViewController.swift */; };
		16F6B0C91AECF39C007F7E51 /* OrderManager.swift in Sources */ = {isa = PBXBuildFile; fileRef = 16F6B0C81AECF39C007F7E51 /* OrderManager.swift */; };
/* End PBXBuildFile section */

/* Begin PBXContainerItemProxy section */
		16AE14231ABD6B1A00370062 /* PBXContainerItemProxy */ = {
			isa = PBXContainerItemProxy;
			containerPortal = 16AE14021ABD6B1900370062 /* Project object */;
			proxyType = 1;
			remoteGlobalIDString = 16AE14091ABD6B1900370062;
			remoteInfo = MyPocketSBUX;
		};
/* End PBXContainerItemProxy section */

/* Begin PBXFileReference section */
		16060EB61AF0456E0099379F /* Orders.swift */ = {isa = PBXFileReference; fileEncoding = 4; lastKnownFileType = sourcecode.swift; path = Orders.swift; sourceTree = "<group>"; };
		16060EB81AF046040099379F /* OrderDetails.swift */ = {isa = PBXFileReference; fileEncoding = 4; lastKnownFileType = sourcecode.swift; path = OrderDetails.swift; sourceTree = "<group>"; };
		16060EBA1AF046EC0099379F /* ProductIngredients.swift */ = {isa = PBXFileReference; fileEncoding = 4; lastKnownFileType = sourcecode.swift; path = ProductIngredients.swift; sourceTree = "<group>"; };
		16060EBC1AF0D1AF0099379F /* OrdersTableViewController.swift */ = {isa = PBXFileReference; fileEncoding = 4; lastKnownFileType = sourcecode.swift; path = OrdersTableViewController.swift; sourceTree = "<group>"; };
		16216E8E1AEEF5CB00DB6C0B /* OrderDetail.swift */ = {isa = PBXFileReference; fileEncoding = 4; lastKnownFileType = sourcecode.swift; path = OrderDetail.swift; sourceTree = "<group>"; };
		16216E941AEFB94400DB6C0B /* ProductIngredient.swift */ = {isa = PBXFileReference; fileEncoding = 4; lastKnownFileType = sourcecode.swift; path = ProductIngredient.swift; sourceTree = "<group>"; };
		164BFDC71AC6735E003BF77B /* PressReleases.swift */ = {isa = PBXFileReference; fileEncoding = 4; lastKnownFileType = sourcecode.swift; path = PressReleases.swift; sourceTree = "<group>"; };
		164BFDCA1AC67D9C003BF77B /* DateUtility.swift */ = {isa = PBXFileReference; fileEncoding = 4; lastKnownFileType = sourcecode.swift; path = DateUtility.swift; sourceTree = "<group>"; };
		164BFDCC1AC67DF5003BF77B /* StringExtension.swift */ = {isa = PBXFileReference; fileEncoding = 4; lastKnownFileType = sourcecode.swift; path = StringExtension.swift; sourceTree = "<group>"; };
		164BFDCF1ACF89D1003BF77B /* SeminarsTableViewCell.swift */ = {isa = PBXFileReference; fileEncoding = 4; lastKnownFileType = sourcecode.swift; path = SeminarsTableViewCell.swift; sourceTree = "<group>"; };
		164BFDD01ACF89D1003BF77B /* SeminarsTableViewCell.xib */ = {isa = PBXFileReference; fileEncoding = 4; lastKnownFileType = file.xib; path = SeminarsTableViewCell.xib; sourceTree = "<group>"; };
		164BFDD31ACFA8CF003BF77B /* StoresTableViewController.swift */ = {isa = PBXFileReference; fileEncoding = 4; lastKnownFileType = sourcecode.swift; path = StoresTableViewController.swift; sourceTree = "<group>"; };
		164BFDD51ACFA9FA003BF77B /* StoresBaseTableViewController.swift */ = {isa = PBXFileReference; fileEncoding = 4; lastKnownFileType = sourcecode.swift; path = StoresBaseTableViewController.swift; sourceTree = "<group>"; };
		164BFDD71ACFADEC003BF77B /* FilteredStoresTableViewController.swift */ = {isa = PBXFileReference; fileEncoding = 4; lastKnownFileType = sourcecode.swift; path = FilteredStoresTableViewController.swift; sourceTree = "<group>"; };
		164BFDD91ACFBEF3003BF77B /* UITableViewControllerExtension.swift */ = {isa = PBXFileReference; fileEncoding = 4; lastKnownFileType = sourcecode.swift; path = UITableViewControllerExtension.swift; sourceTree = "<group>"; };
		164BFDDF1ACFC8FC003BF77B /* Stores.swift */ = {isa = PBXFileReference; fileEncoding = 4; lastKnownFileType = sourcecode.swift; path = Stores.swift; sourceTree = "<group>"; };
		164BFDE11ACFC9B9003BF77B /* DbContextBase.swift */ = {isa = PBXFileReference; fileEncoding = 4; lastKnownFileType = sourcecode.swift; path = DbContextBase.swift; sourceTree = "<group>"; };
		164BFDE31ACFEAC5003BF77B /* Store.swift */ = {isa = PBXFileReference; fileEncoding = 4; lastKnownFileType = sourcecode.swift; path = Store.swift; sourceTree = "<group>"; };
		164BFDE51AD021E7003BF77B /* StoresTableViewCell.swift */ = {isa = PBXFileReference; fileEncoding = 4; lastKnownFileType = sourcecode.swift; path = StoresTableViewCell.swift; sourceTree = "<group>"; };
		164BFDE61AD021E7003BF77B /* StoresTableViewCell.xib */ = {isa = PBXFileReference; fileEncoding = 4; lastKnownFileType = file.xib; path = StoresTableViewCell.xib; sourceTree = "<group>"; };
		164BFDE91AD02F8F003BF77B /* StoreDetailTableViewController.swift */ = {isa = PBXFileReference; fileEncoding = 4; lastKnownFileType = sourcecode.swift; path = StoreDetailTableViewController.swift; sourceTree = "<group>"; };
		165F3F7D1AFA26AF00BCF1BB /* TastingLog.swift */ = {isa = PBXFileReference; fileEncoding = 4; lastKnownFileType = sourcecode.swift; path = TastingLog.swift; sourceTree = "<group>"; };
		165F3F7F1AFA2D2800BCF1BB /* RecommendationParametersViewController.swift */ = {isa = PBXFileReference; fileEncoding = 4; lastKnownFileType = sourcecode.swift; path = RecommendationParametersViewController.swift; sourceTree = "<group>"; };
		165F3F811AFA306E00BCF1BB /* RecommendationsTableViewController.swift */ = {isa = PBXFileReference; fileEncoding = 4; lastKnownFileType = sourcecode.swift; path = RecommendationsTableViewController.swift; sourceTree = "<group>"; };
		165F3F831AFA32E700BCF1BB /* Recommender.swift */ = {isa = PBXFileReference; fileEncoding = 4; lastKnownFileType = sourcecode.swift; path = Recommender.swift; sourceTree = "<group>"; };
		16757DBD1AF5E29400925C50 /* Order.swift */ = {isa = PBXFileReference; fileEncoding = 4; lastKnownFileType = sourcecode.swift; path = Order.swift; sourceTree = "<group>"; };
		16757DC11AF60DF200925C50 /* Nutritions.swift */ = {isa = PBXFileReference; fileEncoding = 4; lastKnownFileType = sourcecode.swift; path = Nutritions.swift; sourceTree = "<group>"; };
		16757DC31AF60F1200925C50 /* Nutrition.swift */ = {isa = PBXFileReference; fileEncoding = 4; lastKnownFileType = sourcecode.swift; path = Nutrition.swift; sourceTree = "<group>"; };
		16757DC51AF6DF1600925C50 /* VisitsTableViewController.swift */ = {isa = PBXFileReference; fileEncoding = 4; lastKnownFileType = sourcecode.swift; path = VisitsTableViewController.swift; sourceTree = "<group>"; };
		16757DC71AF6F2F800925C50 /* MakingCoffeePageViewController.swift */ = {isa = PBXFileReference; fileEncoding = 4; lastKnownFileType = sourcecode.swift; path = MakingCoffeePageViewController.swift; sourceTree = "<group>"; };
		16757DC91AF6FAF100925C50 /* MakingCoffeeContentsManager.swift */ = {isa = PBXFileReference; fileEncoding = 4; lastKnownFileType = sourcecode.swift; path = MakingCoffeeContentsManager.swift; sourceTree = "<group>"; };
		16757DCB1AF70AAC00925C50 /* MakingCoffeePageContentViewController.swift */ = {isa = PBXFileReference; fileEncoding = 4; lastKnownFileType = sourcecode.swift; path = MakingCoffeePageContentViewController.swift; sourceTree = "<group>"; };
		16757DCD1AF7166300925C50 /* MakingCoffeeTableViewController.swift */ = {isa = PBXFileReference; fileEncoding = 4; lastKnownFileType = sourcecode.swift; path = MakingCoffeeTableViewController.swift; sourceTree = "<group>"; };
		16757DCF1AF766EA00925C50 /* ProductsForSaleTableViewController.swift */ = {isa = PBXFileReference; fileEncoding = 4; lastKnownFileType = sourcecode.swift; path = ProductsForSaleTableViewController.swift; sourceTree = "<group>"; };
		16757DD11AF76AEA00925C50 /* ContentsManager.swift */ = {isa = PBXFileReference; fileEncoding = 4; lastKnownFileType = sourcecode.swift; path = ContentsManager.swift; sourceTree = "<group>"; };
		16757DD31AF7891A00925C50 /* Bean.swift */ = {isa = PBXFileReference; fileEncoding = 4; lastKnownFileType = sourcecode.swift; path = Bean.swift; sourceTree = "<group>"; };
		16757DD51AF7893A00925C50 /* Beans.swift */ = {isa = PBXFileReference; fileEncoding = 4; lastKnownFileType = sourcecode.swift; path = Beans.swift; sourceTree = "<group>"; };
		16757DD91AF83F0900925C50 /* PairingsTableViewController.swift */ = {isa = PBXFileReference; fileEncoding = 4; lastKnownFileType = sourcecode.swift; path = PairingsTableViewController.swift; sourceTree = "<group>"; };
		16757DDB1AF8417800925C50 /* Pairings.swift */ = {isa = PBXFileReference; fileEncoding = 4; lastKnownFileType = sourcecode.swift; path = Pairings.swift; sourceTree = "<group>"; };
		16757DDD1AF842F800925C50 /* Pairing.swift */ = {isa = PBXFileReference; fileEncoding = 4; lastKnownFileType = sourcecode.swift; path = Pairing.swift; sourceTree = "<group>"; };
		16757DDF1AF84D3D00925C50 /* PairingManager.swift */ = {isa = PBXFileReference; fileEncoding = 4; lastKnownFileType = sourcecode.swift; path = PairingManager.swift; sourceTree = "<group>"; };
		16757DE11AF888AE00925C50 /* OfficialContentsTableViewController.swift */ = {isa = PBXFileReference; fileEncoding = 4; lastKnownFileType = sourcecode.swift; path = OfficialContentsTableViewController.swift; sourceTree = "<group>"; };
		16757DE31AF88C5100925C50 /* BaseWKWebViewController.swift */ = {isa = PBXFileReference; fileEncoding = 4; lastKnownFileType = sourcecode.swift; path = BaseWKWebViewController.swift; sourceTree = "<group>"; };
		16757DE51AF8D54F00925C50 /* TastingLogsTableViewController.swift */ = {isa = PBXFileReference; fileEncoding = 4; lastKnownFileType = sourcecode.swift; path = TastingLogsTableViewController.swift; sourceTree = "<group>"; };
		16757DE91AF8E70100925C50 /* TastingLogs.swift */ = {isa = PBXFileReference; fileEncoding = 4; lastKnownFileType = sourcecode.swift; path = TastingLogs.swift; sourceTree = "<group>"; };
		16757DEB1AF8F28700925C50 /* TastingLogEditorTableViewController.swift */ = {isa = PBXFileReference; fileEncoding = 4; lastKnownFileType = sourcecode.swift; path = TastingLogEditorTableViewController.swift; sourceTree = "<group>"; };
		16757DED1AF97CCE00925C50 /* TastingLogEditorTableViewCell.swift */ = {isa = PBXFileReference; fileEncoding = 4; lastKnownFileType = sourcecode.swift; path = TastingLogEditorTableViewCell.swift; sourceTree = "<group>"; };
		1682F7CC1AFB449100FD630D /* TunesTableViewController.swift */ = {isa = PBXFileReference; fileEncoding = 4; lastKnownFileType = sourcecode.swift; path = TunesTableViewController.swift; sourceTree = "<group>"; };
		1682F7CE1AFB48CB00FD630D /* TuneManager.swift */ = {isa = PBXFileReference; fileEncoding = 4; lastKnownFileType = sourcecode.swift; path = TuneManager.swift; sourceTree = "<group>"; };
		1682F7D01AFC386800FD630D /* SettingsTableViewController.swift */ = {isa = PBXFileReference; fileEncoding = 4; lastKnownFileType = sourcecode.swift; path = SettingsTableViewController.swift; sourceTree = "<group>"; };
		1682F7D21AFC3FBC00FD630D /* SettingsManager.swift */ = {isa = PBXFileReference; fileEncoding = 4; lastKnownFileType = sourcecode.swift; path = SettingsManager.swift; sourceTree = "<group>"; };
		1683F0AC1ADBDAD80034C7CB /* OrderTableViewController.swift */ = {isa = PBXFileReference; fileEncoding = 4; lastKnownFileType = sourcecode.swift; path = OrderTableViewController.swift; sourceTree = "<group>"; };
		1683F0AE1ADBDE4E0034C7CB /* OrderListItem.swift */ = {isa = PBXFileReference; fileEncoding = 4; lastKnownFileType = sourcecode.swift; path = OrderListItem.swift; sourceTree = "<group>"; };
		1683F0B01ADC80270034C7CB /* OrderTableViewCell.swift */ = {isa = PBXFileReference; fileEncoding = 4; lastKnownFileType = sourcecode.swift; path = OrderTableViewCell.swift; sourceTree = "<group>"; };
		1683F0B21ADD321F0034C7CB /* CustomizingOrderTableViewController.swift */ = {isa = PBXFileReference; fileEncoding = 4; lastKnownFileType = sourcecode.swift; path = CustomizingOrderTableViewController.swift; sourceTree = "<group>"; };
		16AE140A1ABD6B1900370062 /* MyPocketSBUX.app */ = {isa = PBXFileReference; explicitFileType = wrapper.application; includeInIndex = 0; path = MyPocketSBUX.app; sourceTree = BUILT_PRODUCTS_DIR; };
		16AE140E1ABD6B1A00370062 /* Info.plist */ = {isa = PBXFileReference; lastKnownFileType = text.plist.xml; path = Info.plist; sourceTree = "<group>"; };
		16AE140F1ABD6B1A00370062 /* AppDelegate.swift */ = {isa = PBXFileReference; lastKnownFileType = sourcecode.swift; path = AppDelegate.swift; sourceTree = "<group>"; };
		16AE14121ABD6B1A00370062 /* MyPocketSBUX.xcdatamodel */ = {isa = PBXFileReference; lastKnownFileType = wrapper.xcdatamodel; path = MyPocketSBUX.xcdatamodel; sourceTree = "<group>"; };
		16AE14171ABD6B1A00370062 /* Base */ = {isa = PBXFileReference; lastKnownFileType = file.storyboard; name = Base; path = Base.lproj/Main.storyboard; sourceTree = "<group>"; };
		16AE14191ABD6B1A00370062 /* Images.xcassets */ = {isa = PBXFileReference; lastKnownFileType = folder.assetcatalog; path = Images.xcassets; sourceTree = "<group>"; };
		16AE141C1ABD6B1A00370062 /* Base */ = {isa = PBXFileReference; lastKnownFileType = file.xib; name = Base; path = Base.lproj/LaunchScreen.xib; sourceTree = "<group>"; };
		16AE14221ABD6B1A00370062 /* MyPocketSBUXTests.xctest */ = {isa = PBXFileReference; explicitFileType = wrapper.cfbundle; includeInIndex = 0; path = MyPocketSBUXTests.xctest; sourceTree = BUILT_PRODUCTS_DIR; };
		16AE14271ABD6B1A00370062 /* Info.plist */ = {isa = PBXFileReference; lastKnownFileType = text.plist.xml; path = Info.plist; sourceTree = "<group>"; };
		16AE14281ABD6B1A00370062 /* MyPocketSBUXTests.swift */ = {isa = PBXFileReference; lastKnownFileType = sourcecode.swift; path = MyPocketSBUXTests.swift; sourceTree = "<group>"; };
		16AE14351ABEDDEE00370062 /* SBUXTableViewController.swift */ = {isa = PBXFileReference; fileEncoding = 4; lastKnownFileType = sourcecode.swift; path = SBUXTableViewController.swift; sourceTree = "<group>"; };
		16AE14371AC2BF7A00370062 /* NewsTableViewController.swift */ = {isa = PBXFileReference; fileEncoding = 4; lastKnownFileType = sourcecode.swift; path = NewsTableViewController.swift; sourceTree = "<group>"; };
		16AE14391AC65A3700370062 /* SBUXWKWebViewController.swift */ = {isa = PBXFileReference; fileEncoding = 4; lastKnownFileType = sourcecode.swift; path = SBUXWKWebViewController.swift; sourceTree = "<group>"; };
		16B1F28E1ADAAF1B0026E377 /* ResourceContext.swift */ = {isa = PBXFileReference; fileEncoding = 4; lastKnownFileType = sourcecode.swift; path = ResourceContext.swift; sourceTree = "<group>"; };
		16B6005B1AE756E3000ECB7E /* CustomItemsTableViewController.swift */ = {isa = PBXFileReference; fileEncoding = 4; lastKnownFileType = sourcecode.swift; path = CustomItemsTableViewController.swift; sourceTree = "<group>"; };
		16B6005E1AE79407000ECB7E /* IngredientManager.swift */ = {isa = PBXFileReference; fileEncoding = 4; lastKnownFileType = sourcecode.swift; path = IngredientManager.swift; sourceTree = "<group>"; };
		16B600601AE7CD8C000ECB7E /* CustomItemsTableViewCell.swift */ = {isa = PBXFileReference; fileEncoding = 4; lastKnownFileType = sourcecode.swift; path = CustomItemsTableViewCell.swift; sourceTree = "<group>"; };
		16C979D41ACA066A00543120 /* SeminarsTableViewController.swift */ = {isa = PBXFileReference; fileEncoding = 4; lastKnownFileType = sourcecode.swift; path = SeminarsTableViewController.swift; sourceTree = "<group>"; };
		16C979D61ACD7E2400543120 /* SeminarsBaseTableViewController.swift */ = {isa = PBXFileReference; fileEncoding = 4; lastKnownFileType = sourcecode.swift; path = SeminarsBaseTableViewController.swift; sourceTree = "<group>"; };
		16C979D81ACD8EC600543120 /* FilteredSeminarsTableViewController.swift */ = {isa = PBXFileReference; fileEncoding = 4; lastKnownFileType = sourcecode.swift; path = FilteredSeminarsTableViewController.swift; sourceTree = "<group>"; };
		16C979DA1AD1F13800543120 /* StoreMapViewController.swift */ = {isa = PBXFileReference; fileEncoding = 4; lastKnownFileType = sourcecode.swift; path = StoreMapViewController.swift; sourceTree = "<group>"; };
		16C979DF1AD2C88F00543120 /* LocationContext.swift */ = {isa = PBXFileReference; fileEncoding = 4; lastKnownFileType = sourcecode.swift; path = LocationContext.swift; sourceTree = "<group>"; };
		16C979E11AD5E50400543120 /* StoreAnnotation.swift */ = {isa = PBXFileReference; fileEncoding = 4; lastKnownFileType = sourcecode.swift; path = StoreAnnotation.swift; sourceTree = "<group>"; };
		16CAF78D1AE1E75B00318AE5 /* CustomItemsStaticTableViewController.swift */ = {isa = PBXFileReference; fileEncoding = 4; lastKnownFileType = sourcecode.swift; path = CustomItemsStaticTableViewController.swift; sourceTree = "<group>"; };
		16CAF78F1AE28CE000318AE5 /* DrinkOrderTableViewCell.swift */ = {isa = PBXFileReference; fileEncoding = 4; lastKnownFileType = sourcecode.swift; path = DrinkOrderTableViewCell.swift; sourceTree = "<group>"; };
		16CAF7931AE2ABA900318AE5 /* FoodOrderTableViewCell.swift */ = {isa = PBXFileReference; fileEncoding = 4; lastKnownFileType = sourcecode.swift; path = FoodOrderTableViewCell.swift; sourceTree = "<group>"; };
		16CAF7951AE3757300318AE5 /* CustomizingOrderTableViewCell.swift */ = {isa = PBXFileReference; fileEncoding = 4; lastKnownFileType = sourcecode.swift; path = CustomizingOrderTableViewCell.swift; sourceTree = "<group>"; };
		16D3B3671AF996AF00F5E67B /* DatePickerViewController.swift */ = {isa = PBXFileReference; fileEncoding = 4; lastKnownFileType = sourcecode.swift; path = DatePickerViewController.swift; sourceTree = "<group>"; };
		16D3B3691AF9A0F600F5E67B /* TastingLogManager.swift */ = {isa = PBXFileReference; fileEncoding = 4; lastKnownFileType = sourcecode.swift; path = TastingLogManager.swift; sourceTree = "<group>"; };
		16D3B36B1AF9F19E00F5E67B /* TextViewController.swift */ = {isa = PBXFileReference; fileEncoding = 4; lastKnownFileType = sourcecode.swift; path = TextViewController.swift; sourceTree = "<group>"; };
		16E442CA1AD8EE7A003C3AA2 /* NewsTableViewCell.swift */ = {isa = PBXFileReference; fileEncoding = 4; lastKnownFileType = sourcecode.swift; path = NewsTableViewCell.swift; sourceTree = "<group>"; };
		16E442CC1AD90314003C3AA2 /* PressRelease.swift */ = {isa = PBXFileReference; fileEncoding = 4; lastKnownFileType = sourcecode.swift; path = PressRelease.swift; sourceTree = "<group>"; };
		16F21E3E1AD9F1D20052AD2A /* MenuTableViewController.swift */ = {isa = PBXFileReference; fileEncoding = 4; lastKnownFileType = sourcecode.swift; path = MenuTableViewController.swift; sourceTree = "<group>"; };
		16F21E411AD9F50A0052AD2A /* MenuSectionItem.swift */ = {isa = PBXFileReference; fileEncoding = 4; lastKnownFileType = sourcecode.swift; path = MenuSectionItem.swift; sourceTree = "<group>"; };
		16F21E431AD9F7DA0052AD2A /* MenuListItem.swift */ = {isa = PBXFileReference; fileEncoding = 4; lastKnownFileType = sourcecode.swift; path = MenuListItem.swift; sourceTree = "<group>"; };
		16F21E451AD9F9FD0052AD2A /* ProductDetailTableViewController.swift */ = {isa = PBXFileReference; fileEncoding = 4; lastKnownFileType = sourcecode.swift; path = ProductDetailTableViewController.swift; sourceTree = "<group>"; };
		16F21E471ADA08430052AD2A /* Drink.swift */ = {isa = PBXFileReference; fileEncoding = 4; lastKnownFileType = sourcecode.swift; path = Drink.swift; sourceTree = "<group>"; };
		16F21E491ADA0A6C0052AD2A /* Food.swift */ = {isa = PBXFileReference; fileEncoding = 4; lastKnownFileType = sourcecode.swift; path = Food.swift; sourceTree = "<group>"; };
		16F21E4B1ADA0B930052AD2A /* Foods.swift */ = {isa = PBXFileReference; fileEncoding = 4; lastKnownFileType = sourcecode.swift; path = Foods.swift; sourceTree = "<group>"; };
		16F21E4D1ADA2B7C0052AD2A /* DrinkMenuListItem.swift */ = {isa = PBXFileReference; fileEncoding = 4; lastKnownFileType = sourcecode.swift; path = DrinkMenuListItem.swift; sourceTree = "<group>"; };
		16F21E4F1ADA2FE20052AD2A /* MenuListItemTableViewCell.swift */ = {isa = PBXFileReference; fileEncoding = 4; lastKnownFileType = sourcecode.swift; path = MenuListItemTableViewCell.swift; sourceTree = "<group>"; };
		16F21E511ADA30A30052AD2A /* DrinkMenuListItemTableViewCell.swift */ = {isa = PBXFileReference; fileEncoding = 4; lastKnownFileType = sourcecode.swift; path = DrinkMenuListItemTableViewCell.swift; sourceTree = "<group>"; };
		16F21E531ADA34FE0052AD2A /* Drinks.swift */ = {isa = PBXFileReference; fileEncoding = 4; lastKnownFileType = sourcecode.swift; path = Drinks.swift; sourceTree = "<group>"; };
		16F21E551ADA39AE0052AD2A /* FoodMenuListItem.swift */ = {isa = PBXFileReference; fileEncoding = 4; lastKnownFileType = sourcecode.swift; path = FoodMenuListItem.swift; sourceTree = "<group>"; };
		16F21E571ADA45360052AD2A /* FoodMenuListItemTableViewCell.swift */ = {isa = PBXFileReference; fileEncoding = 4; lastKnownFileType = sourcecode.swift; path = FoodMenuListItemTableViewCell.swift; sourceTree = "<group>"; };
		16F21E591ADA45AA0052AD2A /* OrderMenuListItemTableViewCell.swift */ = {isa = PBXFileReference; fileEncoding = 4; lastKnownFileType = sourcecode.swift; path = OrderMenuListItemTableViewCell.swift; sourceTree = "<group>"; };
		16F6B0C41AEB9358007F7E51 /* PriceCalculator.swift */ = {isa = PBXFileReference; fileEncoding = 4; lastKnownFileType = sourcecode.swift; path = PriceCalculator.swift; sourceTree = "<group>"; };
		16F6B0C61AECBC06007F7E51 /* OrderConfirmationTableViewController.swift */ = {isa = PBXFileReference; fileEncoding = 4; lastKnownFileType = sourcecode.swift; path = OrderConfirmationTableViewController.swift; sourceTree = "<group>"; };
		16F6B0C81AECF39C007F7E51 /* OrderManager.swift */ = {isa = PBXFileReference; fileEncoding = 4; lastKnownFileType = sourcecode.swift; path = OrderManager.swift; sourceTree = "<group>"; };
/* End PBXFileReference section */

/* Begin PBXFrameworksBuildPhase section */
		16AE14071ABD6B1900370062 /* Frameworks */ = {
			isa = PBXFrameworksBuildPhase;
			buildActionMask = 2147483647;
			files = (
			);
			runOnlyForDeploymentPostprocessing = 0;
		};
		16AE141F1ABD6B1A00370062 /* Frameworks */ = {
			isa = PBXFrameworksBuildPhase;
			buildActionMask = 2147483647;
			files = (
			);
			runOnlyForDeploymentPostprocessing = 0;
		};
/* End PBXFrameworksBuildPhase section */

/* Begin PBXGroup section */
		164BFDC41AC671E8003BF77B /* Entities */ = {
			isa = PBXGroup;
			children = (
				165F3F7D1AFA26AF00BCF1BB /* TastingLog.swift */,
				16757DE91AF8E70100925C50 /* TastingLogs.swift */,
				16757DDD1AF842F800925C50 /* Pairing.swift */,
				16757DDB1AF8417800925C50 /* Pairings.swift */,
				16757DD31AF7891A00925C50 /* Bean.swift */,
				16757DD51AF7893A00925C50 /* Beans.swift */,
				16757DC31AF60F1200925C50 /* Nutrition.swift */,
				16757DC11AF60DF200925C50 /* Nutritions.swift */,
				16216E941AEFB94400DB6C0B /* ProductIngredient.swift */,
				16060EBA1AF046EC0099379F /* ProductIngredients.swift */,
				16216E8E1AEEF5CB00DB6C0B /* OrderDetail.swift */,
				16060EB81AF046040099379F /* OrderDetails.swift */,
				16757DBD1AF5E29400925C50 /* Order.swift */,
				16060EB61AF0456E0099379F /* Orders.swift */,
				16F21E471ADA08430052AD2A /* Drink.swift */,
				16F21E531ADA34FE0052AD2A /* Drinks.swift */,
				16F21E491ADA0A6C0052AD2A /* Food.swift */,
				16F21E4B1ADA0B930052AD2A /* Foods.swift */,
				16E442CC1AD90314003C3AA2 /* PressRelease.swift */,
				164BFDC71AC6735E003BF77B /* PressReleases.swift */,
				164BFDE31ACFEAC5003BF77B /* Store.swift */,
				164BFDDF1ACFC8FC003BF77B /* Stores.swift */,
				164BFDE11ACFC9B9003BF77B /* DbContextBase.swift */,
			);
			path = Entities;
			sourceTree = "<group>";
		};
		164BFDC91AC67D42003BF77B /* Utilities */ = {
			isa = PBXGroup;
			children = (
				164BFDCA1AC67D9C003BF77B /* DateUtility.swift */,
				164BFDCC1AC67DF5003BF77B /* StringExtension.swift */,
				164BFDD91ACFBEF3003BF77B /* UITableViewControllerExtension.swift */,
			);
			path = Utilities;
			sourceTree = "<group>";
		};
		164BFDCE1ACF88D9003BF77B /* Views */ = {
			isa = PBXGroup;
			children = (
				164BFDCF1ACF89D1003BF77B /* SeminarsTableViewCell.swift */,
				164BFDD01ACF89D1003BF77B /* SeminarsTableViewCell.xib */,
				164BFDE51AD021E7003BF77B /* StoresTableViewCell.swift */,
				164BFDE61AD021E7003BF77B /* StoresTableViewCell.xib */,
				16E442CA1AD8EE7A003C3AA2 /* NewsTableViewCell.swift */,
				16F21E4F1ADA2FE20052AD2A /* MenuListItemTableViewCell.swift */,
				16F21E511ADA30A30052AD2A /* DrinkMenuListItemTableViewCell.swift */,
				16F21E571ADA45360052AD2A /* FoodMenuListItemTableViewCell.swift */,
				16F21E591ADA45AA0052AD2A /* OrderMenuListItemTableViewCell.swift */,
				1683F0B01ADC80270034C7CB /* OrderTableViewCell.swift */,
				16CAF78F1AE28CE000318AE5 /* DrinkOrderTableViewCell.swift */,
				16CAF7931AE2ABA900318AE5 /* FoodOrderTableViewCell.swift */,
				16CAF7951AE3757300318AE5 /* CustomizingOrderTableViewCell.swift */,
				16B600601AE7CD8C000ECB7E /* CustomItemsTableViewCell.swift */,
				16757DED1AF97CCE00925C50 /* TastingLogEditorTableViewCell.swift */,
			);
			path = Views;
			sourceTree = "<group>";
		};
		16AE14011ABD6B1900370062 = {
			isa = PBXGroup;
			children = (
				16AE140C1ABD6B1900370062 /* MyPocketSBUX */,
				16AE14251ABD6B1A00370062 /* MyPocketSBUXTests */,
				16AE140B1ABD6B1900370062 /* Products */,
			);
			sourceTree = "<group>";
		};
		16AE140B1ABD6B1900370062 /* Products */ = {
			isa = PBXGroup;
			children = (
				16AE140A1ABD6B1900370062 /* MyPocketSBUX.app */,
				16AE14221ABD6B1A00370062 /* MyPocketSBUXTests.xctest */,
			);
			name = Products;
			sourceTree = "<group>";
		};
		16AE140C1ABD6B1900370062 /* MyPocketSBUX */ = {
			isa = PBXGroup;
			children = (
				16B6005D1AE79316000ECB7E /* Models */,
				16B1F28D1ADAAE830026E377 /* Context */,
				16F21E401AD9F2F20052AD2A /* ViewModels */,
				16C979DE1AD2AE1400543120 /* Location */,
				164BFDCE1ACF88D9003BF77B /* Views */,
				164BFDC91AC67D42003BF77B /* Utilities */,
				164BFDC41AC671E8003BF77B /* Entities */,
				16AE14321ABD795600370062 /* ViewControllers */,
				16AE140F1ABD6B1A00370062 /* AppDelegate.swift */,
				16AE14161ABD6B1A00370062 /* Main.storyboard */,
				16AE14191ABD6B1A00370062 /* Images.xcassets */,
				16AE141B1ABD6B1A00370062 /* LaunchScreen.xib */,
				16AE14111ABD6B1A00370062 /* MyPocketSBUX.xcdatamodeld */,
				16AE140D1ABD6B1900370062 /* Supporting Files */,
			);
			path = MyPocketSBUX;
			sourceTree = "<group>";
		};
		16AE140D1ABD6B1900370062 /* Supporting Files */ = {
			isa = PBXGroup;
			children = (
				16AE140E1ABD6B1A00370062 /* Info.plist */,
			);
			name = "Supporting Files";
			sourceTree = "<group>";
		};
		16AE14251ABD6B1A00370062 /* MyPocketSBUXTests */ = {
			isa = PBXGroup;
			children = (
				16AE14281ABD6B1A00370062 /* MyPocketSBUXTests.swift */,
				16AE14261ABD6B1A00370062 /* Supporting Files */,
			);
			path = MyPocketSBUXTests;
			sourceTree = "<group>";
		};
		16AE14261ABD6B1A00370062 /* Supporting Files */ = {
			isa = PBXGroup;
			children = (
				16AE14271ABD6B1A00370062 /* Info.plist */,
			);
			name = "Supporting Files";
			sourceTree = "<group>";
		};
		16AE14321ABD795600370062 /* ViewControllers */ = {
			isa = PBXGroup;
			children = (
				16AE14351ABEDDEE00370062 /* SBUXTableViewController.swift */,
				16AE14371AC2BF7A00370062 /* NewsTableViewController.swift */,
				16AE14391AC65A3700370062 /* SBUXWKWebViewController.swift */,
				16C979D41ACA066A00543120 /* SeminarsTableViewController.swift */,
				16C979D61ACD7E2400543120 /* SeminarsBaseTableViewController.swift */,
				16C979D81ACD8EC600543120 /* FilteredSeminarsTableViewController.swift */,
				164BFDD31ACFA8CF003BF77B /* StoresTableViewController.swift */,
				164BFDD51ACFA9FA003BF77B /* StoresBaseTableViewController.swift */,
				164BFDD71ACFADEC003BF77B /* FilteredStoresTableViewController.swift */,
				164BFDE91AD02F8F003BF77B /* StoreDetailTableViewController.swift */,
				16C979DA1AD1F13800543120 /* StoreMapViewController.swift */,
				16F21E3E1AD9F1D20052AD2A /* MenuTableViewController.swift */,
				16F21E451AD9F9FD0052AD2A /* ProductDetailTableViewController.swift */,
				1683F0AC1ADBDAD80034C7CB /* OrderTableViewController.swift */,
				16060EBC1AF0D1AF0099379F /* OrdersTableViewController.swift */,
				16F6B0C61AECBC06007F7E51 /* OrderConfirmationTableViewController.swift */,
				1683F0B21ADD321F0034C7CB /* CustomizingOrderTableViewController.swift */,
				16CAF78D1AE1E75B00318AE5 /* CustomItemsStaticTableViewController.swift */,
				16B6005B1AE756E3000ECB7E /* CustomItemsTableViewController.swift */,
				16757DC51AF6DF1600925C50 /* VisitsTableViewController.swift */,
				16757DC71AF6F2F800925C50 /* MakingCoffeePageViewController.swift */,
				16757DCB1AF70AAC00925C50 /* MakingCoffeePageContentViewController.swift */,
				16757DCD1AF7166300925C50 /* MakingCoffeeTableViewController.swift */,
				16757DCF1AF766EA00925C50 /* ProductsForSaleTableViewController.swift */,
				16757DD91AF83F0900925C50 /* PairingsTableViewController.swift */,
				16757DE11AF888AE00925C50 /* OfficialContentsTableViewController.swift */,
				16757DE31AF88C5100925C50 /* BaseWKWebViewController.swift */,
				16757DE51AF8D54F00925C50 /* TastingLogsTableViewController.swift */,
				16757DEB1AF8F28700925C50 /* TastingLogEditorTableViewController.swift */,
				16D3B3671AF996AF00F5E67B /* DatePickerViewController.swift */,
				16D3B36B1AF9F19E00F5E67B /* TextViewController.swift */,
				165F3F7F1AFA2D2800BCF1BB /* RecommendationParametersViewController.swift */,
				165F3F811AFA306E00BCF1BB /* RecommendationsTableViewController.swift */,
				1682F7CC1AFB449100FD630D /* TunesTableViewController.swift */,
				1682F7D01AFC386800FD630D /* SettingsTableViewController.swift */,
			);
			path = ViewControllers;
			sourceTree = "<group>";
		};
		16B1F28D1ADAAE830026E377 /* Context */ = {
			isa = PBXGroup;
			children = (
				16B1F28E1ADAAF1B0026E377 /* ResourceContext.swift */,
			);
			path = Context;
			sourceTree = "<group>";
		};
		16B6005D1AE79316000ECB7E /* Models */ = {
			isa = PBXGroup;
			children = (
				16B6005E1AE79407000ECB7E /* IngredientManager.swift */,
				16F6B0C41AEB9358007F7E51 /* PriceCalculator.swift */,
				16F6B0C81AECF39C007F7E51 /* OrderManager.swift */,
				16757DC91AF6FAF100925C50 /* MakingCoffeeContentsManager.swift */,
				16757DD11AF76AEA00925C50 /* ContentsManager.swift */,
				16757DDF1AF84D3D00925C50 /* PairingManager.swift */,
				16D3B3691AF9A0F600F5E67B /* TastingLogManager.swift */,
				165F3F831AFA32E700BCF1BB /* Recommender.swift */,
				1682F7CE1AFB48CB00FD630D /* TuneManager.swift */,
				1682F7D21AFC3FBC00FD630D /* SettingsManager.swift */,
			);
			name = Models;
			sourceTree = "<group>";
		};
		16C979DE1AD2AE1400543120 /* Location */ = {
			isa = PBXGroup;
			children = (
				16C979DF1AD2C88F00543120 /* LocationContext.swift */,
				16C979E11AD5E50400543120 /* StoreAnnotation.swift */,
			);
			path = Location;
			sourceTree = "<group>";
		};
		16F21E401AD9F2F20052AD2A /* ViewModels */ = {
			isa = PBXGroup;
			children = (
				16F21E411AD9F50A0052AD2A /* MenuSectionItem.swift */,
				16F21E431AD9F7DA0052AD2A /* MenuListItem.swift */,
				16F21E4D1ADA2B7C0052AD2A /* DrinkMenuListItem.swift */,
				16F21E551ADA39AE0052AD2A /* FoodMenuListItem.swift */,
				1683F0AE1ADBDE4E0034C7CB /* OrderListItem.swift */,
			);
			path = ViewModels;
			sourceTree = "<group>";
		};
/* End PBXGroup section */

/* Begin PBXNativeTarget section */
		16AE14091ABD6B1900370062 /* MyPocketSBUX */ = {
			isa = PBXNativeTarget;
			buildConfigurationList = 16AE142C1ABD6B1A00370062 /* Build configuration list for PBXNativeTarget "MyPocketSBUX" */;
			buildPhases = (
				16AE14061ABD6B1900370062 /* Sources */,
				16AE14071ABD6B1900370062 /* Frameworks */,
				16AE14081ABD6B1900370062 /* Resources */,
			);
			buildRules = (
			);
			dependencies = (
			);
			name = MyPocketSBUX;
			productName = MyPocketSBUX;
			productReference = 16AE140A1ABD6B1900370062 /* MyPocketSBUX.app */;
			productType = "com.apple.product-type.application";
		};
		16AE14211ABD6B1A00370062 /* MyPocketSBUXTests */ = {
			isa = PBXNativeTarget;
			buildConfigurationList = 16AE142F1ABD6B1A00370062 /* Build configuration list for PBXNativeTarget "MyPocketSBUXTests" */;
			buildPhases = (
				16AE141E1ABD6B1A00370062 /* Sources */,
				16AE141F1ABD6B1A00370062 /* Frameworks */,
				16AE14201ABD6B1A00370062 /* Resources */,
			);
			buildRules = (
			);
			dependencies = (
				16AE14241ABD6B1A00370062 /* PBXTargetDependency */,
			);
			name = MyPocketSBUXTests;
			productName = MyPocketSBUXTests;
			productReference = 16AE14221ABD6B1A00370062 /* MyPocketSBUXTests.xctest */;
			productType = "com.apple.product-type.bundle.unit-test";
		};
/* End PBXNativeTarget section */

/* Begin PBXProject section */
		16AE14021ABD6B1900370062 /* Project object */ = {
			isa = PBXProject;
			attributes = {
				LastUpgradeCheck = 0620;
				ORGANIZATIONNAME = "Takashi Ikeda";
				TargetAttributes = {
					16AE14091ABD6B1900370062 = {
						CreatedOnToolsVersion = 6.2;
					};
					16AE14211ABD6B1A00370062 = {
						CreatedOnToolsVersion = 6.2;
						TestTargetID = 16AE14091ABD6B1900370062;
					};
				};
			};
			buildConfigurationList = 16AE14051ABD6B1900370062 /* Build configuration list for PBXProject "MyPocketSBUX" */;
			compatibilityVersion = "Xcode 3.2";
			developmentRegion = English;
			hasScannedForEncodings = 0;
			knownRegions = (
				en,
				Base,
			);
			mainGroup = 16AE14011ABD6B1900370062;
			productRefGroup = 16AE140B1ABD6B1900370062 /* Products */;
			projectDirPath = "";
			projectRoot = "";
			targets = (
				16AE14091ABD6B1900370062 /* MyPocketSBUX */,
				16AE14211ABD6B1A00370062 /* MyPocketSBUXTests */,
			);
		};
/* End PBXProject section */

/* Begin PBXResourcesBuildPhase section */
		16AE14081ABD6B1900370062 /* Resources */ = {
			isa = PBXResourcesBuildPhase;
			buildActionMask = 2147483647;
			files = (
				16AE14181ABD6B1A00370062 /* Main.storyboard in Resources */,
				164BFDE81AD021E7003BF77B /* StoresTableViewCell.xib in Resources */,
				16AE141D1ABD6B1A00370062 /* LaunchScreen.xib in Resources */,
				16AE141A1ABD6B1A00370062 /* Images.xcassets in Resources */,
				164BFDD21ACF89D1003BF77B /* SeminarsTableViewCell.xib in Resources */,
			);
			runOnlyForDeploymentPostprocessing = 0;
		};
		16AE14201ABD6B1A00370062 /* Resources */ = {
			isa = PBXResourcesBuildPhase;
			buildActionMask = 2147483647;
			files = (
			);
			runOnlyForDeploymentPostprocessing = 0;
		};
/* End PBXResourcesBuildPhase section */

/* Begin PBXSourcesBuildPhase section */
		16AE14061ABD6B1900370062 /* Sources */ = {
			isa = PBXSourcesBuildPhase;
			buildActionMask = 2147483647;
			files = (
				16757DD01AF766EA00925C50 /* ProductsForSaleTableViewController.swift in Sources */,
				16C979E21AD5E50400543120 /* StoreAnnotation.swift in Sources */,
				1683F0AF1ADBDE4E0034C7CB /* OrderListItem.swift in Sources */,
				164BFDD11ACF89D1003BF77B /* SeminarsTableViewCell.swift in Sources */,
				164BFDDA1ACFBEF3003BF77B /* UITableViewControllerExtension.swift in Sources */,
				16757DE61AF8D54F00925C50 /* TastingLogsTableViewController.swift in Sources */,
				16F6B0C51AEB9358007F7E51 /* PriceCalculator.swift in Sources */,
				164BFDD41ACFA8CF003BF77B /* StoresTableViewController.swift in Sources */,
				16E442CB1AD8EE7A003C3AA2 /* NewsTableViewCell.swift in Sources */,
				16F21E421AD9F50A0052AD2A /* MenuSectionItem.swift in Sources */,
				16F21E3F1AD9F1D20052AD2A /* MenuTableViewController.swift in Sources */,
				1682F7CD1AFB449100FD630D /* TunesTableViewController.swift in Sources */,
				16757DE01AF84D3D00925C50 /* PairingManager.swift in Sources */,
				16F21E561ADA39AE0052AD2A /* FoodMenuListItem.swift in Sources */,
				16C979D71ACD7E2400543120 /* SeminarsBaseTableViewController.swift in Sources */,
				16AE143A1AC65A3700370062 /* SBUXWKWebViewController.swift in Sources */,
				16B6005C1AE756E3000ECB7E /* CustomItemsTableViewController.swift in Sources */,
				1682F7D11AFC386800FD630D /* SettingsTableViewController.swift in Sources */,
				16C979D51ACA066A00543120 /* SeminarsTableViewController.swift in Sources */,
				16F21E441AD9F7DA0052AD2A /* MenuListItem.swift in Sources */,
				16F21E481ADA08430052AD2A /* Drink.swift in Sources */,
				16F21E501ADA2FE20052AD2A /* MenuListItemTableViewCell.swift in Sources */,
				16F21E5A1ADA45AA0052AD2A /* OrderMenuListItemTableViewCell.swift in Sources */,
				16757DDA1AF83F0900925C50 /* PairingsTableViewController.swift in Sources */,
				1682F7CF1AFB48CB00FD630D /* TuneManager.swift in Sources */,
				16F21E4C1ADA0B930052AD2A /* Foods.swift in Sources */,
				165F3F841AFA32E700BCF1BB /* Recommender.swift in Sources */,
				16757DE21AF888AE00925C50 /* OfficialContentsTableViewController.swift in Sources */,
				16757DEE1AF97CCE00925C50 /* TastingLogEditorTableViewCell.swift in Sources */,
				16D3B36A1AF9A0F600F5E67B /* TastingLogManager.swift in Sources */,
				16F21E521ADA30A30052AD2A /* DrinkMenuListItemTableViewCell.swift in Sources */,
				16060EBD1AF0D1AF0099379F /* OrdersTableViewController.swift in Sources */,
				16C979E01AD2C88F00543120 /* LocationContext.swift in Sources */,
				1683F0B31ADD321F0034C7CB /* CustomizingOrderTableViewController.swift in Sources */,
				16B600611AE7CD8C000ECB7E /* CustomItemsTableViewCell.swift in Sources */,
				16F21E4A1ADA0A6C0052AD2A /* Food.swift in Sources */,
				16CAF7901AE28CE000318AE5 /* DrinkOrderTableViewCell.swift in Sources */,
				16757DCA1AF6FAF100925C50 /* MakingCoffeeContentsManager.swift in Sources */,
				16B1F28F1ADAAF1B0026E377 /* ResourceContext.swift in Sources */,
				16216E951AEFB94400DB6C0B /* ProductIngredient.swift in Sources */,
				164BFDE21ACFC9B9003BF77B /* DbContextBase.swift in Sources */,
				16F21E4E1ADA2B7C0052AD2A /* DrinkMenuListItem.swift in Sources */,
				16757DDC1AF8417800925C50 /* Pairings.swift in Sources */,
				165F3F801AFA2D2800BCF1BB /* RecommendationParametersViewController.swift in Sources */,
				1683F0AD1ADBDAD80034C7CB /* OrderTableViewController.swift in Sources */,
				16757DEC1AF8F28700925C50 /* TastingLogEditorTableViewController.swift in Sources */,
				165F3F7E1AFA26AF00BCF1BB /* TastingLog.swift in Sources */,
				16C979D91ACD8EC600543120 /* FilteredSeminarsTableViewController.swift in Sources */,
				16AE14381AC2BF7A00370062 /* NewsTableViewController.swift in Sources */,
				16757DD41AF7891A00925C50 /* Bean.swift in Sources */,
				16757DD21AF76AEA00925C50 /* ContentsManager.swift in Sources */,
				164BFDD81ACFADEC003BF77B /* FilteredStoresTableViewController.swift in Sources */,
				16D3B36C1AF9F19E00F5E67B /* TextViewController.swift in Sources */,
				16D3B3681AF996AF00F5E67B /* DatePickerViewController.swift in Sources */,
				16E442CD1AD90314003C3AA2 /* PressRelease.swift in Sources */,
				16757DCC1AF70AAC00925C50 /* MakingCoffeePageContentViewController.swift in Sources */,
				16F6B0C71AECBC06007F7E51 /* OrderConfirmationTableViewController.swift in Sources */,
				16CAF7941AE2ABA900318AE5 /* FoodOrderTableViewCell.swift in Sources */,
				16757DCE1AF7166300925C50 /* MakingCoffeeTableViewController.swift in Sources */,
				16AE14361ABEDDEE00370062 /* SBUXTableViewController.swift in Sources */,
				16C979DB1AD1F13800543120 /* StoreMapViewController.swift in Sources */,
				16F21E581ADA45360052AD2A /* FoodMenuListItemTableViewCell.swift in Sources */,
				16757DBE1AF5E29400925C50 /* Order.swift in Sources */,
				16757DE41AF88C5100925C50 /* BaseWKWebViewController.swift in Sources */,
				16216E8F1AEEF5CB00DB6C0B /* OrderDetail.swift in Sources */,
				16757DC21AF60DF200925C50 /* Nutritions.swift in Sources */,
				164BFDE01ACFC8FC003BF77B /* Stores.swift in Sources */,
				16AE14101ABD6B1A00370062 /* AppDelegate.swift in Sources */,
				164BFDCD1AC67DF5003BF77B /* StringExtension.swift in Sources */,
				16F21E541ADA34FE0052AD2A /* Drinks.swift in Sources */,
				1682F7D31AFC3FBC00FD630D /* SettingsManager.swift in Sources */,
				164BFDE41ACFEAC5003BF77B /* Store.swift in Sources */,
				164BFDC81AC6735E003BF77B /* PressReleases.swift in Sources */,
				16F6B0C91AECF39C007F7E51 /* OrderManager.swift in Sources */,
				16CAF7961AE3757300318AE5 /* CustomizingOrderTableViewCell.swift in Sources */,
				164BFDCB1AC67D9C003BF77B /* DateUtility.swift in Sources */,
				16757DD61AF7893A00925C50 /* Beans.swift in Sources */,
				165F3F821AFA306E00BCF1BB /* RecommendationsTableViewController.swift in Sources */,
				16060EB71AF0456E0099379F /* Orders.swift in Sources */,
				1683F0B11ADC80270034C7CB /* OrderTableViewCell.swift in Sources */,
				16757DC41AF60F1200925C50 /* Nutrition.swift in Sources */,
				164BFDEA1AD02F8F003BF77B /* StoreDetailTableViewController.swift in Sources */,
				16AE14131ABD6B1A00370062 /* MyPocketSBUX.xcdatamodeld in Sources */,
				16B6005F1AE79407000ECB7E /* IngredientManager.swift in Sources */,
				16060EB91AF046040099379F /* OrderDetails.swift in Sources */,
				16757DC61AF6DF1600925C50 /* VisitsTableViewController.swift in Sources */,
				16757DC81AF6F2F800925C50 /* MakingCoffeePageViewController.swift in Sources */,
				16757DEA1AF8E70100925C50 /* TastingLogs.swift in Sources */,
				16757DDE1AF842F800925C50 /* Pairing.swift in Sources */,
				16060EBB1AF046EC0099379F /* ProductIngredients.swift in Sources */,
				164BFDE71AD021E7003BF77B /* StoresTableViewCell.swift in Sources */,
				16CAF78E1AE1E75B00318AE5 /* CustomItemsStaticTableViewController.swift in Sources */,
				16F21E461AD9F9FD0052AD2A /* ProductDetailTableViewController.swift in Sources */,
				164BFDD61ACFA9FA003BF77B /* StoresBaseTableViewController.swift in Sources */,
			);
			runOnlyForDeploymentPostprocessing = 0;
		};
		16AE141E1ABD6B1A00370062 /* Sources */ = {
			isa = PBXSourcesBuildPhase;
			buildActionMask = 2147483647;
			files = (
				16AE14291ABD6B1A00370062 /* MyPocketSBUXTests.swift in Sources */,
			);
			runOnlyForDeploymentPostprocessing = 0;
		};
/* End PBXSourcesBuildPhase section */

/* Begin PBXTargetDependency section */
		16AE14241ABD6B1A00370062 /* PBXTargetDependency */ = {
			isa = PBXTargetDependency;
			target = 16AE14091ABD6B1900370062 /* MyPocketSBUX */;
			targetProxy = 16AE14231ABD6B1A00370062 /* PBXContainerItemProxy */;
		};
/* End PBXTargetDependency section */

/* Begin PBXVariantGroup section */
		16AE14161ABD6B1A00370062 /* Main.storyboard */ = {
			isa = PBXVariantGroup;
			children = (
				16AE14171ABD6B1A00370062 /* Base */,
			);
			name = Main.storyboard;
			sourceTree = "<group>";
		};
		16AE141B1ABD6B1A00370062 /* LaunchScreen.xib */ = {
			isa = PBXVariantGroup;
			children = (
				16AE141C1ABD6B1A00370062 /* Base */,
			);
			name = LaunchScreen.xib;
			sourceTree = "<group>";
		};
/* End PBXVariantGroup section */

/* Begin XCBuildConfiguration section */
		16AE142A1ABD6B1A00370062 /* Debug */ = {
			isa = XCBuildConfiguration;
			buildSettings = {
				ALWAYS_SEARCH_USER_PATHS = NO;
				CLANG_CXX_LANGUAGE_STANDARD = "gnu++0x";
				CLANG_CXX_LIBRARY = "libc++";
				CLANG_ENABLE_MODULES = YES;
				CLANG_ENABLE_OBJC_ARC = YES;
				CLANG_WARN_BOOL_CONVERSION = YES;
				CLANG_WARN_CONSTANT_CONVERSION = YES;
				CLANG_WARN_DIRECT_OBJC_ISA_USAGE = YES_ERROR;
				CLANG_WARN_EMPTY_BODY = YES;
				CLANG_WARN_ENUM_CONVERSION = YES;
				CLANG_WARN_INT_CONVERSION = YES;
				CLANG_WARN_OBJC_ROOT_CLASS = YES_ERROR;
				CLANG_WARN_UNREACHABLE_CODE = YES;
				CLANG_WARN__DUPLICATE_METHOD_MATCH = YES;
				"CODE_SIGN_IDENTITY[sdk=iphoneos*]" = "iPhone Developer";
				COPY_PHASE_STRIP = NO;
				ENABLE_STRICT_OBJC_MSGSEND = YES;
				GCC_C_LANGUAGE_STANDARD = gnu99;
				GCC_DYNAMIC_NO_PIC = NO;
				GCC_OPTIMIZATION_LEVEL = 0;
				GCC_PREPROCESSOR_DEFINITIONS = (
					"DEBUG=1",
					"$(inherited)",
				);
				GCC_SYMBOLS_PRIVATE_EXTERN = NO;
				GCC_WARN_64_TO_32_BIT_CONVERSION = YES;
				GCC_WARN_ABOUT_RETURN_TYPE = YES_ERROR;
				GCC_WARN_UNDECLARED_SELECTOR = YES;
				GCC_WARN_UNINITIALIZED_AUTOS = YES_AGGRESSIVE;
				GCC_WARN_UNUSED_FUNCTION = YES;
				GCC_WARN_UNUSED_VARIABLE = YES;
				IPHONEOS_DEPLOYMENT_TARGET = 8.2;
				MTL_ENABLE_DEBUG_INFO = YES;
				ONLY_ACTIVE_ARCH = YES;
				SDKROOT = iphoneos;
				SWIFT_OPTIMIZATION_LEVEL = "-Onone";
			};
			name = Debug;
		};
		16AE142B1ABD6B1A00370062 /* Release */ = {
			isa = XCBuildConfiguration;
			buildSettings = {
				ALWAYS_SEARCH_USER_PATHS = NO;
				CLANG_CXX_LANGUAGE_STANDARD = "gnu++0x";
				CLANG_CXX_LIBRARY = "libc++";
				CLANG_ENABLE_MODULES = YES;
				CLANG_ENABLE_OBJC_ARC = YES;
				CLANG_WARN_BOOL_CONVERSION = YES;
				CLANG_WARN_CONSTANT_CONVERSION = YES;
				CLANG_WARN_DIRECT_OBJC_ISA_USAGE = YES_ERROR;
				CLANG_WARN_EMPTY_BODY = YES;
				CLANG_WARN_ENUM_CONVERSION = YES;
				CLANG_WARN_INT_CONVERSION = YES;
				CLANG_WARN_OBJC_ROOT_CLASS = YES_ERROR;
				CLANG_WARN_UNREACHABLE_CODE = YES;
				CLANG_WARN__DUPLICATE_METHOD_MATCH = YES;
				"CODE_SIGN_IDENTITY[sdk=iphoneos*]" = "iPhone Developer";
				COPY_PHASE_STRIP = NO;
				ENABLE_NS_ASSERTIONS = NO;
				ENABLE_STRICT_OBJC_MSGSEND = YES;
				GCC_C_LANGUAGE_STANDARD = gnu99;
				GCC_WARN_64_TO_32_BIT_CONVERSION = YES;
				GCC_WARN_ABOUT_RETURN_TYPE = YES_ERROR;
				GCC_WARN_UNDECLARED_SELECTOR = YES;
				GCC_WARN_UNINITIALIZED_AUTOS = YES_AGGRESSIVE;
				GCC_WARN_UNUSED_FUNCTION = YES;
				GCC_WARN_UNUSED_VARIABLE = YES;
				IPHONEOS_DEPLOYMENT_TARGET = 8.2;
				MTL_ENABLE_DEBUG_INFO = NO;
				SDKROOT = iphoneos;
				VALIDATE_PRODUCT = YES;
			};
			name = Release;
		};
		16AE142D1ABD6B1A00370062 /* Debug */ = {
			isa = XCBuildConfiguration;
			buildSettings = {
				ASSETCATALOG_COMPILER_APPICON_NAME = AppIcon;
				INFOPLIST_FILE = MyPocketSBUX/Info.plist;
				LD_RUNPATH_SEARCH_PATHS = "$(inherited) @executable_path/Frameworks";
				PRODUCT_NAME = "$(TARGET_NAME)";
			};
			name = Debug;
		};
		16AE142E1ABD6B1A00370062 /* Release */ = {
			isa = XCBuildConfiguration;
			buildSettings = {
				ASSETCATALOG_COMPILER_APPICON_NAME = AppIcon;
				INFOPLIST_FILE = MyPocketSBUX/Info.plist;
				LD_RUNPATH_SEARCH_PATHS = "$(inherited) @executable_path/Frameworks";
				PRODUCT_NAME = "$(TARGET_NAME)";
			};
			name = Release;
		};
		16AE14301ABD6B1A00370062 /* Debug */ = {
			isa = XCBuildConfiguration;
			buildSettings = {
				BUNDLE_LOADER = "$(TEST_HOST)";
				FRAMEWORK_SEARCH_PATHS = (
					"$(SDKROOT)/Developer/Library/Frameworks",
					"$(inherited)",
				);
				GCC_PREPROCESSOR_DEFINITIONS = (
					"DEBUG=1",
					"$(inherited)",
				);
				INFOPLIST_FILE = MyPocketSBUXTests/Info.plist;
				LD_RUNPATH_SEARCH_PATHS = "$(inherited) @executable_path/Frameworks @loader_path/Frameworks";
				PRODUCT_NAME = "$(TARGET_NAME)";
				TEST_HOST = "$(BUILT_PRODUCTS_DIR)/MyPocketSBUX.app/MyPocketSBUX";
			};
			name = Debug;
		};
		16AE14311ABD6B1A00370062 /* Release */ = {
			isa = XCBuildConfiguration;
			buildSettings = {
				BUNDLE_LOADER = "$(TEST_HOST)";
				FRAMEWORK_SEARCH_PATHS = (
					"$(SDKROOT)/Developer/Library/Frameworks",
					"$(inherited)",
				);
				INFOPLIST_FILE = MyPocketSBUXTests/Info.plist;
				LD_RUNPATH_SEARCH_PATHS = "$(inherited) @executable_path/Frameworks @loader_path/Frameworks";
				PRODUCT_NAME = "$(TARGET_NAME)";
				TEST_HOST = "$(BUILT_PRODUCTS_DIR)/MyPocketSBUX.app/MyPocketSBUX";
			};
			name = Release;
		};
/* End XCBuildConfiguration section */

/* Begin XCConfigurationList section */
		16AE14051ABD6B1900370062 /* Build configuration list for PBXProject "MyPocketSBUX" */ = {
			isa = XCConfigurationList;
			buildConfigurations = (
				16AE142A1ABD6B1A00370062 /* Debug */,
				16AE142B1ABD6B1A00370062 /* Release */,
			);
			defaultConfigurationIsVisible = 0;
			defaultConfigurationName = Release;
		};
		16AE142C1ABD6B1A00370062 /* Build configuration list for PBXNativeTarget "MyPocketSBUX" */ = {
			isa = XCConfigurationList;
			buildConfigurations = (
				16AE142D1ABD6B1A00370062 /* Debug */,
				16AE142E1ABD6B1A00370062 /* Release */,
			);
			defaultConfigurationIsVisible = 0;
			defaultConfigurationName = Release;
		};
		16AE142F1ABD6B1A00370062 /* Build configuration list for PBXNativeTarget "MyPocketSBUXTests" */ = {
			isa = XCConfigurationList;
			buildConfigurations = (
				16AE14301ABD6B1A00370062 /* Debug */,
				16AE14311ABD6B1A00370062 /* Release */,
			);
			defaultConfigurationIsVisible = 0;
			defaultConfigurationName = Release;
		};
/* End XCConfigurationList section */

/* Begin XCVersionGroup section */
		16AE14111ABD6B1A00370062 /* MyPocketSBUX.xcdatamodeld */ = {
			isa = XCVersionGroup;
			children = (
				16AE14121ABD6B1A00370062 /* MyPocketSBUX.xcdatamodel */,
			);
			currentVersion = 16AE14121ABD6B1A00370062 /* MyPocketSBUX.xcdatamodel */;
			path = MyPocketSBUX.xcdatamodeld;
			sourceTree = "<group>";
			versionGroupType = wrapper.xcdatamodel;
		};
/* End XCVersionGroup section */
	};
	rootObject = 16AE14021ABD6B1900370062 /* Project object */;
}
